<?xml version="1.0" encoding="utf-8"?>
<Project ToolsVersion="4.0" xmlns="http://schemas.microsoft.com/developer/msbuild/2003">
  <ItemGroup>
    <Filter Include="win32">
      <UniqueIdentifier>{84a8ebd7-7cf0-47f6-b75e-d441df67da40}</UniqueIdentifier>
    </Filter>
    <Filter Include="resource">
      <UniqueIdentifier>{715254bc-d70b-4ec5-bf29-467dd3ace079}</UniqueIdentifier>
    </Filter>
    <Filter Include="src">
      <UniqueIdentifier>{4196bb45-a40f-48dd-99d9-7c92a2a42e50}</UniqueIdentifier>
    </Filter>
    <Filter Include="src\Lib">
      <UniqueIdentifier>{a6689151-5eb2-4ee2-b844-648234f6ebdb}</UniqueIdentifier>
    </Filter>
    <Filter Include="src\User">
      <UniqueIdentifier>{62c2e040-e95e-4232-aa8c-a0f984088385}</UniqueIdentifier>
    </Filter>
    <Filter Include="src\Lib\EnvironmentDefaultData">
      <UniqueIdentifier>{fe7d9341-2ab6-48bb-965b-da8dfc64075a}</UniqueIdentifier>
    </Filter>
    <Filter Include="src\User\Breeding">
      <UniqueIdentifier>{e4dab7a3-ff67-4999-8333-c80892455a5f}</UniqueIdentifier>
    </Filter>
    <Filter Include="src\User\CityMap">
      <UniqueIdentifier>{33bda6f5-6a3c-4d9b-8325-9193a08d2a11}</UniqueIdentifier>
    </Filter>
    <Filter Include="src\User\TouchiEvent">
      <UniqueIdentifier>{69a70ced-98ef-4e5c-8434-fb78997061a6}</UniqueIdentifier>
    </Filter>
    <Filter Include="src\User\Novel">
      <UniqueIdentifier>{adbe8c0b-faed-4963-bb6f-edae773b2219}</UniqueIdentifier>
    </Filter>
    <Filter Include="src\User\Live2d">
      <UniqueIdentifier>{02a43562-b573-4160-8a74-72187f9d3386}</UniqueIdentifier>
    </Filter>
    <Filter Include="src\User\Diary">
      <UniqueIdentifier>{547d4680-e421-43c7-a00a-b3cd3850c051}</UniqueIdentifier>
    </Filter>
    <Filter Include="src\User\System">
      <UniqueIdentifier>{3e129644-97b0-4177-82b7-15154879f80a}</UniqueIdentifier>
    </Filter>
    <Filter Include="live2d">
      <UniqueIdentifier>{f4114573-fdac-47a6-94c8-29cbf1332d32}</UniqueIdentifier>
    </Filter>
    <Filter Include="src\User\LayerSave">
      <UniqueIdentifier>{f5927665-b9fb-473d-8d2a-3fc22bb026e9}</UniqueIdentifier>
    </Filter>
    <Filter Include="src\User\Ishibashi">
      <UniqueIdentifier>{56fd8090-a36b-4c7e-9cb7-2bd76c9b2651}</UniqueIdentifier>
    </Filter>
    <Filter Include="src\User\Title">
      <UniqueIdentifier>{b7fa4f3a-df70-4b00-82a3-072b5487863a}</UniqueIdentifier>
    </Filter>
  </ItemGroup>
  <ItemGroup>
    <ClCompile Include="main.cpp">
      <Filter>win32</Filter>
    </ClCompile>
    <ClCompile Include="..\Classes\User\LayerBase.cpp">
      <Filter>src\User</Filter>
    </ClCompile>
    <ClCompile Include="..\Classes\User\SceneBase.cpp">
      <Filter>src\User</Filter>
    </ClCompile>
    <ClCompile Include="..\Classes\User\SceneManager.cpp">
      <Filter>src\User</Filter>
    </ClCompile>
    <ClCompile Include="..\Classes\Lib\EnvironmentDefaultData\EnvironmentDefaultData.cpp">
      <Filter>src\Lib\EnvironmentDefaultData</Filter>
    </ClCompile>
    <ClCompile Include="..\Classes\AppDelegate.cpp">
      <Filter>src</Filter>
    </ClCompile>
    <ClCompile Include="..\Classes\User\CiryMap\LayerCity.cpp">
      <Filter>src\User\CityMap</Filter>
    </ClCompile>
    <ClCompile Include="..\Classes\User\CiryMap\SceneCityMap.cpp">
      <Filter>src\User\CityMap</Filter>
    </ClCompile>
    <ClCompile Include="..\Classes\User\Diary\LayerDiary.cpp">
      <Filter>src\User\Diary</Filter>
    </ClCompile>
    <ClCompile Include="..\Classes\User\Diary\SceneDiary.cpp">
      <Filter>src\User\Diary</Filter>
    </ClCompile>
    <ClCompile Include="..\Classes\User\Ishibashi\Layer_ishibashi.cpp">
      <Filter>src\User\Ishibashi</Filter>
    </ClCompile>
    <ClCompile Include="..\Classes\User\Ishibashi\Scene_ishibashi.cpp">
      <Filter>src\User\Ishibashi</Filter>
    </ClCompile>
    <ClCompile Include="..\Classes\User\Live2d\LAppLive2DManager.cpp">
      <Filter>src\User\Live2d</Filter>
    </ClCompile>
    <ClCompile Include="..\Classes\User\Live2d\LAppModel.cpp">
      <Filter>src\User\Live2d</Filter>
    </ClCompile>
    <ClCompile Include="..\Classes\User\Live2d\LAppTextureDesc.cpp">
      <Filter>src\User\Live2d</Filter>
    </ClCompile>
    <ClCompile Include="..\Classes\User\Live2d\LAppView.cpp">
      <Filter>src\User\Live2d</Filter>
    </ClCompile>
    <ClCompile Include="..\Classes\User\Live2d\PlatformManager.cpp">
      <Filter>src\User\Live2d</Filter>
    </ClCompile>
    <ClCompile Include="..\Classes\User\Live2d\TouchManager.cpp">
      <Filter>src\User\Live2d</Filter>
    </ClCompile>
    <ClCompile Include="..\Classes\User\Novel\BackgroundLayer.cpp">
      <Filter>src\User\Novel</Filter>
    </ClCompile>
    <ClCompile Include="..\Classes\User\Novel\BackLogLayer.cpp">
      <Filter>src\User\Novel</Filter>
    </ClCompile>
    <ClCompile Include="..\Classes\User\Novel\FlickFunctionLayer.cpp">
      <Filter>src\User\Novel</Filter>
    </ClCompile>
    <ClCompile Include="..\Classes\User\Novel\HeartLayer.cpp">
      <Filter>src\User\Novel</Filter>
    </ClCompile>
    <ClCompile Include="..\Classes\User\Novel\HumanLayer.cpp">
      <Filter>src\User\Novel</Filter>
    </ClCompile>
    <ClCompile Include="..\Classes\User\Novel\INIReader.cpp">
      <Filter>src\User\Novel</Filter>
    </ClCompile>
    <ClCompile Include="..\Classes\User\Novel\INIWriter.cpp">
      <Filter>src\User\Novel</Filter>
    </ClCompile>
    <ClCompile Include="..\Classes\User\Novel\ItemLayer.cpp">
      <Filter>src\User\Novel</Filter>
    </ClCompile>
    <ClCompile Include="..\Classes\User\Novel\Live2dLayer.cpp">
      <Filter>src\User\Novel</Filter>
    </ClCompile>
    <ClCompile Include="..\Classes\User\Novel\ModalLayer.cpp">
      <Filter>src\User\Novel</Filter>
    </ClCompile>
    <ClCompile Include="..\Classes\User\Novel\NameLayer.cpp">
      <Filter>src\User\Novel</Filter>
    </ClCompile>
    <ClCompile Include="..\Classes\User\Novel\NovelLayer.cpp">
      <Filter>src\User\Novel</Filter>
    </ClCompile>
    <ClCompile Include="..\Classes\User\Novel\OptionalValues.cpp">
      <Filter>src\User\Novel</Filter>
    </ClCompile>
    <ClCompile Include="..\Classes\User\Novel\SceneNovel.cpp">
      <Filter>src\User\Novel</Filter>
    </ClCompile>
    <ClCompile Include="..\Classes\User\Novel\ScriptBackground.cpp">
      <Filter>src\User\Novel</Filter>
    </ClCompile>
    <ClCompile Include="..\Classes\User\Novel\ScriptBase.cpp">
      <Filter>src\User\Novel</Filter>
    </ClCompile>
    <ClCompile Include="..\Classes\User\Novel\ScriptHeart.cpp">
      <Filter>src\User\Novel</Filter>
    </ClCompile>
    <ClCompile Include="..\Classes\User\Novel\ScriptHuman.cpp">
      <Filter>src\User\Novel</Filter>
    </ClCompile>
    <ClCompile Include="..\Classes\User\Novel\ScriptInstruction.cpp">
      <Filter>src\User\Novel</Filter>
    </ClCompile>
    <ClCompile Include="..\Classes\User\Novel\ScriptLive2d.cpp">
      <Filter>src\User\Novel</Filter>
    </ClCompile>
    <ClCompile Include="..\Classes\User\Novel\ScriptName.cpp">
      <Filter>src\User\Novel</Filter>
    </ClCompile>
    <ClCompile Include="..\Classes\User\Novel\ScriptStaticData.cpp">
      <Filter>src\User\Novel</Filter>
    </ClCompile>
    <ClCompile Include="..\Classes\User\Novel\ScriptStill.cpp">
      <Filter>src\User\Novel</Filter>
    </ClCompile>
    <ClCompile Include="..\Classes\User\Novel\ScriptSystem.cpp">
      <Filter>src\User\Novel</Filter>
    </ClCompile>
    <ClCompile Include="..\Classes\User\Novel\SelectLayer.cpp">
      <Filter>src\User\Novel</Filter>
    </ClCompile>
    <ClCompile Include="..\Classes\User\Novel\StillLayer.cpp">
      <Filter>src\User\Novel</Filter>
    </ClCompile>
    <ClCompile Include="..\Classes\User\Novel\StringUtil.cpp">
      <Filter>src\User\Novel</Filter>
    </ClCompile>
    <ClCompile Include="..\Classes\User\Novel\SystemLayer.cpp">
      <Filter>src\User\Novel</Filter>
    </ClCompile>
    <ClCompile Include="..\Classes\User\Novel\TextChunk.cpp">
      <Filter>src\User\Novel</Filter>
    </ClCompile>
    <ClCompile Include="..\Classes\User\Novel\TextChunkManager.cpp">
      <Filter>src\User\Novel</Filter>
    </ClCompile>
    <ClCompile Include="..\Classes\User\Novel\TextData.cpp">
      <Filter>src\User\Novel</Filter>
    </ClCompile>
    <ClCompile Include="..\Classes\User\Novel\TextLabels.cpp">
      <Filter>src\User\Novel</Filter>
    </ClCompile>
    <ClCompile Include="..\Classes\User\Novel\TextScriptAnalysis.cpp">
      <Filter>src\User\Novel</Filter>
    </ClCompile>
    <ClCompile Include="..\Classes\User\Novel\TextScriptReader.cpp">
      <Filter>src\User\Novel</Filter>
    </ClCompile>
    <ClCompile Include="..\Classes\User\Novel\TextString.cpp">
      <Filter>src\User\Novel</Filter>
    </ClCompile>
    <ClCompile Include="..\Classes\User\Novel\TextTypes.cpp">
      <Filter>src\User\Novel</Filter>
    </ClCompile>
    <ClCompile Include="..\Classes\User\System\DataSettings.cpp">
      <Filter>src\User\System</Filter>
    </ClCompile>
    <ClCompile Include="..\Classes\User\Title\SceneTitle.cpp">
      <Filter>src\User\Title</Filter>
    </ClCompile>
    <ClCompile Include="..\Classes\User\Title\TitleManager.cpp">
      <Filter>src\User\Title</Filter>
    </ClCompile>
    <ClCompile Include="..\Classes\User\TouchiEvent\EventListenerGesture.cpp">
      <Filter>src\User\TouchiEvent</Filter>
    </ClCompile>
    <ClCompile Include="..\Classes\User\Novel\ScriptVoice.cpp">
      <Filter>src\User\Novel</Filter>
    </ClCompile>
    <ClCompile Include="..\Classes\User\Novel\VoiceLayer.cpp">
      <Filter>src\User\Novel</Filter>
    </ClCompile>
    <ClCompile Include="..\Classes\User\CiryMap\LayerOption.cpp">
      <Filter>src\User\CityMap</Filter>
    </ClCompile>
    <ClCompile Include="..\Classes\User\Breeding\BGManager.cpp">
      <Filter>src\User\Breeding</Filter>
    </ClCompile>
    <ClCompile Include="..\Classes\User\Breeding\FGManager.cpp">
      <Filter>src\User\Breeding</Filter>
    </ClCompile>
    <ClCompile Include="..\Classes\User\Breeding\FrameLayer.cpp">
      <Filter>src\User\Breeding</Filter>
    </ClCompile>
    <ClCompile Include="..\Classes\User\Breeding\LayerCleaning.cpp">
      <Filter>src\User\Breeding</Filter>
    </ClCompile>
    <ClCompile Include="..\Classes\User\Breeding\LayerManager.cpp">
      <Filter>src\User\Breeding</Filter>
    </ClCompile>
    <ClCompile Include="..\Classes\User\Breeding\SceneBreeding.cpp">
      <Filter>src\User\Breeding</Filter>
    </ClCompile>
    <ClCompile Include="..\Classes\User\Breeding\TemporaryCharacter.cpp">
      <Filter>src\User\Breeding</Filter>
    </ClCompile>
    <ClCompile Include="..\Classes\User\Breeding\UIManager.cpp">
      <Filter>src\User\Breeding</Filter>
    </ClCompile>
    <ClCompile Include="..\Classes\User\Novel\SaveLayer.cpp">
      <Filter>src\User\Novel</Filter>
    </ClCompile>
    <ClCompile Include="..\Classes\Lib\AudioManager.cpp">
      <Filter>src\Lib</Filter>
    </ClCompile>
    <ClCompile Include="..\Classes\Lib\jsoncpp.cpp">
      <Filter>src\Lib</Filter>
    </ClCompile>
    <ClCompile Include="..\Classes\Lib\Utilitys.cpp">
      <Filter>src\Lib</Filter>
    </ClCompile>
    <ClCompile Include="..\live2d\framework\L2DBaseModel.cpp">
      <Filter>live2d</Filter>
    </ClCompile>
    <ClCompile Include="..\live2d\framework\L2DExpressionMotion.cpp">
      <Filter>live2d</Filter>
    </ClCompile>
    <ClCompile Include="..\live2d\framework\L2DEyeBlink.cpp">
      <Filter>live2d</Filter>
    </ClCompile>
    <ClCompile Include="..\live2d\framework\L2DMatrix44.cpp">
      <Filter>live2d</Filter>
    </ClCompile>
    <ClCompile Include="..\live2d\framework\L2DModelMatrix.cpp">
      <Filter>live2d</Filter>
    </ClCompile>
    <ClCompile Include="..\live2d\framework\L2DMotionManager.cpp">
      <Filter>live2d</Filter>
    </ClCompile>
    <ClCompile Include="..\live2d\framework\L2DPhysics.cpp">
      <Filter>live2d</Filter>
    </ClCompile>
    <ClCompile Include="..\live2d\framework\L2DPose.cpp">
      <Filter>live2d</Filter>
    </ClCompile>
    <ClCompile Include="..\live2d\framework\L2DTargetPoint.cpp">
      <Filter>live2d</Filter>
    </ClCompile>
    <ClCompile Include="..\live2d\framework\L2DTextureDesc.cpp">
      <Filter>live2d</Filter>
    </ClCompile>
    <ClCompile Include="..\live2d\framework\L2DViewMatrix.cpp">
      <Filter>live2d</Filter>
    </ClCompile>
    <ClCompile Include="..\live2d\framework\Live2DFramework.cpp">
      <Filter>live2d</Filter>
    </ClCompile>
    <ClCompile Include="..\Classes\User\LayerSave\LayerSave.cpp">
      <Filter>src\User\LayerSave</Filter>
    </ClCompile>
    <ClCompile Include="..\Classes\User\CiryMap\LayerNovelView.cpp">
      <Filter>src\User\CityMap</Filter>
    </ClCompile>
    <ClCompile Include="..\Classes\User\CiryMap\LayerMessageBox.cpp">
      <Filter>src\User\CityMap</Filter>
    </ClCompile>
    <ClCompile Include="..\Classes\User\CiryMap\LayerTutorialBox.cpp">
      <Filter>src\User\CityMap</Filter>
    </ClCompile>
    <ClCompile Include="..\Classes\User\CiryMap\SlideBar.cpp">
      <Filter>src\User\CityMap</Filter>
    </ClCompile>
  </ItemGroup>
  <ItemGroup>
    <ClInclude Include="main.h">
      <Filter>win32</Filter>
    </ClInclude>
    <ClInclude Include="..\Classes\User\LayerBase.h">
      <Filter>src\User</Filter>
    </ClInclude>
    <ClInclude Include="..\Classes\User\SceneBase.h">
      <Filter>src\User</Filter>
    </ClInclude>
    <ClInclude Include="..\Classes\User\SceneManager.h">
      <Filter>src\User</Filter>
    </ClInclude>
    <ClInclude Include="..\Classes\Lib\EnvironmentDefaultData\EnvironmentDefaultData.h">
      <Filter>src\Lib\EnvironmentDefaultData</Filter>
    </ClInclude>
    <ClInclude Include="..\Classes\AppDelegate.h">
      <Filter>src</Filter>
    </ClInclude>
    <ClInclude Include="..\Classes\User\CiryMap\LayerCity.h">
      <Filter>src\User\CityMap</Filter>
    </ClInclude>
    <ClInclude Include="..\Classes\User\CiryMap\SceneCityMap.h">
      <Filter>src\User\CityMap</Filter>
    </ClInclude>
    <ClInclude Include="..\Classes\User\Diary\LayerDiary.h">
      <Filter>src\User\Diary</Filter>
    </ClInclude>
    <ClInclude Include="..\Classes\User\Diary\SceneDiary.h">
      <Filter>src\User\Diary</Filter>
    </ClInclude>
    <ClInclude Include="..\Classes\User\Ishibashi\Layer_ishibashi.h">
      <Filter>src\User\Ishibashi</Filter>
    </ClInclude>
    <ClInclude Include="..\Classes\User\Ishibashi\Scene_ishibashi.h">
      <Filter>src\User\Ishibashi</Filter>
    </ClInclude>
    <ClInclude Include="..\Classes\User\Live2d\AppMacros.h">
      <Filter>src\User\Live2d</Filter>
    </ClInclude>
    <ClInclude Include="..\Classes\User\Live2d\LAppDefine.h">
      <Filter>src\User\Live2d</Filter>
    </ClInclude>
    <ClInclude Include="..\Classes\User\Live2d\LAppLive2DManager.h">
      <Filter>src\User\Live2d</Filter>
    </ClInclude>
    <ClInclude Include="..\Classes\User\Live2d\LAppModel.h">
      <Filter>src\User\Live2d</Filter>
    </ClInclude>
    <ClInclude Include="..\Classes\User\Live2d\LAppTextureDesc.h">
      <Filter>src\User\Live2d</Filter>
    </ClInclude>
    <ClInclude Include="..\Classes\User\Live2d\LAppView.h">
      <Filter>src\User\Live2d</Filter>
    </ClInclude>
    <ClInclude Include="..\Classes\User\Live2d\ModelSetting.h">
      <Filter>src\User\Live2d</Filter>
    </ClInclude>
    <ClInclude Include="..\Classes\User\Live2d\ModelSettingJson.h">
      <Filter>src\User\Live2d</Filter>
    </ClInclude>
    <ClInclude Include="..\Classes\User\Live2d\PlatformManager.h">
      <Filter>src\User\Live2d</Filter>
    </ClInclude>
    <ClInclude Include="..\Classes\User\Live2d\TouchManager.h">
      <Filter>src\User\Live2d</Filter>
    </ClInclude>
    <ClInclude Include="..\Classes\User\Novel\BackgroundLayer.h">
      <Filter>src\User\Novel</Filter>
    </ClInclude>
    <ClInclude Include="..\Classes\User\Novel\BackLogLayer.h">
      <Filter>src\User\Novel</Filter>
    </ClInclude>
    <ClInclude Include="..\Classes\User\Novel\FlickFunctionLayer.h">
      <Filter>src\User\Novel</Filter>
    </ClInclude>
    <ClInclude Include="..\Classes\User\Novel\HeartLayer.h">
      <Filter>src\User\Novel</Filter>
    </ClInclude>
    <ClInclude Include="..\Classes\User\Novel\HumanLayer.h">
      <Filter>src\User\Novel</Filter>
    </ClInclude>
    <ClInclude Include="..\Classes\User\Novel\INIReader.h">
      <Filter>src\User\Novel</Filter>
    </ClInclude>
    <ClInclude Include="..\Classes\User\Novel\INIWriter.h">
      <Filter>src\User\Novel</Filter>
    </ClInclude>
    <ClInclude Include="..\Classes\User\Novel\ItemLayer.h">
      <Filter>src\User\Novel</Filter>
    </ClInclude>
    <ClInclude Include="..\Classes\User\Novel\Live2dLayer.h">
      <Filter>src\User\Novel</Filter>
    </ClInclude>
    <ClInclude Include="..\Classes\User\Novel\ModalLayer.h">
      <Filter>src\User\Novel</Filter>
    </ClInclude>
    <ClInclude Include="..\Classes\User\Novel\NameLayer.h">
      <Filter>src\User\Novel</Filter>
    </ClInclude>
    <ClInclude Include="..\Classes\User\Novel\NovelLayer.h">
      <Filter>src\User\Novel</Filter>
    </ClInclude>
    <ClInclude Include="..\Classes\User\Novel\OptionalValues.h">
      <Filter>src\User\Novel</Filter>
    </ClInclude>
    <ClInclude Include="..\Classes\User\Novel\SceneNovel.h">
      <Filter>src\User\Novel</Filter>
    </ClInclude>
    <ClInclude Include="..\Classes\User\Novel\ScriptBackground.h">
      <Filter>src\User\Novel</Filter>
    </ClInclude>
    <ClInclude Include="..\Classes\User\Novel\ScriptBase.h">
      <Filter>src\User\Novel</Filter>
    </ClInclude>
    <ClInclude Include="..\Classes\User\Novel\ScriptHeart.h">
      <Filter>src\User\Novel</Filter>
    </ClInclude>
    <ClInclude Include="..\Classes\User\Novel\ScriptHuman.h">
      <Filter>src\User\Novel</Filter>
    </ClInclude>
    <ClInclude Include="..\Classes\User\Novel\ScriptInstruction.h">
      <Filter>src\User\Novel</Filter>
    </ClInclude>
    <ClInclude Include="..\Classes\User\Novel\ScriptLive2d.h">
      <Filter>src\User\Novel</Filter>
    </ClInclude>
    <ClInclude Include="..\Classes\User\Novel\ScriptName.h">
      <Filter>src\User\Novel</Filter>
    </ClInclude>
    <ClInclude Include="..\Classes\User\Novel\ScriptStaticData.h">
      <Filter>src\User\Novel</Filter>
    </ClInclude>
    <ClInclude Include="..\Classes\User\Novel\ScriptStill.h">
      <Filter>src\User\Novel</Filter>
    </ClInclude>
    <ClInclude Include="..\Classes\User\Novel\ScriptSystem.h">
      <Filter>src\User\Novel</Filter>
    </ClInclude>
    <ClInclude Include="..\Classes\User\Novel\SelectLayer.h">
      <Filter>src\User\Novel</Filter>
    </ClInclude>
    <ClInclude Include="..\Classes\User\Novel\StillLayer.h">
      <Filter>src\User\Novel</Filter>
    </ClInclude>
    <ClInclude Include="..\Classes\User\Novel\StringUtil.h">
      <Filter>src\User\Novel</Filter>
    </ClInclude>
    <ClInclude Include="..\Classes\User\Novel\SystemLayer.h">
      <Filter>src\User\Novel</Filter>
    </ClInclude>
    <ClInclude Include="..\Classes\User\Novel\TextChunk.h">
      <Filter>src\User\Novel</Filter>
    </ClInclude>
    <ClInclude Include="..\Classes\User\Novel\TextChunkManager.h">
      <Filter>src\User\Novel</Filter>
    </ClInclude>
    <ClInclude Include="..\Classes\User\Novel\TextData.h">
      <Filter>src\User\Novel</Filter>
    </ClInclude>
    <ClInclude Include="..\Classes\User\Novel\TextLabels.h">
      <Filter>src\User\Novel</Filter>
    </ClInclude>
    <ClInclude Include="..\Classes\User\Novel\TextScriptAnalysis.h">
      <Filter>src\User\Novel</Filter>
    </ClInclude>
    <ClInclude Include="..\Classes\User\Novel\TextScriptReader.h">
      <Filter>src\User\Novel</Filter>
    </ClInclude>
    <ClInclude Include="..\Classes\User\Novel\TextString.h">
      <Filter>src\User\Novel</Filter>
    </ClInclude>
    <ClInclude Include="..\Classes\User\Novel\TextTypes.hpp">
      <Filter>src\User\Novel</Filter>
    </ClInclude>
    <ClInclude Include="..\Classes\User\System\DataSettings.h">
      <Filter>src\User\System</Filter>
    </ClInclude>
    <ClInclude Include="..\Classes\User\Title\SceneTitle.h">
      <Filter>src\User\Title</Filter>
    </ClInclude>
    <ClInclude Include="..\Classes\User\Title\TitleManager.h">
      <Filter>src\User\Title</Filter>
    </ClInclude>
    <ClInclude Include="..\Classes\User\TouchiEvent\EventListenerGesture.h">
      <Filter>src\User\TouchiEvent</Filter>
    </ClInclude>
    <ClInclude Include="..\Classes\User\Novel\ScriptVoice.h">
      <Filter>src\User\Novel</Filter>
    </ClInclude>
    <ClInclude Include="..\Classes\User\Novel\VoiceLayer.h">
      <Filter>src\User\Novel</Filter>
    </ClInclude>
    <ClInclude Include="..\Classes\User\CiryMap\LayerOption.h">
      <Filter>src\User\CityMap</Filter>
    </ClInclude>
    <ClInclude Include="..\Classes\User\Breeding\BGManager.h">
      <Filter>src\User\Breeding</Filter>
    </ClInclude>
    <ClInclude Include="..\Classes\User\Breeding\FGManager.h">
      <Filter>src\User\Breeding</Filter>
    </ClInclude>
    <ClInclude Include="..\Classes\User\Breeding\FrameLayer.h">
      <Filter>src\User\Breeding</Filter>
    </ClInclude>
    <ClInclude Include="..\Classes\User\Breeding\LayerCleaning.h">
      <Filter>src\User\Breeding</Filter>
    </ClInclude>
    <ClInclude Include="..\Classes\User\Breeding\LayerManager.h">
      <Filter>src\User\Breeding</Filter>
    </ClInclude>
    <ClInclude Include="..\Classes\User\Breeding\SceneBreeding.h">
      <Filter>src\User\Breeding</Filter>
    </ClInclude>
    <ClInclude Include="..\Classes\User\Breeding\soundResources.h">
      <Filter>src\User\Breeding</Filter>
    </ClInclude>
    <ClInclude Include="..\Classes\User\Breeding\TemporaryCharacter.h">
      <Filter>src\User\Breeding</Filter>
    </ClInclude>
    <ClInclude Include="..\Classes\User\Breeding\UIManager.h">
      <Filter>src\User\Breeding</Filter>
    </ClInclude>
    <ClInclude Include="..\Classes\User\Breeding\VariousStatus.h">
      <Filter>src\User\Breeding</Filter>
    </ClInclude>
    <ClInclude Include="..\Classes\User\Novel\SaveLayer.h">
      <Filter>src\User\Novel</Filter>
    </ClInclude>
    <ClInclude Include="..\Classes\Lib\AudioManager.h">
      <Filter>src\Lib</Filter>
    </ClInclude>
    <ClInclude Include="..\Classes\Lib\json.h">
      <Filter>src\Lib</Filter>
    </ClInclude>
    <ClInclude Include="..\Classes\Lib\json-forwards.h">
      <Filter>src\Lib</Filter>
    </ClInclude>
    <ClInclude Include="..\Classes\Lib\Utilitys.h">
      <Filter>src\Lib</Filter>
    </ClInclude>
    <ClInclude Include="..\live2d\framework\IPlatformManager.h">
      <Filter>live2d</Filter>
    </ClInclude>
    <ClInclude Include="..\live2d\framework\L2DBaseModel.h">
      <Filter>live2d</Filter>
    </ClInclude>
    <ClInclude Include="..\live2d\framework\L2DExpressionMotion.h">
      <Filter>live2d</Filter>
    </ClInclude>
    <ClInclude Include="..\live2d\framework\L2DEyeBlink.h">
      <Filter>live2d</Filter>
    </ClInclude>
    <ClInclude Include="..\live2d\framework\L2DMatrix44.h">
      <Filter>live2d</Filter>
    </ClInclude>
    <ClInclude Include="..\live2d\framework\L2DModelMatrix.h">
      <Filter>live2d</Filter>
    </ClInclude>
    <ClInclude Include="..\live2d\framework\L2DMotionManager.h">
      <Filter>live2d</Filter>
    </ClInclude>
    <ClInclude Include="..\live2d\framework\L2DPhysics.h">
      <Filter>live2d</Filter>
    </ClInclude>
    <ClInclude Include="..\live2d\framework\L2DPose.h">
      <Filter>live2d</Filter>
    </ClInclude>
    <ClInclude Include="..\live2d\framework\L2DStandardID.h">
      <Filter>live2d</Filter>
    </ClInclude>
    <ClInclude Include="..\live2d\framework\L2DTargetPoint.h">
      <Filter>live2d</Filter>
    </ClInclude>
    <ClInclude Include="..\live2d\framework\L2DTextureDesc.h">
      <Filter>live2d</Filter>
    </ClInclude>
    <ClInclude Include="..\live2d\framework\L2DViewMatrix.h">
      <Filter>live2d</Filter>
    </ClInclude>
    <ClInclude Include="..\live2d\framework\Live2DFramework.h">
      <Filter>live2d</Filter>
    </ClInclude>
    <ClInclude Include="..\Classes\User\LayerSave\LayerSave.h">
      <Filter>src\User\LayerSave</Filter>
    </ClInclude>
    <ClInclude Include="..\Classes\User\CiryMap\LayerNovelView.h">
      <Filter>src\User\CityMap</Filter>
    </ClInclude>
    <ClInclude Include="..\Classes\User\CiryMap\LayerMessageBox.h">
      <Filter>src\User\CityMap</Filter>
    </ClInclude>
    <ClInclude Include="..\Classes\User\CiryMap\LayerTutorialBox.h">
      <Filter>src\User\CityMap</Filter>
    </ClInclude>
    <ClInclude Include="..\Classes\User\CiryMap\SlideBar.h">
      <Filter>src\User\CityMap</Filter>
    </ClInclude>
  </ItemGroup>
  <ItemGroup>
    <ResourceCompile Include="game.rc">
      <Filter>resource</Filter>
    </ResourceCompile>
  </ItemGroup>
</Project>