<?xml version="1.0" encoding="utf-8"?>
<Project ToolsVersion="4.0" xmlns="http://schemas.microsoft.com/developer/msbuild/2003">
  <ItemGroup>
    <Filter Include="win32">
      <UniqueIdentifier>{84a8ebd7-7cf0-47f6-b75e-d441df67da40}</UniqueIdentifier>
    </Filter>
    <Filter Include="resource">
      <UniqueIdentifier>{715254bc-d70b-4ec5-bf29-467dd3ace079}</UniqueIdentifier>
    </Filter>
    <Filter Include="src">
      <UniqueIdentifier>{bb6c862e-70e9-49d9-81b7-3829a6f50471}</UniqueIdentifier>
    </Filter>
    <Filter Include="src\Lib">
      <UniqueIdentifier>{c44b688b-da93-4ba4-9e00-5359978352ec}</UniqueIdentifier>
    </Filter>
    <Filter Include="src\User">
      <UniqueIdentifier>{f605a573-1903-4d94-93d4-3ac1fa93d18c}</UniqueIdentifier>
    </Filter>
    <Filter Include="src\Lib\EnvironmentDefaultData">
      <UniqueIdentifier>{32d9c34b-10dc-4e90-94bc-c83ce141373b}</UniqueIdentifier>
    </Filter>
    <Filter Include="src\User\Yumayo">
      <UniqueIdentifier>{c23a3b37-87d1-4988-823d-f66359959a5b}</UniqueIdentifier>
    </Filter>
    <Filter Include="src\User\Sample">
      <UniqueIdentifier>{0107038d-098c-4410-8cc1-c4a3724a357b}</UniqueIdentifier>
    </Filter>
    <Filter Include="src\User\Breeding">
      <UniqueIdentifier>{57b56754-2dc0-4a73-9153-8b014b98ee6d}</UniqueIdentifier>
    </Filter>
    <Filter Include="src\User\IslandMap">
      <UniqueIdentifier>{b63b7304-8921-4ddf-b49c-24a797ef818c}</UniqueIdentifier>
    </Filter>
    <Filter Include="src\User\TouchiEvent">
      <UniqueIdentifier>{19723a56-a2a9-4103-83d0-6deadc45e2fd}</UniqueIdentifier>
    </Filter>
    <Filter Include="src\User\Title">
      <UniqueIdentifier>{bc3f022b-5f47-42e0-a90e-1d614cb6a429}</UniqueIdentifier>
    </Filter>
    <Filter Include="src\User\CityMap">
      <UniqueIdentifier>{99bf9389-b0a6-4180-a0eb-7d328ca822c4}</UniqueIdentifier>
    </Filter>
  </ItemGroup>
  <ItemGroup>
    <ClCompile Include="main.cpp">
      <Filter>win32</Filter>
    </ClCompile>
    <ClCompile Include="..\Classes\AppDelegate.cpp">
      <Filter>src</Filter>
    </ClCompile>
    <ClCompile Include="..\Classes\Lib\EnvironmentDefaultData\EnvironmentDefaultData.cpp">
      <Filter>src\Lib\EnvironmentDefaultData</Filter>
    </ClCompile>
    <ClCompile Include="..\Classes\User\LayerBase.cpp">
      <Filter>src\User</Filter>
    </ClCompile>
    <ClCompile Include="..\Classes\User\SceneManager.cpp">
      <Filter>src\User</Filter>
    </ClCompile>
    <ClCompile Include="..\Classes\User\Yumayo\TextChank.cpp">
      <Filter>src\User\Yumayo</Filter>
    </ClCompile>
    <ClCompile Include="..\Classes\User\Yumayo\TextData.cpp">
      <Filter>src\User\Yumayo</Filter>
    </ClCompile>
    <ClCompile Include="..\Classes\User\Yumayo\TextLabels.cpp">
      <Filter>src\User\Yumayo</Filter>
    </ClCompile>
    <ClCompile Include="..\Classes\User\Yumayo\TextString.cpp">
      <Filter>src\User\Yumayo</Filter>
    </ClCompile>
    <ClCompile Include="..\Classes\User\SceneBase.cpp">
      <Filter>src\User</Filter>
    </ClCompile>
    <ClCompile Include="..\Classes\User\Sample\SceneSample.cpp">
      <Filter>src\User\Sample</Filter>
    </ClCompile>
    <ClCompile Include="..\Classes\User\Yumayo\TextScriptReader.cpp">
      <Filter>src\User\Yumayo</Filter>
    </ClCompile>
    <ClCompile Include="..\Classes\User\Yumayo\ScriptBase.cpp">
      <Filter>src\User\Yumayo</Filter>
    </ClCompile>
    <ClCompile Include="..\Classes\User\Yumayo\ScriptStaticData.cpp">
      <Filter>src\User\Yumayo</Filter>
    </ClCompile>
    <ClCompile Include="..\Classes\User\Yumayo\ScriptSystem.cpp">
      <Filter>src\User\Yumayo</Filter>
    </ClCompile>
    <ClCompile Include="..\Classes\User\Yumayo\ScriptName.cpp">
      <Filter>src\User\Yumayo</Filter>
    </ClCompile>
    <ClCompile Include="..\Classes\User\Yumayo\NameLayer.cpp">
      <Filter>src\User\Yumayo</Filter>
    </ClCompile>
    <ClCompile Include="..\Classes\User\Yumayo\HumanLayer.cpp">
      <Filter>src\User\Yumayo</Filter>
    </ClCompile>
    <ClCompile Include="..\Classes\User\Yumayo\ScriptHuman.cpp">
      <Filter>src\User\Yumayo</Filter>
    </ClCompile>
    <ClCompile Include="..\Classes\User\Yumayo\NovelLayer.cpp">
      <Filter>src\User\Yumayo</Filter>
    </ClCompile>
    <ClCompile Include="..\Classes\User\Yumayo\SystemLayer.cpp">
      <Filter>src\User\Yumayo</Filter>
    </ClCompile>
    <ClCompile Include="..\Classes\User\Yumayo\OptionalValues.cpp">
      <Filter>src\User\Yumayo</Filter>
    </ClCompile>
    <ClCompile Include="..\Classes\User\Yumayo\ScriptBackground.cpp">
      <Filter>src\User\Yumayo</Filter>
    </ClCompile>
    <ClCompile Include="..\Classes\User\Yumayo\BackgroundLayer.cpp">
      <Filter>src\User\Yumayo</Filter>
    </ClCompile>
    <ClCompile Include="..\Classes\User\Yumayo\TextScriptAnalysis.cpp">
      <Filter>src\User\Yumayo</Filter>
    </ClCompile>
    <ClCompile Include="..\Classes\User\Yumayo\SelectLayer.cpp">
      <Filter>src\User\Yumayo</Filter>
    </ClCompile>
    <ClCompile Include="..\Classes\User\Yumayo\ModalLayer.cpp">
      <Filter>src\User\Yumayo</Filter>
    </ClCompile>
    <ClCompile Include="..\Classes\User\IslandMap\SceneIslandMap.cpp">
      <Filter>src\User\IslandMap</Filter>
    </ClCompile>
    <ClCompile Include="..\Classes\User\IslandMap\LayerIsland.cpp">
      <Filter>src\User\IslandMap</Filter>
    </ClCompile>
    <ClCompile Include="..\Classes\User\Sample\LayerWater.cpp">
      <Filter>src\User\Sample</Filter>
    </ClCompile>
    <ClCompile Include="..\Classes\User\Sample\LayerFia.cpp">
      <Filter>src\User\Sample</Filter>
    </ClCompile>
    <ClCompile Include="..\Classes\User\Yumayo\TextTypes.cpp">
      <Filter>src\User\Yumayo</Filter>
    </ClCompile>
    <ClCompile Include="..\Classes\User\Title\SceneTitle.cpp">
      <Filter>src\User\Title</Filter>
    </ClCompile>
    <ClCompile Include="..\Classes\User\Title\TitleManager.cpp">
      <Filter>src\User\Title</Filter>
    </ClCompile>
    <ClCompile Include="..\Classes\User\TouchiEvent\EventListenerGesture.cpp">
      <Filter>src\User\TouchiEvent</Filter>
    </ClCompile>
    <ClCompile Include="..\Classes\User\Breeding\BGManager.cpp">
      <Filter>src\User\Breeding</Filter>
    </ClCompile>
    <ClCompile Include="..\Classes\User\Breeding\FrameLayer.cpp">
      <Filter>src\User\Breeding</Filter>
    </ClCompile>
    <ClCompile Include="..\Classes\User\Breeding\Home.cpp">
      <Filter>src\User\Breeding</Filter>
    </ClCompile>
    <ClCompile Include="..\Classes\User\Breeding\SceneBreeding.cpp">
      <Filter>src\User\Breeding</Filter>
    </ClCompile>
    <ClCompile Include="..\Classes\User\Breeding\Test.cpp">
      <Filter>src\User\Breeding</Filter>
    </ClCompile>
    <ClCompile Include="..\Classes\User\Breeding\UIManager.cpp">
      <Filter>src\User\Breeding</Filter>
    </ClCompile>
    <ClCompile Include="..\Classes\User\CiryMap\SceneCityMap.cpp">
      <Filter>src\User\CityMap</Filter>
    </ClCompile>
    <ClCompile Include="..\Classes\User\CiryMap\LayerCity1.cpp">
      <Filter>src\User\CityMap</Filter>
    </ClCompile>
    <ClCompile Include="..\Classes\User\Yumayo\SceneNovel.cpp">
      <Filter>src\User\Yumayo</Filter>
    </ClCompile>
  </ItemGroup>
  <ItemGroup>
    <ClInclude Include="main.h">
      <Filter>win32</Filter>
    </ClInclude>
    <ClInclude Include="..\Classes\AppDelegate.h">
      <Filter>src</Filter>
    </ClInclude>
    <ClInclude Include="..\Classes\Lib\EnvironmentDefaultData\EnvironmentDefaultData.h">
      <Filter>src\Lib\EnvironmentDefaultData</Filter>
    </ClInclude>
    <ClInclude Include="..\Classes\User\LayerBase.h">
      <Filter>src\User</Filter>
    </ClInclude>
    <ClInclude Include="..\Classes\User\SceneManager.h">
      <Filter>src\User</Filter>
    </ClInclude>
    <ClInclude Include="..\Classes\User\Yumayo\TextChank.h">
      <Filter>src\User\Yumayo</Filter>
    </ClInclude>
    <ClInclude Include="..\Classes\User\Yumayo\TextData.h">
      <Filter>src\User\Yumayo</Filter>
    </ClInclude>
    <ClInclude Include="..\Classes\User\Yumayo\TextLabels.h">
      <Filter>src\User\Yumayo</Filter>
    </ClInclude>
    <ClInclude Include="..\Classes\User\Yumayo\TextString.h">
      <Filter>src\User\Yumayo</Filter>
    </ClInclude>
    <ClInclude Include="..\Classes\User\Yumayo\TextTypes.hpp">
      <Filter>src\User\Yumayo</Filter>
    </ClInclude>
    <ClInclude Include="..\Classes\User\SceneBase.h">
      <Filter>src\User</Filter>
    </ClInclude>
    <ClInclude Include="..\Classes\User\Sample\SceneSample.h">
      <Filter>src\User\Sample</Filter>
    </ClInclude>
    <ClInclude Include="..\Classes\User\Yumayo\TextScriptReader.h">
      <Filter>src\User\Yumayo</Filter>
    </ClInclude>
    <ClInclude Include="..\Classes\User\Yumayo\ScriptBase.h">
      <Filter>src\User\Yumayo</Filter>
    </ClInclude>
    <ClInclude Include="..\Classes\User\Yumayo\ScriptStaticData.h">
      <Filter>src\User\Yumayo</Filter>
    </ClInclude>
    <ClInclude Include="..\Classes\User\Yumayo\ScriptSystem.h">
      <Filter>src\User\Yumayo</Filter>
    </ClInclude>
    <ClInclude Include="..\Classes\User\Yumayo\ScriptName.h">
      <Filter>src\User\Yumayo</Filter>
    </ClInclude>
    <ClInclude Include="..\Classes\User\Yumayo\NameLayer.h">
      <Filter>src\User\Yumayo</Filter>
    </ClInclude>
    <ClInclude Include="..\Classes\User\Yumayo\HumanLayer.h">
      <Filter>src\User\Yumayo</Filter>
    </ClInclude>
    <ClInclude Include="..\Classes\User\Yumayo\ScriptHuman.h">
      <Filter>src\User\Yumayo</Filter>
    </ClInclude>
    <ClInclude Include="..\Classes\User\Yumayo\NovelLayer.h">
      <Filter>src\User\Yumayo</Filter>
    </ClInclude>
    <ClInclude Include="..\Classes\User\Yumayo\SystemLayer.h">
      <Filter>src\User\Yumayo</Filter>
    </ClInclude>
    <ClInclude Include="..\Classes\User\Yumayo\OptionalValues.h">
      <Filter>src\User\Yumayo</Filter>
    </ClInclude>
    <ClInclude Include="..\Classes\User\Yumayo\ScriptBackground.h">
      <Filter>src\User\Yumayo</Filter>
    </ClInclude>
    <ClInclude Include="..\Classes\User\Yumayo\BackgroundLayer.h">
      <Filter>src\User\Yumayo</Filter>
    </ClInclude>
    <ClInclude Include="..\Classes\User\Yumayo\TextScriptAnalysis.h">
      <Filter>src\User\Yumayo</Filter>
    </ClInclude>
    <ClInclude Include="..\Classes\User\Yumayo\SelectLayer.h">
      <Filter>src\User\Yumayo</Filter>
    </ClInclude>
    <ClInclude Include="..\Classes\User\Yumayo\ModalLayer.h">
      <Filter>src\User\Yumayo</Filter>
    </ClInclude>
    <ClInclude Include="..\Classes\User\IslandMap\SceneIslandMap.h">
      <Filter>src\User\IslandMap</Filter>
    </ClInclude>
    <ClInclude Include="..\Classes\User\IslandMap\LayerIsland.h">
      <Filter>src\User\IslandMap</Filter>
    </ClInclude>
    <ClInclude Include="..\Classes\User\Sample\LayerWater.h">
      <Filter>src\User\Sample</Filter>
    </ClInclude>
    <ClInclude Include="..\Classes\User\Sample\LayerFia.h">
      <Filter>src\User\Sample</Filter>
    </ClInclude>
    <ClInclude Include="..\Classes\User\Title\SceneTitle.h">
      <Filter>src\User\Title</Filter>
    </ClInclude>
    <ClInclude Include="..\Classes\User\Title\TitleManager.h">
      <Filter>src\User\Title</Filter>
    </ClInclude>
    <ClInclude Include="..\Classes\User\TouchiEvent\EventListenerGesture.h">
      <Filter>src\User\TouchiEvent</Filter>
    </ClInclude>
    <ClInclude Include="..\Classes\User\Breeding\BGManager.h">
      <Filter>src\User\Breeding</Filter>
    </ClInclude>
    <ClInclude Include="..\Classes\User\Breeding\FrameLayer.h">
      <Filter>src\User\Breeding</Filter>
    </ClInclude>
    <ClInclude Include="..\Classes\User\Breeding\Home.h">
      <Filter>src\User\Breeding</Filter>
    </ClInclude>
    <ClInclude Include="..\Classes\User\Breeding\SceneBreeding.h">
      <Filter>src\User\Breeding</Filter>
    </ClInclude>
    <ClInclude Include="..\Classes\User\Breeding\Test.h">
      <Filter>src\User\Breeding</Filter>
    </ClInclude>
    <ClInclude Include="..\Classes\User\Breeding\UIManager.h">
      <Filter>src\User\Breeding</Filter>
    </ClInclude>
    <ClInclude Include="..\Classes\User\Breeding\VariousStatus.h">
      <Filter>src\User\Breeding</Filter>
    </ClInclude>
    <ClInclude Include="..\Classes\User\CiryMap\SceneCityMap.h">
      <Filter>src\User\CityMap</Filter>
    </ClInclude>
    <ClInclude Include="..\Classes\User\CiryMap\LayerCity1.h">
      <Filter>src\User\CityMap</Filter>
    </ClInclude>
    <ClInclude Include="..\Classes\User\Yumayo\SceneNovel.h">
      <Filter>src\User\Yumayo</Filter>
    </ClInclude>
  </ItemGroup>
  <ItemGroup>
    <ResourceCompile Include="game.rc">
      <Filter>resource</Filter>
    </ResourceCompile>
  </ItemGroup>
</Project>