// !$*UTF8*$!
{
	archiveVersion = 1;
	classes = {
	};
	objectVersion = 46;
	objects = {

/* Begin PBXBuildFile section */
		1AC6FB21180E996B004C840B /* libcocos2d Mac.a in Frameworks */ = {isa = PBXBuildFile; fileRef = 1AC6FAF9180E9839004C840B /* libcocos2d Mac.a */; };
		1AC6FB30180E99EB004C840B /* libcocos2d iOS.a in Frameworks */ = {isa = PBXBuildFile; fileRef = 1AC6FB07180E9839004C840B /* libcocos2d iOS.a */; };
		1D60589F0D05DD5A006BFB54 /* Foundation.framework in Frameworks */ = {isa = PBXBuildFile; fileRef = 1D30AB110D05D00D00671497 /* Foundation.framework */; };
		1DF5F4E00D08C38300B7A737 /* UIKit.framework in Frameworks */ = {isa = PBXBuildFile; fileRef = 1DF5F4DF0D08C38300B7A737 /* UIKit.framework */; };
		288765A50DF7441C002DB57D /* CoreGraphics.framework in Frameworks */ = {isa = PBXBuildFile; fileRef = 288765A40DF7441C002DB57D /* CoreGraphics.framework */; };
		294D0D641D0D56D500F7F5D4 /* CoreText.framework in Frameworks */ = {isa = PBXBuildFile; fileRef = 294D0D631D0D56D500F7F5D4 /* CoreText.framework */; };
		503AE0F817EB97AB00D1A890 /* Icon.icns in Resources */ = {isa = PBXBuildFile; fileRef = 503AE0F617EB97AB00D1A890 /* Icon.icns */; };
		503AE10017EB989F00D1A890 /* AppController.mm in Sources */ = {isa = PBXBuildFile; fileRef = 503AE0FB17EB989F00D1A890 /* AppController.mm */; };
		503AE10117EB989F00D1A890 /* main.m in Sources */ = {isa = PBXBuildFile; fileRef = 503AE0FC17EB989F00D1A890 /* main.m */; };
		503AE10217EB989F00D1A890 /* RootViewController.mm in Sources */ = {isa = PBXBuildFile; fileRef = 503AE0FF17EB989F00D1A890 /* RootViewController.mm */; };
		503AE10517EB98FF00D1A890 /* main.cpp in Sources */ = {isa = PBXBuildFile; fileRef = 503AE10317EB98FF00D1A890 /* main.cpp */; };
		503AE11B17EB9C5A00D1A890 /* IOKit.framework in Frameworks */ = {isa = PBXBuildFile; fileRef = 503AE11A17EB9C5A00D1A890 /* IOKit.framework */; };
		5087E76317EB910900C73F5D /* Foundation.framework in Frameworks */ = {isa = PBXBuildFile; fileRef = 1D30AB110D05D00D00671497 /* Foundation.framework */; };
		5087E76717EB910900C73F5D /* libz.dylib in Frameworks */ = {isa = PBXBuildFile; fileRef = BF170DB412928DE900B8313A /* libz.dylib */; };
		5087E76817EB910900C73F5D /* QuartzCore.framework in Frameworks */ = {isa = PBXBuildFile; fileRef = BF1C47EA1293683800B63C5D /* QuartzCore.framework */; };
		5087E76917EB910900C73F5D /* OpenAL.framework in Frameworks */ = {isa = PBXBuildFile; fileRef = D44C620B132DFF330009C878 /* OpenAL.framework */; };
		5087E76A17EB910900C73F5D /* AVFoundation.framework in Frameworks */ = {isa = PBXBuildFile; fileRef = D44C620D132DFF430009C878 /* AVFoundation.framework */; };
		5087E76B17EB910900C73F5D /* AudioToolbox.framework in Frameworks */ = {isa = PBXBuildFile; fileRef = D44C620F132DFF4E0009C878 /* AudioToolbox.framework */; };
		5087E77D17EB970100C73F5D /* Default-568h@2x.png in Resources */ = {isa = PBXBuildFile; fileRef = 5087E77217EB970100C73F5D /* Default-568h@2x.png */; };
		5087E77E17EB970100C73F5D /* Default.png in Resources */ = {isa = PBXBuildFile; fileRef = 5087E77317EB970100C73F5D /* Default.png */; };
		5087E77F17EB970100C73F5D /* Default@2x.png in Resources */ = {isa = PBXBuildFile; fileRef = 5087E77417EB970100C73F5D /* Default@2x.png */; };
		5087E78017EB970100C73F5D /* Icon-114.png in Resources */ = {isa = PBXBuildFile; fileRef = 5087E77517EB970100C73F5D /* Icon-114.png */; };
		5087E78117EB970100C73F5D /* Icon-120.png in Resources */ = {isa = PBXBuildFile; fileRef = 5087E77617EB970100C73F5D /* Icon-120.png */; };
		5087E78217EB970100C73F5D /* Icon-144.png in Resources */ = {isa = PBXBuildFile; fileRef = 5087E77717EB970100C73F5D /* Icon-144.png */; };
		5087E78317EB970100C73F5D /* Icon-152.png in Resources */ = {isa = PBXBuildFile; fileRef = 5087E77817EB970100C73F5D /* Icon-152.png */; };
		5087E78417EB970100C73F5D /* Icon-57.png in Resources */ = {isa = PBXBuildFile; fileRef = 5087E77917EB970100C73F5D /* Icon-57.png */; };
		5087E78517EB970100C73F5D /* Icon-72.png in Resources */ = {isa = PBXBuildFile; fileRef = 5087E77A17EB970100C73F5D /* Icon-72.png */; };
		5087E78617EB970100C73F5D /* Icon-76.png in Resources */ = {isa = PBXBuildFile; fileRef = 5087E77B17EB970100C73F5D /* Icon-76.png */; };
		5087E78917EB974C00C73F5D /* AppKit.framework in Frameworks */ = {isa = PBXBuildFile; fileRef = 5087E78817EB974C00C73F5D /* AppKit.framework */; };
		5087E78B17EB975400C73F5D /* OpenGL.framework in Frameworks */ = {isa = PBXBuildFile; fileRef = 5087E78A17EB975400C73F5D /* OpenGL.framework */; };
		50EF629617ECD46A001EB2F8 /* Icon-40.png in Resources */ = {isa = PBXBuildFile; fileRef = 50EF629217ECD46A001EB2F8 /* Icon-40.png */; };
		50EF629717ECD46A001EB2F8 /* Icon-58.png in Resources */ = {isa = PBXBuildFile; fileRef = 50EF629317ECD46A001EB2F8 /* Icon-58.png */; };
		50EF629817ECD46A001EB2F8 /* Icon-80.png in Resources */ = {isa = PBXBuildFile; fileRef = 50EF629417ECD46A001EB2F8 /* Icon-80.png */; };
		50EF629917ECD46A001EB2F8 /* Icon-100.png in Resources */ = {isa = PBXBuildFile; fileRef = 50EF629517ECD46A001EB2F8 /* Icon-100.png */; };
		50EF62A217ECD613001EB2F8 /* Icon-29.png in Resources */ = {isa = PBXBuildFile; fileRef = 50EF62A017ECD613001EB2F8 /* Icon-29.png */; };
		50EF62A317ECD613001EB2F8 /* Icon-50.png in Resources */ = {isa = PBXBuildFile; fileRef = 50EF62A117ECD613001EB2F8 /* Icon-50.png */; };
		521A8E6419F0C34300D177D7 /* Default-667h@2x.png in Resources */ = {isa = PBXBuildFile; fileRef = 521A8E6219F0C34300D177D7 /* Default-667h@2x.png */; };
		521A8E6519F0C34300D177D7 /* Default-736h@3x.png in Resources */ = {isa = PBXBuildFile; fileRef = 521A8E6319F0C34300D177D7 /* Default-736h@3x.png */; };
		52B47A471A53D09C004E4C60 /* Security.framework in Frameworks */ = {isa = PBXBuildFile; fileRef = 52B47A461A53D09B004E4C60 /* Security.framework */; };
		8262943E1AAF051F00CB7CF7 /* Security.framework in Frameworks */ = {isa = PBXBuildFile; fileRef = 8262943D1AAF051F00CB7CF7 /* Security.framework */; };
		BF171245129291EC00B8313A /* OpenGLES.framework in Frameworks */ = {isa = PBXBuildFile; fileRef = BF170DB012928DE900B8313A /* OpenGLES.framework */; };
		BF1712471292920000B8313A /* libz.dylib in Frameworks */ = {isa = PBXBuildFile; fileRef = BF170DB412928DE900B8313A /* libz.dylib */; };
		BF1C47F01293687400B63C5D /* QuartzCore.framework in Frameworks */ = {isa = PBXBuildFile; fileRef = BF1C47EA1293683800B63C5D /* QuartzCore.framework */; };
		D44C620C132DFF330009C878 /* OpenAL.framework in Frameworks */ = {isa = PBXBuildFile; fileRef = D44C620B132DFF330009C878 /* OpenAL.framework */; };
		D44C620E132DFF430009C878 /* AVFoundation.framework in Frameworks */ = {isa = PBXBuildFile; fileRef = D44C620D132DFF430009C878 /* AVFoundation.framework */; };
		D44C6210132DFF4E0009C878 /* AudioToolbox.framework in Frameworks */ = {isa = PBXBuildFile; fileRef = D44C620F132DFF4E0009C878 /* AudioToolbox.framework */; };
		D6B0611B1803AB670077942B /* CoreMotion.framework in Frameworks */ = {isa = PBXBuildFile; fileRef = D6B0611A1803AB670077942B /* CoreMotion.framework */; };
		ED545A7C1B68A1F400C3958E /* libiconv.dylib in Frameworks */ = {isa = PBXBuildFile; fileRef = ED545A7B1B68A1F400C3958E /* libiconv.dylib */; };
		ED545A7E1B68A1FA00C3958E /* libiconv.dylib in Frameworks */ = {isa = PBXBuildFile; fileRef = ED545A7D1B68A1FA00C3958E /* libiconv.dylib */; };
		FF6F99751DCEDCA900A1D848 /* AppDelegate.cpp in Sources */ = {isa = PBXBuildFile; fileRef = FF6F99031DCEDCA800A1D848 /* AppDelegate.cpp */; };
		FF6F99761DCEDCA900A1D848 /* AppDelegate.cpp in Sources */ = {isa = PBXBuildFile; fileRef = FF6F99031DCEDCA800A1D848 /* AppDelegate.cpp */; };
		FF6F99771DCEDCA900A1D848 /* ClassMaker.exe in Resources */ = {isa = PBXBuildFile; fileRef = FF6F99061DCEDCA800A1D848 /* ClassMaker.exe */; };
		FF6F99781DCEDCA900A1D848 /* ClassMaker.exe in Resources */ = {isa = PBXBuildFile; fileRef = FF6F99061DCEDCA800A1D848 /* ClassMaker.exe */; };
		FF6F99791DCEDCA900A1D848 /* EnvironmentDefaultData.cpp in Sources */ = {isa = PBXBuildFile; fileRef = FF6F99081DCEDCA800A1D848 /* EnvironmentDefaultData.cpp */; };
		FF6F997A1DCEDCA900A1D848 /* EnvironmentDefaultData.cpp in Sources */ = {isa = PBXBuildFile; fileRef = FF6F99081DCEDCA800A1D848 /* EnvironmentDefaultData.cpp */; };
		FF6F99891DCEDCA900A1D848 /* BGManager.cpp in Sources */ = {isa = PBXBuildFile; fileRef = FF6F991B1DCEDCA900A1D848 /* BGManager.cpp */; };
		FF6F998A1DCEDCA900A1D848 /* BGManager.cpp in Sources */ = {isa = PBXBuildFile; fileRef = FF6F991B1DCEDCA900A1D848 /* BGManager.cpp */; };
		FF6F998B1DCEDCA900A1D848 /* ClassMaker.exe in Resources */ = {isa = PBXBuildFile; fileRef = FF6F991D1DCEDCA900A1D848 /* ClassMaker.exe */; };
		FF6F998C1DCEDCA900A1D848 /* ClassMaker.exe in Resources */ = {isa = PBXBuildFile; fileRef = FF6F991D1DCEDCA900A1D848 /* ClassMaker.exe */; };
		FF6F998D1DCEDCA900A1D848 /* FrameLayer.cpp in Sources */ = {isa = PBXBuildFile; fileRef = FF6F991E1DCEDCA900A1D848 /* FrameLayer.cpp */; };
		FF6F998E1DCEDCA900A1D848 /* FrameLayer.cpp in Sources */ = {isa = PBXBuildFile; fileRef = FF6F991E1DCEDCA900A1D848 /* FrameLayer.cpp */; };
		FF6F998F1DCEDCA900A1D848 /* Home.cpp in Sources */ = {isa = PBXBuildFile; fileRef = FF6F99201DCEDCA900A1D848 /* Home.cpp */; };
		FF6F99901DCEDCA900A1D848 /* Home.cpp in Sources */ = {isa = PBXBuildFile; fileRef = FF6F99201DCEDCA900A1D848 /* Home.cpp */; };
		FF6F99911DCEDCA900A1D848 /* SceneBreeding.cpp in Sources */ = {isa = PBXBuildFile; fileRef = FF6F99221DCEDCA900A1D848 /* SceneBreeding.cpp */; };
		FF6F99921DCEDCA900A1D848 /* SceneBreeding.cpp in Sources */ = {isa = PBXBuildFile; fileRef = FF6F99221DCEDCA900A1D848 /* SceneBreeding.cpp */; };
		FF6F99931DCEDCA900A1D848 /* Test.cpp in Sources */ = {isa = PBXBuildFile; fileRef = FF6F99241DCEDCA900A1D848 /* Test.cpp */; };
		FF6F99941DCEDCA900A1D848 /* Test.cpp in Sources */ = {isa = PBXBuildFile; fileRef = FF6F99241DCEDCA900A1D848 /* Test.cpp */; };
		FF6F99951DCEDCA900A1D848 /* UIManager.cpp in Sources */ = {isa = PBXBuildFile; fileRef = FF6F99261DCEDCA900A1D848 /* UIManager.cpp */; };
		FF6F99961DCEDCA900A1D848 /* UIManager.cpp in Sources */ = {isa = PBXBuildFile; fileRef = FF6F99261DCEDCA900A1D848 /* UIManager.cpp */; };
		FF6F99971DCEDCA900A1D848 /* ClassMaker.exe in Resources */ = {isa = PBXBuildFile; fileRef = FF6F99291DCEDCA900A1D848 /* ClassMaker.exe */; };
		FF6F99981DCEDCA900A1D848 /* ClassMaker.exe in Resources */ = {isa = PBXBuildFile; fileRef = FF6F99291DCEDCA900A1D848 /* ClassMaker.exe */; };
		FF6F99991DCEDCA900A1D848 /* LayerIsland.cpp in Sources */ = {isa = PBXBuildFile; fileRef = FF6F992B1DCEDCA900A1D848 /* LayerIsland.cpp */; };
		FF6F999A1DCEDCA900A1D848 /* LayerIsland.cpp in Sources */ = {isa = PBXBuildFile; fileRef = FF6F992B1DCEDCA900A1D848 /* LayerIsland.cpp */; };
		FF6F999B1DCEDCA900A1D848 /* SceneIslandMap.cpp in Sources */ = {isa = PBXBuildFile; fileRef = FF6F992D1DCEDCA900A1D848 /* SceneIslandMap.cpp */; };
		FF6F999C1DCEDCA900A1D848 /* SceneIslandMap.cpp in Sources */ = {isa = PBXBuildFile; fileRef = FF6F992D1DCEDCA900A1D848 /* SceneIslandMap.cpp */; };
		FF6F999D1DCEDCA900A1D848 /* LayerBase.cpp in Sources */ = {isa = PBXBuildFile; fileRef = FF6F992F1DCEDCA900A1D848 /* LayerBase.cpp */; };
		FF6F999E1DCEDCA900A1D848 /* LayerBase.cpp in Sources */ = {isa = PBXBuildFile; fileRef = FF6F992F1DCEDCA900A1D848 /* LayerBase.cpp */; };
		FF6F999F1DCEDCA900A1D848 /* ClassMaker.exe in Resources */ = {isa = PBXBuildFile; fileRef = FF6F99321DCEDCA900A1D848 /* ClassMaker.exe */; };
		FF6F99A01DCEDCA900A1D848 /* ClassMaker.exe in Resources */ = {isa = PBXBuildFile; fileRef = FF6F99321DCEDCA900A1D848 /* ClassMaker.exe */; };
		FF6F99A11DCEDCA900A1D848 /* LayerFia.cpp in Sources */ = {isa = PBXBuildFile; fileRef = FF6F99331DCEDCA900A1D848 /* LayerFia.cpp */; };
		FF6F99A21DCEDCA900A1D848 /* LayerFia.cpp in Sources */ = {isa = PBXBuildFile; fileRef = FF6F99331DCEDCA900A1D848 /* LayerFia.cpp */; };
		FF6F99A31DCEDCA900A1D848 /* LayerWater.cpp in Sources */ = {isa = PBXBuildFile; fileRef = FF6F99351DCEDCA900A1D848 /* LayerWater.cpp */; };
		FF6F99A41DCEDCA900A1D848 /* LayerWater.cpp in Sources */ = {isa = PBXBuildFile; fileRef = FF6F99351DCEDCA900A1D848 /* LayerWater.cpp */; };
		FF6F99A51DCEDCA900A1D848 /* SceneSample.cpp in Sources */ = {isa = PBXBuildFile; fileRef = FF6F99371DCEDCA900A1D848 /* SceneSample.cpp */; };
		FF6F99A61DCEDCA900A1D848 /* SceneSample.cpp in Sources */ = {isa = PBXBuildFile; fileRef = FF6F99371DCEDCA900A1D848 /* SceneSample.cpp */; };
		FF6F99A71DCEDCA900A1D848 /* SceneBase.cpp in Sources */ = {isa = PBXBuildFile; fileRef = FF6F99391DCEDCA900A1D848 /* SceneBase.cpp */; };
		FF6F99A81DCEDCA900A1D848 /* SceneBase.cpp in Sources */ = {isa = PBXBuildFile; fileRef = FF6F99391DCEDCA900A1D848 /* SceneBase.cpp */; };
		FF6F99A91DCEDCA900A1D848 /* SceneManager.cpp in Sources */ = {isa = PBXBuildFile; fileRef = FF6F993B1DCEDCA900A1D848 /* SceneManager.cpp */; };
		FF6F99AA1DCEDCA900A1D848 /* SceneManager.cpp in Sources */ = {isa = PBXBuildFile; fileRef = FF6F993B1DCEDCA900A1D848 /* SceneManager.cpp */; };
		FF6F99AB1DCEDCA900A1D848 /* SceneTitle.cpp in Sources */ = {isa = PBXBuildFile; fileRef = FF6F993E1DCEDCA900A1D848 /* SceneTitle.cpp */; };
		FF6F99AC1DCEDCA900A1D848 /* SceneTitle.cpp in Sources */ = {isa = PBXBuildFile; fileRef = FF6F993E1DCEDCA900A1D848 /* SceneTitle.cpp */; };
		FF6F99AD1DCEDCA900A1D848 /* TitleManager.cpp in Sources */ = {isa = PBXBuildFile; fileRef = FF6F99401DCEDCA900A1D848 /* TitleManager.cpp */; };
		FF6F99AE1DCEDCA900A1D848 /* TitleManager.cpp in Sources */ = {isa = PBXBuildFile; fileRef = FF6F99401DCEDCA900A1D848 /* TitleManager.cpp */; };
		FF6F99AF1DCEDCA900A1D848 /* EventListenerGesture.cpp in Sources */ = {isa = PBXBuildFile; fileRef = FF6F99431DCEDCA900A1D848 /* EventListenerGesture.cpp */; };
		FF6F99B01DCEDCA900A1D848 /* EventListenerGesture.cpp in Sources */ = {isa = PBXBuildFile; fileRef = FF6F99431DCEDCA900A1D848 /* EventListenerGesture.cpp */; };
		FF6F99B11DCEDCA900A1D848 /* BackgroundLayer.cpp in Sources */ = {isa = PBXBuildFile; fileRef = FF6F99461DCEDCA900A1D848 /* BackgroundLayer.cpp */; };
		FF6F99B21DCEDCA900A1D848 /* BackgroundLayer.cpp in Sources */ = {isa = PBXBuildFile; fileRef = FF6F99461DCEDCA900A1D848 /* BackgroundLayer.cpp */; };
		FF6F99B31DCEDCA900A1D848 /* ClassMaker.exe in Resources */ = {isa = PBXBuildFile; fileRef = FF6F99481DCEDCA900A1D848 /* ClassMaker.exe */; };
		FF6F99B41DCEDCA900A1D848 /* ClassMaker.exe in Resources */ = {isa = PBXBuildFile; fileRef = FF6F99481DCEDCA900A1D848 /* ClassMaker.exe */; };
		FF6F99B51DCEDCA900A1D848 /* HumanLayer.cpp in Sources */ = {isa = PBXBuildFile; fileRef = FF6F99491DCEDCA900A1D848 /* HumanLayer.cpp */; };
		FF6F99B61DCEDCA900A1D848 /* HumanLayer.cpp in Sources */ = {isa = PBXBuildFile; fileRef = FF6F99491DCEDCA900A1D848 /* HumanLayer.cpp */; };
		FF6F99B71DCEDCA900A1D848 /* ModalLayer.cpp in Sources */ = {isa = PBXBuildFile; fileRef = FF6F994B1DCEDCA900A1D848 /* ModalLayer.cpp */; };
		FF6F99B81DCEDCA900A1D848 /* ModalLayer.cpp in Sources */ = {isa = PBXBuildFile; fileRef = FF6F994B1DCEDCA900A1D848 /* ModalLayer.cpp */; };
		FF6F99B91DCEDCA900A1D848 /* NameLayer.cpp in Sources */ = {isa = PBXBuildFile; fileRef = FF6F994D1DCEDCA900A1D848 /* NameLayer.cpp */; };
		FF6F99BA1DCEDCA900A1D848 /* NameLayer.cpp in Sources */ = {isa = PBXBuildFile; fileRef = FF6F994D1DCEDCA900A1D848 /* NameLayer.cpp */; };
		FF6F99BB1DCEDCA900A1D848 /* NovelLayer.cpp in Sources */ = {isa = PBXBuildFile; fileRef = FF6F994F1DCEDCA900A1D848 /* NovelLayer.cpp */; };
		FF6F99BC1DCEDCA900A1D848 /* NovelLayer.cpp in Sources */ = {isa = PBXBuildFile; fileRef = FF6F994F1DCEDCA900A1D848 /* NovelLayer.cpp */; };
		FF6F99BD1DCEDCA900A1D848 /* OptionalValues.cpp in Sources */ = {isa = PBXBuildFile; fileRef = FF6F99511DCEDCA900A1D848 /* OptionalValues.cpp */; };
		FF6F99BE1DCEDCA900A1D848 /* OptionalValues.cpp in Sources */ = {isa = PBXBuildFile; fileRef = FF6F99511DCEDCA900A1D848 /* OptionalValues.cpp */; };
		FF6F99BF1DCEDCA900A1D848 /* SceneYumayo.cpp in Sources */ = {isa = PBXBuildFile; fileRef = FF6F99531DCEDCA900A1D848 /* SceneYumayo.cpp */; };
		FF6F99C01DCEDCA900A1D848 /* SceneYumayo.cpp in Sources */ = {isa = PBXBuildFile; fileRef = FF6F99531DCEDCA900A1D848 /* SceneYumayo.cpp */; };
		FF6F99C11DCEDCA900A1D848 /* ScriptBackground.cpp in Sources */ = {isa = PBXBuildFile; fileRef = FF6F99551DCEDCA900A1D848 /* ScriptBackground.cpp */; };
		FF6F99C21DCEDCA900A1D848 /* ScriptBackground.cpp in Sources */ = {isa = PBXBuildFile; fileRef = FF6F99551DCEDCA900A1D848 /* ScriptBackground.cpp */; };
		FF6F99C31DCEDCA900A1D848 /* ScriptBase.cpp in Sources */ = {isa = PBXBuildFile; fileRef = FF6F99571DCEDCA900A1D848 /* ScriptBase.cpp */; };
		FF6F99C41DCEDCA900A1D848 /* ScriptBase.cpp in Sources */ = {isa = PBXBuildFile; fileRef = FF6F99571DCEDCA900A1D848 /* ScriptBase.cpp */; };
		FF6F99C51DCEDCA900A1D848 /* ScriptHuman.cpp in Sources */ = {isa = PBXBuildFile; fileRef = FF6F99591DCEDCA900A1D848 /* ScriptHuman.cpp */; };
		FF6F99C61DCEDCA900A1D848 /* ScriptHuman.cpp in Sources */ = {isa = PBXBuildFile; fileRef = FF6F99591DCEDCA900A1D848 /* ScriptHuman.cpp */; };
		FF6F99C71DCEDCA900A1D848 /* ScriptInstruction.cpp in Sources */ = {isa = PBXBuildFile; fileRef = FF6F995B1DCEDCA900A1D848 /* ScriptInstruction.cpp */; };
		FF6F99C81DCEDCA900A1D848 /* ScriptInstruction.cpp in Sources */ = {isa = PBXBuildFile; fileRef = FF6F995B1DCEDCA900A1D848 /* ScriptInstruction.cpp */; };
		FF6F99C91DCEDCA900A1D848 /* ScriptName.cpp in Sources */ = {isa = PBXBuildFile; fileRef = FF6F995D1DCEDCA900A1D848 /* ScriptName.cpp */; };
		FF6F99CA1DCEDCA900A1D848 /* ScriptName.cpp in Sources */ = {isa = PBXBuildFile; fileRef = FF6F995D1DCEDCA900A1D848 /* ScriptName.cpp */; };
		FF6F99CB1DCEDCA900A1D848 /* ScriptStaticData.cpp in Sources */ = {isa = PBXBuildFile; fileRef = FF6F995F1DCEDCA900A1D848 /* ScriptStaticData.cpp */; };
		FF6F99CC1DCEDCA900A1D848 /* ScriptStaticData.cpp in Sources */ = {isa = PBXBuildFile; fileRef = FF6F995F1DCEDCA900A1D848 /* ScriptStaticData.cpp */; };
		FF6F99CD1DCEDCA900A1D848 /* ScriptSystem.cpp in Sources */ = {isa = PBXBuildFile; fileRef = FF6F99611DCEDCA900A1D848 /* ScriptSystem.cpp */; };
		FF6F99CE1DCEDCA900A1D848 /* ScriptSystem.cpp in Sources */ = {isa = PBXBuildFile; fileRef = FF6F99611DCEDCA900A1D848 /* ScriptSystem.cpp */; };
		FF6F99CF1DCEDCA900A1D848 /* SelectLayer.cpp in Sources */ = {isa = PBXBuildFile; fileRef = FF6F99631DCEDCA900A1D848 /* SelectLayer.cpp */; };
		FF6F99D01DCEDCA900A1D848 /* SelectLayer.cpp in Sources */ = {isa = PBXBuildFile; fileRef = FF6F99631DCEDCA900A1D848 /* SelectLayer.cpp */; };
		FF6F99D11DCEDCA900A1D848 /* SystemLayer.cpp in Sources */ = {isa = PBXBuildFile; fileRef = FF6F99651DCEDCA900A1D848 /* SystemLayer.cpp */; };
		FF6F99D21DCEDCA900A1D848 /* SystemLayer.cpp in Sources */ = {isa = PBXBuildFile; fileRef = FF6F99651DCEDCA900A1D848 /* SystemLayer.cpp */; };
		FF6F99D31DCEDCA900A1D848 /* TextChank.cpp in Sources */ = {isa = PBXBuildFile; fileRef = FF6F99671DCEDCA900A1D848 /* TextChank.cpp */; };
		FF6F99D41DCEDCA900A1D848 /* TextChank.cpp in Sources */ = {isa = PBXBuildFile; fileRef = FF6F99671DCEDCA900A1D848 /* TextChank.cpp */; };
		FF6F99D51DCEDCA900A1D848 /* TextData.cpp in Sources */ = {isa = PBXBuildFile; fileRef = FF6F99691DCEDCA900A1D848 /* TextData.cpp */; };
		FF6F99D61DCEDCA900A1D848 /* TextData.cpp in Sources */ = {isa = PBXBuildFile; fileRef = FF6F99691DCEDCA900A1D848 /* TextData.cpp */; };
		FF6F99D71DCEDCA900A1D848 /* TextLabels.cpp in Sources */ = {isa = PBXBuildFile; fileRef = FF6F996B1DCEDCA900A1D848 /* TextLabels.cpp */; };
		FF6F99D81DCEDCA900A1D848 /* TextLabels.cpp in Sources */ = {isa = PBXBuildFile; fileRef = FF6F996B1DCEDCA900A1D848 /* TextLabels.cpp */; };
		FF6F99D91DCEDCA900A1D848 /* TextScriptAnalysis.cpp in Sources */ = {isa = PBXBuildFile; fileRef = FF6F996D1DCEDCA900A1D848 /* TextScriptAnalysis.cpp */; };
		FF6F99DA1DCEDCA900A1D848 /* TextScriptAnalysis.cpp in Sources */ = {isa = PBXBuildFile; fileRef = FF6F996D1DCEDCA900A1D848 /* TextScriptAnalysis.cpp */; };
		FF6F99DB1DCEDCA900A1D848 /* TextScriptReader.cpp in Sources */ = {isa = PBXBuildFile; fileRef = FF6F996F1DCEDCA900A1D848 /* TextScriptReader.cpp */; };
		FF6F99DC1DCEDCA900A1D848 /* TextScriptReader.cpp in Sources */ = {isa = PBXBuildFile; fileRef = FF6F996F1DCEDCA900A1D848 /* TextScriptReader.cpp */; };
		FF6F99DD1DCEDCA900A1D848 /* TextString.cpp in Sources */ = {isa = PBXBuildFile; fileRef = FF6F99711DCEDCA900A1D848 /* TextString.cpp */; };
		FF6F99DE1DCEDCA900A1D848 /* TextString.cpp in Sources */ = {isa = PBXBuildFile; fileRef = FF6F99711DCEDCA900A1D848 /* TextString.cpp */; };
		FF6F99DF1DCEDCA900A1D848 /* TextTypes.cpp in Sources */ = {isa = PBXBuildFile; fileRef = FF6F99731DCEDCA900A1D848 /* TextTypes.cpp */; };
		FF6F99E01DCEDCA900A1D848 /* TextTypes.cpp in Sources */ = {isa = PBXBuildFile; fileRef = FF6F99731DCEDCA900A1D848 /* TextTypes.cpp */; };
		FF6F99E21DCEDCBA00A1D848 /* res in Resources */ = {isa = PBXBuildFile; fileRef = FF6F99E11DCEDCBA00A1D848 /* res */; };
		FF6F99E31DCEDCBA00A1D848 /* res in Resources */ = {isa = PBXBuildFile; fileRef = FF6F99E11DCEDCBA00A1D848 /* res */; };
/* End PBXBuildFile section */

/* Begin PBXContainerItemProxy section */
		1AC6FAF8180E9839004C840B /* PBXContainerItemProxy */ = {
			isa = PBXContainerItemProxy;
			containerPortal = 1AC6FAE5180E9839004C840B /* cocos2d_libs.xcodeproj */;
			proxyType = 2;
			remoteGlobalIDString = 1551A33F158F2AB200E66CFE;
			remoteInfo = "cocos2dx Mac";
		};
		1AC6FB06180E9839004C840B /* PBXContainerItemProxy */ = {
			isa = PBXContainerItemProxy;
			containerPortal = 1AC6FAE5180E9839004C840B /* cocos2d_libs.xcodeproj */;
			proxyType = 2;
			remoteGlobalIDString = A07A4D641783777C0073F6A7;
			remoteInfo = "cocos2dx iOS";
		};
		1AC6FB15180E9959004C840B /* PBXContainerItemProxy */ = {
			isa = PBXContainerItemProxy;
			containerPortal = 1AC6FAE5180E9839004C840B /* cocos2d_libs.xcodeproj */;
			proxyType = 1;
			remoteGlobalIDString = 1551A33E158F2AB200E66CFE;
			remoteInfo = "cocos2dx Mac";
		};
		1AC6FB24180E99E1004C840B /* PBXContainerItemProxy */ = {
			isa = PBXContainerItemProxy;
			containerPortal = 1AC6FAE5180E9839004C840B /* cocos2d_libs.xcodeproj */;
			proxyType = 1;
			remoteGlobalIDString = A07A4C241783777C0073F6A7;
			remoteInfo = "cocos2dx iOS";
		};
		FF90E05A1DCBECC40059AB43 /* PBXContainerItemProxy */ = {
			isa = PBXContainerItemProxy;
			containerPortal = 1AC6FAE5180E9839004C840B /* cocos2d_libs.xcodeproj */;
			proxyType = 2;
			remoteGlobalIDString = 507B40FD1C31BDD30067B53E;
			remoteInfo = "libcocos2d tvOS";
		};
/* End PBXContainerItemProxy section */

/* Begin PBXFileReference section */
		1AC6FAE5180E9839004C840B /* cocos2d_libs.xcodeproj */ = {isa = PBXFileReference; lastKnownFileType = "wrapper.pb-project"; name = cocos2d_libs.xcodeproj; path = ../cocos2d/build/cocos2d_libs.xcodeproj; sourceTree = "<group>"; };
		1ACB3243164770DE00914215 /* libcurl.a */ = {isa = PBXFileReference; lastKnownFileType = archive.ar; name = libcurl.a; path = ../../cocos2dx/platform/third_party/ios/libraries/libcurl.a; sourceTree = "<group>"; };
		1D30AB110D05D00D00671497 /* Foundation.framework */ = {isa = PBXFileReference; lastKnownFileType = wrapper.framework; name = Foundation.framework; path = System/Library/Frameworks/Foundation.framework; sourceTree = SDKROOT; };
		1D6058910D05DD3D006BFB54 /* cocos2dx-mobile.app */ = {isa = PBXFileReference; explicitFileType = wrapper.application; includeInIndex = 0; path = "cocos2dx-mobile.app"; sourceTree = BUILT_PRODUCTS_DIR; };
		1DF5F4DF0D08C38300B7A737 /* UIKit.framework */ = {isa = PBXFileReference; lastKnownFileType = wrapper.framework; name = UIKit.framework; path = System/Library/Frameworks/UIKit.framework; sourceTree = SDKROOT; };
		288765A40DF7441C002DB57D /* CoreGraphics.framework */ = {isa = PBXFileReference; lastKnownFileType = wrapper.framework; name = CoreGraphics.framework; path = System/Library/Frameworks/CoreGraphics.framework; sourceTree = SDKROOT; };
		294D0D631D0D56D500F7F5D4 /* CoreText.framework */ = {isa = PBXFileReference; lastKnownFileType = wrapper.framework; name = CoreText.framework; path = Platforms/iPhoneOS.platform/Developer/SDKs/iPhoneOS9.3.sdk/System/Library/Frameworks/CoreText.framework; sourceTree = DEVELOPER_DIR; };
		503AE0F617EB97AB00D1A890 /* Icon.icns */ = {isa = PBXFileReference; lastKnownFileType = image.icns; path = Icon.icns; sourceTree = "<group>"; };
		503AE0F717EB97AB00D1A890 /* Info.plist */ = {isa = PBXFileReference; fileEncoding = 4; lastKnownFileType = text.plist.xml; path = Info.plist; sourceTree = "<group>"; };
		503AE0FA17EB989F00D1A890 /* AppController.h */ = {isa = PBXFileReference; fileEncoding = 4; lastKnownFileType = sourcecode.c.h; name = AppController.h; path = ios/AppController.h; sourceTree = SOURCE_ROOT; };
		503AE0FB17EB989F00D1A890 /* AppController.mm */ = {isa = PBXFileReference; fileEncoding = 4; lastKnownFileType = sourcecode.cpp.objcpp; name = AppController.mm; path = ios/AppController.mm; sourceTree = SOURCE_ROOT; };
		503AE0FC17EB989F00D1A890 /* main.m */ = {isa = PBXFileReference; fileEncoding = 4; lastKnownFileType = sourcecode.c.objc; name = main.m; path = ios/main.m; sourceTree = SOURCE_ROOT; };
		503AE0FD17EB989F00D1A890 /* Prefix.pch */ = {isa = PBXFileReference; fileEncoding = 4; lastKnownFileType = sourcecode.c.h; name = Prefix.pch; path = ios/Prefix.pch; sourceTree = SOURCE_ROOT; };
		503AE0FE17EB989F00D1A890 /* RootViewController.h */ = {isa = PBXFileReference; fileEncoding = 4; lastKnownFileType = sourcecode.c.h; name = RootViewController.h; path = ios/RootViewController.h; sourceTree = SOURCE_ROOT; };
		503AE0FF17EB989F00D1A890 /* RootViewController.mm */ = {isa = PBXFileReference; fileEncoding = 4; lastKnownFileType = sourcecode.cpp.objcpp; name = RootViewController.mm; path = ios/RootViewController.mm; sourceTree = SOURCE_ROOT; };
		503AE10317EB98FF00D1A890 /* main.cpp */ = {isa = PBXFileReference; fileEncoding = 4; lastKnownFileType = sourcecode.cpp.cpp; name = main.cpp; path = mac/main.cpp; sourceTree = "<group>"; };
		503AE10417EB98FF00D1A890 /* Prefix.pch */ = {isa = PBXFileReference; fileEncoding = 4; lastKnownFileType = sourcecode.c.h; name = Prefix.pch; path = mac/Prefix.pch; sourceTree = "<group>"; };
		503AE11117EB99EE00D1A890 /* libcurl.dylib */ = {isa = PBXFileReference; lastKnownFileType = "compiled.mach-o.dylib"; name = libcurl.dylib; path = usr/lib/libcurl.dylib; sourceTree = SDKROOT; };
		503AE11A17EB9C5A00D1A890 /* IOKit.framework */ = {isa = PBXFileReference; lastKnownFileType = wrapper.framework; name = IOKit.framework; path = System/Library/Frameworks/IOKit.framework; sourceTree = SDKROOT; };
		5087E76F17EB910900C73F5D /* cocos2dx-desktop.app */ = {isa = PBXFileReference; explicitFileType = wrapper.application; includeInIndex = 0; path = "cocos2dx-desktop.app"; sourceTree = BUILT_PRODUCTS_DIR; };
		5087E77217EB970100C73F5D /* Default-568h@2x.png */ = {isa = PBXFileReference; lastKnownFileType = image.png; path = "Default-568h@2x.png"; sourceTree = "<group>"; };
		5087E77317EB970100C73F5D /* Default.png */ = {isa = PBXFileReference; lastKnownFileType = image.png; path = Default.png; sourceTree = "<group>"; };
		5087E77417EB970100C73F5D /* Default@2x.png */ = {isa = PBXFileReference; lastKnownFileType = image.png; path = "Default@2x.png"; sourceTree = "<group>"; };
		5087E77517EB970100C73F5D /* Icon-114.png */ = {isa = PBXFileReference; lastKnownFileType = image.png; path = "Icon-114.png"; sourceTree = "<group>"; };
		5087E77617EB970100C73F5D /* Icon-120.png */ = {isa = PBXFileReference; lastKnownFileType = image.png; path = "Icon-120.png"; sourceTree = "<group>"; };
		5087E77717EB970100C73F5D /* Icon-144.png */ = {isa = PBXFileReference; lastKnownFileType = image.png; path = "Icon-144.png"; sourceTree = "<group>"; };
		5087E77817EB970100C73F5D /* Icon-152.png */ = {isa = PBXFileReference; lastKnownFileType = image.png; path = "Icon-152.png"; sourceTree = "<group>"; };
		5087E77917EB970100C73F5D /* Icon-57.png */ = {isa = PBXFileReference; lastKnownFileType = image.png; path = "Icon-57.png"; sourceTree = "<group>"; };
		5087E77A17EB970100C73F5D /* Icon-72.png */ = {isa = PBXFileReference; lastKnownFileType = image.png; path = "Icon-72.png"; sourceTree = "<group>"; };
		5087E77B17EB970100C73F5D /* Icon-76.png */ = {isa = PBXFileReference; lastKnownFileType = image.png; path = "Icon-76.png"; sourceTree = "<group>"; };
		5087E77C17EB970100C73F5D /* Info.plist */ = {isa = PBXFileReference; fileEncoding = 4; lastKnownFileType = text.plist.xml; path = Info.plist; sourceTree = "<group>"; };
		5087E78817EB974C00C73F5D /* AppKit.framework */ = {isa = PBXFileReference; lastKnownFileType = wrapper.framework; name = AppKit.framework; path = System/Library/Frameworks/AppKit.framework; sourceTree = SDKROOT; };
		5087E78A17EB975400C73F5D /* OpenGL.framework */ = {isa = PBXFileReference; lastKnownFileType = wrapper.framework; name = OpenGL.framework; path = System/Library/Frameworks/OpenGL.framework; sourceTree = SDKROOT; };
		50EF629217ECD46A001EB2F8 /* Icon-40.png */ = {isa = PBXFileReference; lastKnownFileType = image.png; path = "Icon-40.png"; sourceTree = "<group>"; };
		50EF629317ECD46A001EB2F8 /* Icon-58.png */ = {isa = PBXFileReference; lastKnownFileType = image.png; path = "Icon-58.png"; sourceTree = "<group>"; };
		50EF629417ECD46A001EB2F8 /* Icon-80.png */ = {isa = PBXFileReference; lastKnownFileType = image.png; path = "Icon-80.png"; sourceTree = "<group>"; };
		50EF629517ECD46A001EB2F8 /* Icon-100.png */ = {isa = PBXFileReference; lastKnownFileType = image.png; path = "Icon-100.png"; sourceTree = "<group>"; };
		50EF62A017ECD613001EB2F8 /* Icon-29.png */ = {isa = PBXFileReference; lastKnownFileType = image.png; path = "Icon-29.png"; sourceTree = "<group>"; };
		50EF62A117ECD613001EB2F8 /* Icon-50.png */ = {isa = PBXFileReference; lastKnownFileType = image.png; path = "Icon-50.png"; sourceTree = "<group>"; };
		521A8E6219F0C34300D177D7 /* Default-667h@2x.png */ = {isa = PBXFileReference; lastKnownFileType = image.png; path = "Default-667h@2x.png"; sourceTree = "<group>"; };
		521A8E6319F0C34300D177D7 /* Default-736h@3x.png */ = {isa = PBXFileReference; lastKnownFileType = image.png; path = "Default-736h@3x.png"; sourceTree = "<group>"; };
		52B47A461A53D09B004E4C60 /* Security.framework */ = {isa = PBXFileReference; lastKnownFileType = wrapper.framework; name = Security.framework; path = Platforms/iPhoneOS.platform/Developer/SDKs/iPhoneOS8.1.sdk/System/Library/Frameworks/Security.framework; sourceTree = DEVELOPER_DIR; };
		8262943D1AAF051F00CB7CF7 /* Security.framework */ = {isa = PBXFileReference; lastKnownFileType = wrapper.framework; name = Security.framework; path = System/Library/Frameworks/Security.framework; sourceTree = SDKROOT; };
		BF170DB012928DE900B8313A /* OpenGLES.framework */ = {isa = PBXFileReference; lastKnownFileType = wrapper.framework; name = OpenGLES.framework; path = System/Library/Frameworks/OpenGLES.framework; sourceTree = SDKROOT; };
		BF170DB412928DE900B8313A /* libz.dylib */ = {isa = PBXFileReference; lastKnownFileType = "compiled.mach-o.dylib"; name = libz.dylib; path = usr/lib/libz.dylib; sourceTree = SDKROOT; };
		BF1C47EA1293683800B63C5D /* QuartzCore.framework */ = {isa = PBXFileReference; lastKnownFileType = wrapper.framework; name = QuartzCore.framework; path = System/Library/Frameworks/QuartzCore.framework; sourceTree = SDKROOT; };
		D44C620B132DFF330009C878 /* OpenAL.framework */ = {isa = PBXFileReference; lastKnownFileType = wrapper.framework; name = OpenAL.framework; path = System/Library/Frameworks/OpenAL.framework; sourceTree = SDKROOT; };
		D44C620D132DFF430009C878 /* AVFoundation.framework */ = {isa = PBXFileReference; lastKnownFileType = wrapper.framework; name = AVFoundation.framework; path = System/Library/Frameworks/AVFoundation.framework; sourceTree = SDKROOT; };
		D44C620F132DFF4E0009C878 /* AudioToolbox.framework */ = {isa = PBXFileReference; lastKnownFileType = wrapper.framework; name = AudioToolbox.framework; path = System/Library/Frameworks/AudioToolbox.framework; sourceTree = SDKROOT; };
		D6B0611A1803AB670077942B /* CoreMotion.framework */ = {isa = PBXFileReference; lastKnownFileType = wrapper.framework; name = CoreMotion.framework; path = Platforms/iPhoneOS.platform/Developer/SDKs/iPhoneOS7.0.sdk/System/Library/Frameworks/CoreMotion.framework; sourceTree = DEVELOPER_DIR; };
		ED545A7B1B68A1F400C3958E /* libiconv.dylib */ = {isa = PBXFileReference; lastKnownFileType = "compiled.mach-o.dylib"; name = libiconv.dylib; path = Platforms/iPhoneOS.platform/Developer/SDKs/iPhoneOS8.4.sdk/usr/lib/libiconv.dylib; sourceTree = DEVELOPER_DIR; };
		ED545A7D1B68A1FA00C3958E /* libiconv.dylib */ = {isa = PBXFileReference; lastKnownFileType = "compiled.mach-o.dylib"; name = libiconv.dylib; path = usr/lib/libiconv.dylib; sourceTree = SDKROOT; };
		FF6F99031DCEDCA800A1D848 /* AppDelegate.cpp */ = {isa = PBXFileReference; fileEncoding = 4; lastKnownFileType = sourcecode.cpp.cpp; path = AppDelegate.cpp; sourceTree = "<group>"; };
		FF6F99041DCEDCA800A1D848 /* AppDelegate.h */ = {isa = PBXFileReference; fileEncoding = 4; lastKnownFileType = sourcecode.c.h; path = AppDelegate.h; sourceTree = "<group>"; };
		FF6F99061DCEDCA800A1D848 /* ClassMaker.exe */ = {isa = PBXFileReference; lastKnownFileType = file; path = ClassMaker.exe; sourceTree = "<group>"; };
		FF6F99081DCEDCA800A1D848 /* EnvironmentDefaultData.cpp */ = {isa = PBXFileReference; fileEncoding = 4; lastKnownFileType = sourcecode.cpp.cpp; path = EnvironmentDefaultData.cpp; sourceTree = "<group>"; };
		FF6F99091DCEDCA800A1D848 /* EnvironmentDefaultData.h */ = {isa = PBXFileReference; fileEncoding = 4; lastKnownFileType = sourcecode.c.h; path = EnvironmentDefaultData.h; sourceTree = "<group>"; };
		FF6F991B1DCEDCA900A1D848 /* BGManager.cpp */ = {isa = PBXFileReference; fileEncoding = 4; lastKnownFileType = sourcecode.cpp.cpp; path = BGManager.cpp; sourceTree = "<group>"; };
		FF6F991C1DCEDCA900A1D848 /* BGManager.h */ = {isa = PBXFileReference; fileEncoding = 4; lastKnownFileType = sourcecode.c.h; path = BGManager.h; sourceTree = "<group>"; };
		FF6F991D1DCEDCA900A1D848 /* ClassMaker.exe */ = {isa = PBXFileReference; lastKnownFileType = file; path = ClassMaker.exe; sourceTree = "<group>"; };
		FF6F991E1DCEDCA900A1D848 /* FrameLayer.cpp */ = {isa = PBXFileReference; fileEncoding = 4; lastKnownFileType = sourcecode.cpp.cpp; path = FrameLayer.cpp; sourceTree = "<group>"; };
		FF6F991F1DCEDCA900A1D848 /* FrameLayer.h */ = {isa = PBXFileReference; fileEncoding = 4; lastKnownFileType = sourcecode.c.h; path = FrameLayer.h; sourceTree = "<group>"; };
		FF6F99201DCEDCA900A1D848 /* Home.cpp */ = {isa = PBXFileReference; fileEncoding = 4; lastKnownFileType = sourcecode.cpp.cpp; path = Home.cpp; sourceTree = "<group>"; };
		FF6F99211DCEDCA900A1D848 /* Home.h */ = {isa = PBXFileReference; fileEncoding = 4; lastKnownFileType = sourcecode.c.h; path = Home.h; sourceTree = "<group>"; };
		FF6F99221DCEDCA900A1D848 /* SceneBreeding.cpp */ = {isa = PBXFileReference; fileEncoding = 4; lastKnownFileType = sourcecode.cpp.cpp; path = SceneBreeding.cpp; sourceTree = "<group>"; };
		FF6F99231DCEDCA900A1D848 /* SceneBreeding.h */ = {isa = PBXFileReference; fileEncoding = 4; lastKnownFileType = sourcecode.c.h; path = SceneBreeding.h; sourceTree = "<group>"; };
		FF6F99241DCEDCA900A1D848 /* Test.cpp */ = {isa = PBXFileReference; fileEncoding = 4; lastKnownFileType = sourcecode.cpp.cpp; path = Test.cpp; sourceTree = "<group>"; };
		FF6F99251DCEDCA900A1D848 /* Test.h */ = {isa = PBXFileReference; fileEncoding = 4; lastKnownFileType = sourcecode.c.h; path = Test.h; sourceTree = "<group>"; };
		FF6F99261DCEDCA900A1D848 /* UIManager.cpp */ = {isa = PBXFileReference; fileEncoding = 4; lastKnownFileType = sourcecode.cpp.cpp; path = UIManager.cpp; sourceTree = "<group>"; };
		FF6F99271DCEDCA900A1D848 /* UIManager.h */ = {isa = PBXFileReference; fileEncoding = 4; lastKnownFileType = sourcecode.c.h; path = UIManager.h; sourceTree = "<group>"; };
		FF6F99281DCEDCA900A1D848 /* VariousStatus.h */ = {isa = PBXFileReference; fileEncoding = 4; lastKnownFileType = sourcecode.c.h; path = VariousStatus.h; sourceTree = "<group>"; };
		FF6F99291DCEDCA900A1D848 /* ClassMaker.exe */ = {isa = PBXFileReference; lastKnownFileType = file; path = ClassMaker.exe; sourceTree = "<group>"; };
		FF6F992B1DCEDCA900A1D848 /* LayerIsland.cpp */ = {isa = PBXFileReference; fileEncoding = 4; lastKnownFileType = sourcecode.cpp.cpp; path = LayerIsland.cpp; sourceTree = "<group>"; };
		FF6F992C1DCEDCA900A1D848 /* LayerIsland.h */ = {isa = PBXFileReference; fileEncoding = 4; lastKnownFileType = sourcecode.c.h; path = LayerIsland.h; sourceTree = "<group>"; };
		FF6F992D1DCEDCA900A1D848 /* SceneIslandMap.cpp */ = {isa = PBXFileReference; fileEncoding = 4; lastKnownFileType = sourcecode.cpp.cpp; path = SceneIslandMap.cpp; sourceTree = "<group>"; };
		FF6F992E1DCEDCA900A1D848 /* SceneIslandMap.h */ = {isa = PBXFileReference; fileEncoding = 4; lastKnownFileType = sourcecode.c.h; path = SceneIslandMap.h; sourceTree = "<group>"; };
		FF6F992F1DCEDCA900A1D848 /* LayerBase.cpp */ = {isa = PBXFileReference; fileEncoding = 4; lastKnownFileType = sourcecode.cpp.cpp; path = LayerBase.cpp; sourceTree = "<group>"; };
		FF6F99301DCEDCA900A1D848 /* LayerBase.h */ = {isa = PBXFileReference; fileEncoding = 4; lastKnownFileType = sourcecode.c.h; path = LayerBase.h; sourceTree = "<group>"; };
		FF6F99321DCEDCA900A1D848 /* ClassMaker.exe */ = {isa = PBXFileReference; lastKnownFileType = file; path = ClassMaker.exe; sourceTree = "<group>"; };
		FF6F99331DCEDCA900A1D848 /* LayerFia.cpp */ = {isa = PBXFileReference; fileEncoding = 4; lastKnownFileType = sourcecode.cpp.cpp; path = LayerFia.cpp; sourceTree = "<group>"; };
		FF6F99341DCEDCA900A1D848 /* LayerFia.h */ = {isa = PBXFileReference; fileEncoding = 4; lastKnownFileType = sourcecode.c.h; path = LayerFia.h; sourceTree = "<group>"; };
		FF6F99351DCEDCA900A1D848 /* LayerWater.cpp */ = {isa = PBXFileReference; fileEncoding = 4; lastKnownFileType = sourcecode.cpp.cpp; path = LayerWater.cpp; sourceTree = "<group>"; };
		FF6F99361DCEDCA900A1D848 /* LayerWater.h */ = {isa = PBXFileReference; fileEncoding = 4; lastKnownFileType = sourcecode.c.h; path = LayerWater.h; sourceTree = "<group>"; };
		FF6F99371DCEDCA900A1D848 /* SceneSample.cpp */ = {isa = PBXFileReference; fileEncoding = 4; lastKnownFileType = sourcecode.cpp.cpp; path = SceneSample.cpp; sourceTree = "<group>"; };
		FF6F99381DCEDCA900A1D848 /* SceneSample.h */ = {isa = PBXFileReference; fileEncoding = 4; lastKnownFileType = sourcecode.c.h; path = SceneSample.h; sourceTree = "<group>"; };
		FF6F99391DCEDCA900A1D848 /* SceneBase.cpp */ = {isa = PBXFileReference; fileEncoding = 4; lastKnownFileType = sourcecode.cpp.cpp; path = SceneBase.cpp; sourceTree = "<group>"; };
		FF6F993A1DCEDCA900A1D848 /* SceneBase.h */ = {isa = PBXFileReference; fileEncoding = 4; lastKnownFileType = sourcecode.c.h; path = SceneBase.h; sourceTree = "<group>"; };
		FF6F993B1DCEDCA900A1D848 /* SceneManager.cpp */ = {isa = PBXFileReference; fileEncoding = 4; lastKnownFileType = sourcecode.cpp.cpp; path = SceneManager.cpp; sourceTree = "<group>"; };
		FF6F993C1DCEDCA900A1D848 /* SceneManager.h */ = {isa = PBXFileReference; fileEncoding = 4; lastKnownFileType = sourcecode.c.h; path = SceneManager.h; sourceTree = "<group>"; };
		FF6F993E1DCEDCA900A1D848 /* SceneTitle.cpp */ = {isa = PBXFileReference; fileEncoding = 4; lastKnownFileType = sourcecode.cpp.cpp; path = SceneTitle.cpp; sourceTree = "<group>"; };
		FF6F993F1DCEDCA900A1D848 /* SceneTitle.h */ = {isa = PBXFileReference; fileEncoding = 4; lastKnownFileType = sourcecode.c.h; path = SceneTitle.h; sourceTree = "<group>"; };
		FF6F99401DCEDCA900A1D848 /* TitleManager.cpp */ = {isa = PBXFileReference; fileEncoding = 4; lastKnownFileType = sourcecode.cpp.cpp; path = TitleManager.cpp; sourceTree = "<group>"; };
		FF6F99411DCEDCA900A1D848 /* TitleManager.h */ = {isa = PBXFileReference; fileEncoding = 4; lastKnownFileType = sourcecode.c.h; path = TitleManager.h; sourceTree = "<group>"; };
		FF6F99431DCEDCA900A1D848 /* EventListenerGesture.cpp */ = {isa = PBXFileReference; fileEncoding = 4; lastKnownFileType = sourcecode.cpp.cpp; path = EventListenerGesture.cpp; sourceTree = "<group>"; };
		FF6F99441DCEDCA900A1D848 /* EventListenerGesture.h */ = {isa = PBXFileReference; fileEncoding = 4; lastKnownFileType = sourcecode.c.h; path = EventListenerGesture.h; sourceTree = "<group>"; };
		FF6F99461DCEDCA900A1D848 /* BackgroundLayer.cpp */ = {isa = PBXFileReference; fileEncoding = 4; lastKnownFileType = sourcecode.cpp.cpp; path = BackgroundLayer.cpp; sourceTree = "<group>"; };
		FF6F99471DCEDCA900A1D848 /* BackgroundLayer.h */ = {isa = PBXFileReference; fileEncoding = 4; lastKnownFileType = sourcecode.c.h; path = BackgroundLayer.h; sourceTree = "<group>"; };
		FF6F99481DCEDCA900A1D848 /* ClassMaker.exe */ = {isa = PBXFileReference; lastKnownFileType = file; path = ClassMaker.exe; sourceTree = "<group>"; };
		FF6F99491DCEDCA900A1D848 /* HumanLayer.cpp */ = {isa = PBXFileReference; fileEncoding = 4; lastKnownFileType = sourcecode.cpp.cpp; path = HumanLayer.cpp; sourceTree = "<group>"; };
		FF6F994A1DCEDCA900A1D848 /* HumanLayer.h */ = {isa = PBXFileReference; fileEncoding = 4; lastKnownFileType = sourcecode.c.h; path = HumanLayer.h; sourceTree = "<group>"; };
		FF6F994B1DCEDCA900A1D848 /* ModalLayer.cpp */ = {isa = PBXFileReference; fileEncoding = 4; lastKnownFileType = sourcecode.cpp.cpp; path = ModalLayer.cpp; sourceTree = "<group>"; };
		FF6F994C1DCEDCA900A1D848 /* ModalLayer.h */ = {isa = PBXFileReference; fileEncoding = 4; lastKnownFileType = sourcecode.c.h; path = ModalLayer.h; sourceTree = "<group>"; };
		FF6F994D1DCEDCA900A1D848 /* NameLayer.cpp */ = {isa = PBXFileReference; fileEncoding = 4; lastKnownFileType = sourcecode.cpp.cpp; path = NameLayer.cpp; sourceTree = "<group>"; };
		FF6F994E1DCEDCA900A1D848 /* NameLayer.h */ = {isa = PBXFileReference; fileEncoding = 4; lastKnownFileType = sourcecode.c.h; path = NameLayer.h; sourceTree = "<group>"; };
		FF6F994F1DCEDCA900A1D848 /* NovelLayer.cpp */ = {isa = PBXFileReference; fileEncoding = 4; lastKnownFileType = sourcecode.cpp.cpp; path = NovelLayer.cpp; sourceTree = "<group>"; };
		FF6F99501DCEDCA900A1D848 /* NovelLayer.h */ = {isa = PBXFileReference; fileEncoding = 4; lastKnownFileType = sourcecode.c.h; path = NovelLayer.h; sourceTree = "<group>"; };
		FF6F99511DCEDCA900A1D848 /* OptionalValues.cpp */ = {isa = PBXFileReference; fileEncoding = 4; lastKnownFileType = sourcecode.cpp.cpp; path = OptionalValues.cpp; sourceTree = "<group>"; };
		FF6F99521DCEDCA900A1D848 /* OptionalValues.h */ = {isa = PBXFileReference; fileEncoding = 4; lastKnownFileType = sourcecode.c.h; path = OptionalValues.h; sourceTree = "<group>"; };
		FF6F99531DCEDCA900A1D848 /* SceneYumayo.cpp */ = {isa = PBXFileReference; fileEncoding = 4; lastKnownFileType = sourcecode.cpp.cpp; path = SceneYumayo.cpp; sourceTree = "<group>"; };
		FF6F99541DCEDCA900A1D848 /* SceneYumayo.h */ = {isa = PBXFileReference; fileEncoding = 4; lastKnownFileType = sourcecode.c.h; path = SceneYumayo.h; sourceTree = "<group>"; };
		FF6F99551DCEDCA900A1D848 /* ScriptBackground.cpp */ = {isa = PBXFileReference; fileEncoding = 4; lastKnownFileType = sourcecode.cpp.cpp; path = ScriptBackground.cpp; sourceTree = "<group>"; };
		FF6F99561DCEDCA900A1D848 /* ScriptBackground.h */ = {isa = PBXFileReference; fileEncoding = 4; lastKnownFileType = sourcecode.c.h; path = ScriptBackground.h; sourceTree = "<group>"; };
		FF6F99571DCEDCA900A1D848 /* ScriptBase.cpp */ = {isa = PBXFileReference; fileEncoding = 4; lastKnownFileType = sourcecode.cpp.cpp; path = ScriptBase.cpp; sourceTree = "<group>"; };
		FF6F99581DCEDCA900A1D848 /* ScriptBase.h */ = {isa = PBXFileReference; fileEncoding = 4; lastKnownFileType = sourcecode.c.h; path = ScriptBase.h; sourceTree = "<group>"; };
		FF6F99591DCEDCA900A1D848 /* ScriptHuman.cpp */ = {isa = PBXFileReference; fileEncoding = 4; lastKnownFileType = sourcecode.cpp.cpp; path = ScriptHuman.cpp; sourceTree = "<group>"; };
		FF6F995A1DCEDCA900A1D848 /* ScriptHuman.h */ = {isa = PBXFileReference; fileEncoding = 4; lastKnownFileType = sourcecode.c.h; path = ScriptHuman.h; sourceTree = "<group>"; };
		FF6F995B1DCEDCA900A1D848 /* ScriptInstruction.cpp */ = {isa = PBXFileReference; fileEncoding = 4; lastKnownFileType = sourcecode.cpp.cpp; path = ScriptInstruction.cpp; sourceTree = "<group>"; };
		FF6F995C1DCEDCA900A1D848 /* ScriptInstruction.h */ = {isa = PBXFileReference; fileEncoding = 4; lastKnownFileType = sourcecode.c.h; path = ScriptInstruction.h; sourceTree = "<group>"; };
		FF6F995D1DCEDCA900A1D848 /* ScriptName.cpp */ = {isa = PBXFileReference; fileEncoding = 4; lastKnownFileType = sourcecode.cpp.cpp; path = ScriptName.cpp; sourceTree = "<group>"; };
		FF6F995E1DCEDCA900A1D848 /* ScriptName.h */ = {isa = PBXFileReference; fileEncoding = 4; lastKnownFileType = sourcecode.c.h; path = ScriptName.h; sourceTree = "<group>"; };
		FF6F995F1DCEDCA900A1D848 /* ScriptStaticData.cpp */ = {isa = PBXFileReference; fileEncoding = 4; lastKnownFileType = sourcecode.cpp.cpp; path = ScriptStaticData.cpp; sourceTree = "<group>"; };
		FF6F99601DCEDCA900A1D848 /* ScriptStaticData.h */ = {isa = PBXFileReference; fileEncoding = 4; lastKnownFileType = sourcecode.c.h; path = ScriptStaticData.h; sourceTree = "<group>"; };
		FF6F99611DCEDCA900A1D848 /* ScriptSystem.cpp */ = {isa = PBXFileReference; fileEncoding = 4; lastKnownFileType = sourcecode.cpp.cpp; path = ScriptSystem.cpp; sourceTree = "<group>"; };
		FF6F99621DCEDCA900A1D848 /* ScriptSystem.h */ = {isa = PBXFileReference; fileEncoding = 4; lastKnownFileType = sourcecode.c.h; path = ScriptSystem.h; sourceTree = "<group>"; };
		FF6F99631DCEDCA900A1D848 /* SelectLayer.cpp */ = {isa = PBXFileReference; fileEncoding = 4; lastKnownFileType = sourcecode.cpp.cpp; path = SelectLayer.cpp; sourceTree = "<group>"; };
		FF6F99641DCEDCA900A1D848 /* SelectLayer.h */ = {isa = PBXFileReference; fileEncoding = 4; lastKnownFileType = sourcecode.c.h; path = SelectLayer.h; sourceTree = "<group>"; };
		FF6F99651DCEDCA900A1D848 /* SystemLayer.cpp */ = {isa = PBXFileReference; fileEncoding = 4; lastKnownFileType = sourcecode.cpp.cpp; path = SystemLayer.cpp; sourceTree = "<group>"; };
		FF6F99661DCEDCA900A1D848 /* SystemLayer.h */ = {isa = PBXFileReference; fileEncoding = 4; lastKnownFileType = sourcecode.c.h; path = SystemLayer.h; sourceTree = "<group>"; };
		FF6F99671DCEDCA900A1D848 /* TextChank.cpp */ = {isa = PBXFileReference; fileEncoding = 4; lastKnownFileType = sourcecode.cpp.cpp; path = TextChank.cpp; sourceTree = "<group>"; };
		FF6F99681DCEDCA900A1D848 /* TextChank.h */ = {isa = PBXFileReference; fileEncoding = 4; lastKnownFileType = sourcecode.c.h; path = TextChank.h; sourceTree = "<group>"; };
		FF6F99691DCEDCA900A1D848 /* TextData.cpp */ = {isa = PBXFileReference; fileEncoding = 4; lastKnownFileType = sourcecode.cpp.cpp; path = TextData.cpp; sourceTree = "<group>"; };
		FF6F996A1DCEDCA900A1D848 /* TextData.h */ = {isa = PBXFileReference; fileEncoding = 4; lastKnownFileType = sourcecode.c.h; path = TextData.h; sourceTree = "<group>"; };
		FF6F996B1DCEDCA900A1D848 /* TextLabels.cpp */ = {isa = PBXFileReference; fileEncoding = 4; lastKnownFileType = sourcecode.cpp.cpp; path = TextLabels.cpp; sourceTree = "<group>"; };
		FF6F996C1DCEDCA900A1D848 /* TextLabels.h */ = {isa = PBXFileReference; fileEncoding = 4; lastKnownFileType = sourcecode.c.h; path = TextLabels.h; sourceTree = "<group>"; };
		FF6F996D1DCEDCA900A1D848 /* TextScriptAnalysis.cpp */ = {isa = PBXFileReference; fileEncoding = 4; lastKnownFileType = sourcecode.cpp.cpp; path = TextScriptAnalysis.cpp; sourceTree = "<group>"; };
		FF6F996E1DCEDCA900A1D848 /* TextScriptAnalysis.h */ = {isa = PBXFileReference; fileEncoding = 4; lastKnownFileType = sourcecode.c.h; path = TextScriptAnalysis.h; sourceTree = "<group>"; };
		FF6F996F1DCEDCA900A1D848 /* TextScriptReader.cpp */ = {isa = PBXFileReference; fileEncoding = 4; lastKnownFileType = sourcecode.cpp.cpp; path = TextScriptReader.cpp; sourceTree = "<group>"; };
		FF6F99701DCEDCA900A1D848 /* TextScriptReader.h */ = {isa = PBXFileReference; fileEncoding = 4; lastKnownFileType = sourcecode.c.h; path = TextScriptReader.h; sourceTree = "<group>"; };
		FF6F99711DCEDCA900A1D848 /* TextString.cpp */ = {isa = PBXFileReference; fileEncoding = 4; lastKnownFileType = sourcecode.cpp.cpp; path = TextString.cpp; sourceTree = "<group>"; };
		FF6F99721DCEDCA900A1D848 /* TextString.h */ = {isa = PBXFileReference; fileEncoding = 4; lastKnownFileType = sourcecode.c.h; path = TextString.h; sourceTree = "<group>"; };
		FF6F99731DCEDCA900A1D848 /* TextTypes.cpp */ = {isa = PBXFileReference; fileEncoding = 4; lastKnownFileType = sourcecode.cpp.cpp; path = TextTypes.cpp; sourceTree = "<group>"; };
		FF6F99741DCEDCA900A1D848 /* TextTypes.hpp */ = {isa = PBXFileReference; fileEncoding = 4; lastKnownFileType = sourcecode.cpp.h; path = TextTypes.hpp; sourceTree = "<group>"; };
		FF6F99E11DCEDCBA00A1D848 /* res */ = {isa = PBXFileReference; lastKnownFileType = folder; path = res; sourceTree = "<group>"; };
/* End PBXFileReference section */

/* Begin PBXFrameworksBuildPhase section */
		1D60588F0D05DD3D006BFB54 /* Frameworks */ = {
			isa = PBXFrameworksBuildPhase;
			buildActionMask = 2147483647;
			files = (
				294D0D641D0D56D500F7F5D4 /* CoreText.framework in Frameworks */,
				ED545A7C1B68A1F400C3958E /* libiconv.dylib in Frameworks */,
				52B47A471A53D09C004E4C60 /* Security.framework in Frameworks */,
				1AC6FB30180E99EB004C840B /* libcocos2d iOS.a in Frameworks */,
				D6B0611B1803AB670077942B /* CoreMotion.framework in Frameworks */,
				1D60589F0D05DD5A006BFB54 /* Foundation.framework in Frameworks */,
				1DF5F4E00D08C38300B7A737 /* UIKit.framework in Frameworks */,
				288765A50DF7441C002DB57D /* CoreGraphics.framework in Frameworks */,
				BF171245129291EC00B8313A /* OpenGLES.framework in Frameworks */,
				BF1712471292920000B8313A /* libz.dylib in Frameworks */,
				BF1C47F01293687400B63C5D /* QuartzCore.framework in Frameworks */,
				D44C620C132DFF330009C878 /* OpenAL.framework in Frameworks */,
				D44C620E132DFF430009C878 /* AVFoundation.framework in Frameworks */,
				D44C6210132DFF4E0009C878 /* AudioToolbox.framework in Frameworks */,
			);
			runOnlyForDeploymentPostprocessing = 0;
		};
		5087E75C17EB910900C73F5D /* Frameworks */ = {
			isa = PBXFrameworksBuildPhase;
			buildActionMask = 2147483647;
			files = (
				ED545A7E1B68A1FA00C3958E /* libiconv.dylib in Frameworks */,
				1AC6FB21180E996B004C840B /* libcocos2d Mac.a in Frameworks */,
				5087E76717EB910900C73F5D /* libz.dylib in Frameworks */,
				8262943E1AAF051F00CB7CF7 /* Security.framework in Frameworks */,
				503AE11B17EB9C5A00D1A890 /* IOKit.framework in Frameworks */,
				5087E78B17EB975400C73F5D /* OpenGL.framework in Frameworks */,
				5087E78917EB974C00C73F5D /* AppKit.framework in Frameworks */,
				5087E76317EB910900C73F5D /* Foundation.framework in Frameworks */,
				5087E76817EB910900C73F5D /* QuartzCore.framework in Frameworks */,
				5087E76917EB910900C73F5D /* OpenAL.framework in Frameworks */,
				5087E76A17EB910900C73F5D /* AVFoundation.framework in Frameworks */,
				5087E76B17EB910900C73F5D /* AudioToolbox.framework in Frameworks */,
			);
			runOnlyForDeploymentPostprocessing = 0;
		};
/* End PBXFrameworksBuildPhase section */

/* Begin PBXGroup section */
		080E96DDFE201D6D7F000001 /* ios */ = {
			isa = PBXGroup;
			children = (
				5087E77117EB970100C73F5D /* Icons */,
				503AE0FA17EB989F00D1A890 /* AppController.h */,
				503AE0FB17EB989F00D1A890 /* AppController.mm */,
				503AE0FC17EB989F00D1A890 /* main.m */,
				503AE0FD17EB989F00D1A890 /* Prefix.pch */,
				503AE0FE17EB989F00D1A890 /* RootViewController.h */,
				503AE0FF17EB989F00D1A890 /* RootViewController.mm */,
			);
			name = ios;
			path = Classes;
			sourceTree = "<group>";
		};
		19C28FACFE9D520D11CA2CBB /* Products */ = {
			isa = PBXGroup;
			children = (
				1D6058910D05DD3D006BFB54 /* cocos2dx-mobile.app */,
				5087E76F17EB910900C73F5D /* cocos2dx-desktop.app */,
			);
			name = Products;
			sourceTree = "<group>";
		};
		1AC6FAE6180E9839004C840B /* Products */ = {
			isa = PBXGroup;
			children = (
				1AC6FAF9180E9839004C840B /* libcocos2d Mac.a */,
				1AC6FB07180E9839004C840B /* libcocos2d iOS.a */,
				FF90E05B1DCBECC40059AB43 /* libcocos2d tvOS.a */,
			);
			name = Products;
			sourceTree = "<group>";
		};
		29B97314FDCFA39411CA2CEA /* CustomTemplate */ = {
			isa = PBXGroup;
			children = (
				46880B8319C43A87006E1F66 /* Classes */,
				46880B7519C43A67006E1F66 /* Resources */,
				1AC6FAE5180E9839004C840B /* cocos2d_libs.xcodeproj */,
				29B97323FDCFA39411CA2CEA /* Frameworks */,
				080E96DDFE201D6D7F000001 /* ios */,
				503AE10617EB990700D1A890 /* mac */,
				19C28FACFE9D520D11CA2CBB /* Products */,
			);
			name = CustomTemplate;
			sourceTree = "<group>";
		};
		29B97323FDCFA39411CA2CEA /* Frameworks */ = {
			isa = PBXGroup;
			children = (
				294D0D631D0D56D500F7F5D4 /* CoreText.framework */,
				ED545A7D1B68A1FA00C3958E /* libiconv.dylib */,
				ED545A7B1B68A1F400C3958E /* libiconv.dylib */,
				8262943D1AAF051F00CB7CF7 /* Security.framework */,
				52B47A461A53D09B004E4C60 /* Security.framework */,
				D6B0611A1803AB670077942B /* CoreMotion.framework */,
				503AE11A17EB9C5A00D1A890 /* IOKit.framework */,
				503AE11117EB99EE00D1A890 /* libcurl.dylib */,
				5087E78A17EB975400C73F5D /* OpenGL.framework */,
				5087E78817EB974C00C73F5D /* AppKit.framework */,
				1ACB3243164770DE00914215 /* libcurl.a */,
				BF170DB412928DE900B8313A /* libz.dylib */,
				D44C620F132DFF4E0009C878 /* AudioToolbox.framework */,
				D44C620D132DFF430009C878 /* AVFoundation.framework */,
				288765A40DF7441C002DB57D /* CoreGraphics.framework */,
				1D30AB110D05D00D00671497 /* Foundation.framework */,
				D44C620B132DFF330009C878 /* OpenAL.framework */,
				BF170DB012928DE900B8313A /* OpenGLES.framework */,
				BF1C47EA1293683800B63C5D /* QuartzCore.framework */,
				1DF5F4DF0D08C38300B7A737 /* UIKit.framework */,
			);
			name = Frameworks;
			sourceTree = "<group>";
		};
		46880B7519C43A67006E1F66 /* Resources */ = {
			isa = PBXGroup;
			children = (
				FF6F99E11DCEDCBA00A1D848 /* res */,
			);
			name = Resources;
			path = ../Resources;
			sourceTree = "<group>";
		};
		46880B8319C43A87006E1F66 /* Classes */ = {
			isa = PBXGroup;
			children = (
				FF6F99031DCEDCA800A1D848 /* AppDelegate.cpp */,
				FF6F99041DCEDCA800A1D848 /* AppDelegate.h */,
				FF6F99051DCEDCA800A1D848 /* Lib */,
				FF6F99191DCEDCA900A1D848 /* User */,
			);
			name = Classes;
			path = ../Classes;
			sourceTree = "<group>";
		};
		503AE0F517EB97AB00D1A890 /* Icons */ = {
			isa = PBXGroup;
			children = (
				503AE0F617EB97AB00D1A890 /* Icon.icns */,
				503AE0F717EB97AB00D1A890 /* Info.plist */,
			);
			name = Icons;
			path = mac;
			sourceTree = SOURCE_ROOT;
		};
		503AE10617EB990700D1A890 /* mac */ = {
			isa = PBXGroup;
			children = (
				503AE0F517EB97AB00D1A890 /* Icons */,
				503AE10317EB98FF00D1A890 /* main.cpp */,
				503AE10417EB98FF00D1A890 /* Prefix.pch */,
			);
			name = mac;
			sourceTree = "<group>";
		};
		5087E77117EB970100C73F5D /* Icons */ = {
			isa = PBXGroup;
			children = (
				521A8E6219F0C34300D177D7 /* Default-667h@2x.png */,
				521A8E6319F0C34300D177D7 /* Default-736h@3x.png */,
				5087E77217EB970100C73F5D /* Default-568h@2x.png */,
				5087E77317EB970100C73F5D /* Default.png */,
				5087E77417EB970100C73F5D /* Default@2x.png */,
				50EF62A017ECD613001EB2F8 /* Icon-29.png */,
				50EF62A117ECD613001EB2F8 /* Icon-50.png */,
				50EF629217ECD46A001EB2F8 /* Icon-40.png */,
				50EF629317ECD46A001EB2F8 /* Icon-58.png */,
				50EF629417ECD46A001EB2F8 /* Icon-80.png */,
				50EF629517ECD46A001EB2F8 /* Icon-100.png */,
				5087E77517EB970100C73F5D /* Icon-114.png */,
				5087E77617EB970100C73F5D /* Icon-120.png */,
				5087E77717EB970100C73F5D /* Icon-144.png */,
				5087E77817EB970100C73F5D /* Icon-152.png */,
				5087E77917EB970100C73F5D /* Icon-57.png */,
				5087E77A17EB970100C73F5D /* Icon-72.png */,
				5087E77B17EB970100C73F5D /* Icon-76.png */,
				5087E77C17EB970100C73F5D /* Info.plist */,
			);
			name = Icons;
			path = ios;
			sourceTree = SOURCE_ROOT;
		};
		FF6F99051DCEDCA800A1D848 /* Lib */ = {
			isa = PBXGroup;
			children = (
				FF6F99061DCEDCA800A1D848 /* ClassMaker.exe */,
				FF6F99071DCEDCA800A1D848 /* EnvironmentDefaultData */,
			);
			path = Lib;
			sourceTree = "<group>";
		};
		FF6F99071DCEDCA800A1D848 /* EnvironmentDefaultData */ = {
			isa = PBXGroup;
			children = (
				FF6F99081DCEDCA800A1D848 /* EnvironmentDefaultData.cpp */,
				FF6F99091DCEDCA800A1D848 /* EnvironmentDefaultData.h */,
			);
			path = EnvironmentDefaultData;
			sourceTree = "<group>";
		};
		FF6F99191DCEDCA900A1D848 /* User */ = {
			isa = PBXGroup;
			children = (
				FF6F991A1DCEDCA900A1D848 /* Breeding */,
				FF6F99291DCEDCA900A1D848 /* ClassMaker.exe */,
				FF6F992A1DCEDCA900A1D848 /* IslandMap */,
				FF6F992F1DCEDCA900A1D848 /* LayerBase.cpp */,
				FF6F99301DCEDCA900A1D848 /* LayerBase.h */,
				FF6F99311DCEDCA900A1D848 /* Sample */,
				FF6F99391DCEDCA900A1D848 /* SceneBase.cpp */,
				FF6F993A1DCEDCA900A1D848 /* SceneBase.h */,
				FF6F993B1DCEDCA900A1D848 /* SceneManager.cpp */,
				FF6F993C1DCEDCA900A1D848 /* SceneManager.h */,
				FF6F993D1DCEDCA900A1D848 /* Title */,
				FF6F99421DCEDCA900A1D848 /* TouchiEvent */,
				FF6F99451DCEDCA900A1D848 /* Yumayo */,
			);
			path = User;
			sourceTree = "<group>";
		};
		FF6F991A1DCEDCA900A1D848 /* Breeding */ = {
			isa = PBXGroup;
			children = (
				FF6F991B1DCEDCA900A1D848 /* BGManager.cpp */,
				FF6F991C1DCEDCA900A1D848 /* BGManager.h */,
				FF6F991D1DCEDCA900A1D848 /* ClassMaker.exe */,
				FF6F991E1DCEDCA900A1D848 /* FrameLayer.cpp */,
				FF6F991F1DCEDCA900A1D848 /* FrameLayer.h */,
				FF6F99201DCEDCA900A1D848 /* Home.cpp */,
				FF6F99211DCEDCA900A1D848 /* Home.h */,
				FF6F99221DCEDCA900A1D848 /* SceneBreeding.cpp */,
				FF6F99231DCEDCA900A1D848 /* SceneBreeding.h */,
				FF6F99241DCEDCA900A1D848 /* Test.cpp */,
				FF6F99251DCEDCA900A1D848 /* Test.h */,
				FF6F99261DCEDCA900A1D848 /* UIManager.cpp */,
				FF6F99271DCEDCA900A1D848 /* UIManager.h */,
				FF6F99281DCEDCA900A1D848 /* VariousStatus.h */,
			);
			path = Breeding;
			sourceTree = "<group>";
		};
		FF6F992A1DCEDCA900A1D848 /* IslandMap */ = {
			isa = PBXGroup;
			children = (
				FF6F992B1DCEDCA900A1D848 /* LayerIsland.cpp */,
				FF6F992C1DCEDCA900A1D848 /* LayerIsland.h */,
				FF6F992D1DCEDCA900A1D848 /* SceneIslandMap.cpp */,
				FF6F992E1DCEDCA900A1D848 /* SceneIslandMap.h */,
			);
			path = IslandMap;
			sourceTree = "<group>";
		};
		FF6F99311DCEDCA900A1D848 /* Sample */ = {
			isa = PBXGroup;
			children = (
				FF6F99321DCEDCA900A1D848 /* ClassMaker.exe */,
				FF6F99331DCEDCA900A1D848 /* LayerFia.cpp */,
				FF6F99341DCEDCA900A1D848 /* LayerFia.h */,
				FF6F99351DCEDCA900A1D848 /* LayerWater.cpp */,
				FF6F99361DCEDCA900A1D848 /* LayerWater.h */,
				FF6F99371DCEDCA900A1D848 /* SceneSample.cpp */,
				FF6F99381DCEDCA900A1D848 /* SceneSample.h */,
			);
			path = Sample;
			sourceTree = "<group>";
		};
		FF6F993D1DCEDCA900A1D848 /* Title */ = {
			isa = PBXGroup;
			children = (
				FF6F993E1DCEDCA900A1D848 /* SceneTitle.cpp */,
				FF6F993F1DCEDCA900A1D848 /* SceneTitle.h */,
				FF6F99401DCEDCA900A1D848 /* TitleManager.cpp */,
				FF6F99411DCEDCA900A1D848 /* TitleManager.h */,
			);
			path = Title;
			sourceTree = "<group>";
		};
		FF6F99421DCEDCA900A1D848 /* TouchiEvent */ = {
			isa = PBXGroup;
			children = (
				FF6F99431DCEDCA900A1D848 /* EventListenerGesture.cpp */,
				FF6F99441DCEDCA900A1D848 /* EventListenerGesture.h */,
			);
			path = TouchiEvent;
			sourceTree = "<group>";
		};
		FF6F99451DCEDCA900A1D848 /* Yumayo */ = {
			isa = PBXGroup;
			children = (
				FF6F99461DCEDCA900A1D848 /* BackgroundLayer.cpp */,
				FF6F99471DCEDCA900A1D848 /* BackgroundLayer.h */,
				FF6F99481DCEDCA900A1D848 /* ClassMaker.exe */,
				FF6F99491DCEDCA900A1D848 /* HumanLayer.cpp */,
				FF6F994A1DCEDCA900A1D848 /* HumanLayer.h */,
				FF6F994B1DCEDCA900A1D848 /* ModalLayer.cpp */,
				FF6F994C1DCEDCA900A1D848 /* ModalLayer.h */,
				FF6F994D1DCEDCA900A1D848 /* NameLayer.cpp */,
				FF6F994E1DCEDCA900A1D848 /* NameLayer.h */,
				FF6F994F1DCEDCA900A1D848 /* NovelLayer.cpp */,
				FF6F99501DCEDCA900A1D848 /* NovelLayer.h */,
				FF6F99511DCEDCA900A1D848 /* OptionalValues.cpp */,
				FF6F99521DCEDCA900A1D848 /* OptionalValues.h */,
				FF6F99531DCEDCA900A1D848 /* SceneYumayo.cpp */,
				FF6F99541DCEDCA900A1D848 /* SceneYumayo.h */,
				FF6F99551DCEDCA900A1D848 /* ScriptBackground.cpp */,
				FF6F99561DCEDCA900A1D848 /* ScriptBackground.h */,
				FF6F99571DCEDCA900A1D848 /* ScriptBase.cpp */,
				FF6F99581DCEDCA900A1D848 /* ScriptBase.h */,
				FF6F99591DCEDCA900A1D848 /* ScriptHuman.cpp */,
				FF6F995A1DCEDCA900A1D848 /* ScriptHuman.h */,
				FF6F995B1DCEDCA900A1D848 /* ScriptInstruction.cpp */,
				FF6F995C1DCEDCA900A1D848 /* ScriptInstruction.h */,
				FF6F995D1DCEDCA900A1D848 /* ScriptName.cpp */,
				FF6F995E1DCEDCA900A1D848 /* ScriptName.h */,
				FF6F995F1DCEDCA900A1D848 /* ScriptStaticData.cpp */,
				FF6F99601DCEDCA900A1D848 /* ScriptStaticData.h */,
				FF6F99611DCEDCA900A1D848 /* ScriptSystem.cpp */,
				FF6F99621DCEDCA900A1D848 /* ScriptSystem.h */,
				FF6F99631DCEDCA900A1D848 /* SelectLayer.cpp */,
				FF6F99641DCEDCA900A1D848 /* SelectLayer.h */,
				FF6F99651DCEDCA900A1D848 /* SystemLayer.cpp */,
				FF6F99661DCEDCA900A1D848 /* SystemLayer.h */,
				FF6F99671DCEDCA900A1D848 /* TextChank.cpp */,
				FF6F99681DCEDCA900A1D848 /* TextChank.h */,
				FF6F99691DCEDCA900A1D848 /* TextData.cpp */,
				FF6F996A1DCEDCA900A1D848 /* TextData.h */,
				FF6F996B1DCEDCA900A1D848 /* TextLabels.cpp */,
				FF6F996C1DCEDCA900A1D848 /* TextLabels.h */,
				FF6F996D1DCEDCA900A1D848 /* TextScriptAnalysis.cpp */,
				FF6F996E1DCEDCA900A1D848 /* TextScriptAnalysis.h */,
				FF6F996F1DCEDCA900A1D848 /* TextScriptReader.cpp */,
				FF6F99701DCEDCA900A1D848 /* TextScriptReader.h */,
				FF6F99711DCEDCA900A1D848 /* TextString.cpp */,
				FF6F99721DCEDCA900A1D848 /* TextString.h */,
				FF6F99731DCEDCA900A1D848 /* TextTypes.cpp */,
				FF6F99741DCEDCA900A1D848 /* TextTypes.hpp */,
			);
			path = Yumayo;
			sourceTree = "<group>";
		};
/* End PBXGroup section */

/* Begin PBXNativeTarget section */
		1D6058900D05DD3D006BFB54 /* cocos2dx-mobile */ = {
			isa = PBXNativeTarget;
			buildConfigurationList = 1D6058960D05DD3E006BFB54 /* Build configuration list for PBXNativeTarget "cocos2dx-mobile" */;
			buildPhases = (
				1D60588D0D05DD3D006BFB54 /* Resources */,
				1D60588E0D05DD3D006BFB54 /* Sources */,
				1D60588F0D05DD3D006BFB54 /* Frameworks */,
			);
			buildRules = (
			);
			dependencies = (
				1AC6FB25180E99E1004C840B /* PBXTargetDependency */,
			);
			name = "cocos2dx-mobile";
			productName = iphone;
			productReference = 1D6058910D05DD3D006BFB54 /* cocos2dx-mobile.app */;
			productType = "com.apple.product-type.application";
		};
		5087E73D17EB910900C73F5D /* cocos2dx-desktop */ = {
			isa = PBXNativeTarget;
			buildConfigurationList = 5087E76C17EB910900C73F5D /* Build configuration list for PBXNativeTarget "cocos2dx-desktop" */;
			buildPhases = (
				5087E74817EB910900C73F5D /* Resources */,
				5087E75617EB910900C73F5D /* Sources */,
				5087E75C17EB910900C73F5D /* Frameworks */,
			);
			buildRules = (
			);
			dependencies = (
				1AC6FB16180E9959004C840B /* PBXTargetDependency */,
			);
			name = "cocos2dx-desktop";
			productName = iphone;
			productReference = 5087E76F17EB910900C73F5D /* cocos2dx-desktop.app */;
			productType = "com.apple.product-type.application";
		};
/* End PBXNativeTarget section */

/* Begin PBXProject section */
		29B97313FDCFA39411CA2CEA /* Project object */ = {
			isa = PBXProject;
			attributes = {
				LastUpgradeCheck = 0500;
				TargetAttributes = {
					1D6058900D05DD3D006BFB54 = {
						DevelopmentTeam = 5RUCUKUUE3;
					};
				};
			};
			buildConfigurationList = C01FCF4E08A954540054247B /* Build configuration list for PBXProject "cocos2dx" */;
			compatibilityVersion = "Xcode 3.2";
			developmentRegion = English;
			hasScannedForEncodings = 1;
			knownRegions = (
				English,
				Japanese,
				French,
				German,
			);
			mainGroup = 29B97314FDCFA39411CA2CEA /* CustomTemplate */;
			projectDirPath = "";
			projectReferences = (
				{
					ProductGroup = 1AC6FAE6180E9839004C840B /* Products */;
					ProjectRef = 1AC6FAE5180E9839004C840B /* cocos2d_libs.xcodeproj */;
				},
			);
			projectRoot = "";
			targets = (
				1D6058900D05DD3D006BFB54 /* cocos2dx-mobile */,
				5087E73D17EB910900C73F5D /* cocos2dx-desktop */,
			);
		};
/* End PBXProject section */

/* Begin PBXReferenceProxy section */
		1AC6FAF9180E9839004C840B /* libcocos2d Mac.a */ = {
			isa = PBXReferenceProxy;
			fileType = archive.ar;
			path = "libcocos2d Mac.a";
			remoteRef = 1AC6FAF8180E9839004C840B /* PBXContainerItemProxy */;
			sourceTree = BUILT_PRODUCTS_DIR;
		};
		1AC6FB07180E9839004C840B /* libcocos2d iOS.a */ = {
			isa = PBXReferenceProxy;
			fileType = archive.ar;
			path = "libcocos2d iOS.a";
			remoteRef = 1AC6FB06180E9839004C840B /* PBXContainerItemProxy */;
			sourceTree = BUILT_PRODUCTS_DIR;
		};
		FF90E05B1DCBECC40059AB43 /* libcocos2d tvOS.a */ = {
			isa = PBXReferenceProxy;
			fileType = archive.ar;
			path = "libcocos2d tvOS.a";
			remoteRef = FF90E05A1DCBECC40059AB43 /* PBXContainerItemProxy */;
			sourceTree = BUILT_PRODUCTS_DIR;
		};
/* End PBXReferenceProxy section */

/* Begin PBXResourcesBuildPhase section */
		1D60588D0D05DD3D006BFB54 /* Resources */ = {
			isa = PBXResourcesBuildPhase;
			buildActionMask = 2147483647;
			files = (
				5087E78117EB970100C73F5D /* Icon-120.png in Resources */,
				5087E78617EB970100C73F5D /* Icon-76.png in Resources */,
				5087E77F17EB970100C73F5D /* Default@2x.png in Resources */,
				50EF629917ECD46A001EB2F8 /* Icon-100.png in Resources */,
				FF6F99B31DCEDCA900A1D848 /* ClassMaker.exe in Resources */,
				5087E78317EB970100C73F5D /* Icon-152.png in Resources */,
				5087E77D17EB970100C73F5D /* Default-568h@2x.png in Resources */,
				FF6F99971DCEDCA900A1D848 /* ClassMaker.exe in Resources */,
				FF6F99E21DCEDCBA00A1D848 /* res in Resources */,
				5087E78517EB970100C73F5D /* Icon-72.png in Resources */,
				521A8E6519F0C34300D177D7 /* Default-736h@3x.png in Resources */,
				50EF62A317ECD613001EB2F8 /* Icon-50.png in Resources */,
				FF6F999F1DCEDCA900A1D848 /* ClassMaker.exe in Resources */,
				5087E78017EB970100C73F5D /* Icon-114.png in Resources */,
				50EF62A217ECD613001EB2F8 /* Icon-29.png in Resources */,
				FF6F99771DCEDCA900A1D848 /* ClassMaker.exe in Resources */,
				50EF629617ECD46A001EB2F8 /* Icon-40.png in Resources */,
				5087E78217EB970100C73F5D /* Icon-144.png in Resources */,
				50EF629817ECD46A001EB2F8 /* Icon-80.png in Resources */,
				FF6F998B1DCEDCA900A1D848 /* ClassMaker.exe in Resources */,
				5087E78417EB970100C73F5D /* Icon-57.png in Resources */,
				5087E77E17EB970100C73F5D /* Default.png in Resources */,
				521A8E6419F0C34300D177D7 /* Default-667h@2x.png in Resources */,
				50EF629717ECD46A001EB2F8 /* Icon-58.png in Resources */,
			);
			runOnlyForDeploymentPostprocessing = 0;
		};
		5087E74817EB910900C73F5D /* Resources */ = {
			isa = PBXResourcesBuildPhase;
			buildActionMask = 2147483647;
			files = (
				FF6F99981DCEDCA900A1D848 /* ClassMaker.exe in Resources */,
				FF6F998C1DCEDCA900A1D848 /* ClassMaker.exe in Resources */,
				FF6F99B41DCEDCA900A1D848 /* ClassMaker.exe in Resources */,
				FF6F99781DCEDCA900A1D848 /* ClassMaker.exe in Resources */,
				FF6F99E31DCEDCBA00A1D848 /* res in Resources */,
				FF6F99A01DCEDCA900A1D848 /* ClassMaker.exe in Resources */,
				503AE0F817EB97AB00D1A890 /* Icon.icns in Resources */,
			);
			runOnlyForDeploymentPostprocessing = 0;
		};
/* End PBXResourcesBuildPhase section */

/* Begin PBXSourcesBuildPhase section */
		1D60588E0D05DD3D006BFB54 /* Sources */ = {
			isa = PBXSourcesBuildPhase;
			buildActionMask = 2147483647;
			files = (
				FF6F99C31DCEDCA900A1D848 /* ScriptBase.cpp in Sources */,
				FF6F99911DCEDCA900A1D848 /* SceneBreeding.cpp in Sources */,
				FF6F999B1DCEDCA900A1D848 /* SceneIslandMap.cpp in Sources */,
				FF6F99951DCEDCA900A1D848 /* UIManager.cpp in Sources */,
				FF6F99C51DCEDCA900A1D848 /* ScriptHuman.cpp in Sources */,
				FF6F99BF1DCEDCA900A1D848 /* SceneYumayo.cpp in Sources */,
				FF6F99DF1DCEDCA900A1D848 /* TextTypes.cpp in Sources */,
				FF6F99B11DCEDCA900A1D848 /* BackgroundLayer.cpp in Sources */,
				FF6F99A31DCEDCA900A1D848 /* LayerWater.cpp in Sources */,
				FF6F99AF1DCEDCA900A1D848 /* EventListenerGesture.cpp in Sources */,
				FF6F99AD1DCEDCA900A1D848 /* TitleManager.cpp in Sources */,
				FF6F99D71DCEDCA900A1D848 /* TextLabels.cpp in Sources */,
				FF6F99B51DCEDCA900A1D848 /* HumanLayer.cpp in Sources */,
				FF6F99A51DCEDCA900A1D848 /* SceneSample.cpp in Sources */,
				FF6F99D51DCEDCA900A1D848 /* TextData.cpp in Sources */,
				FF6F99BB1DCEDCA900A1D848 /* NovelLayer.cpp in Sources */,
				FF6F998F1DCEDCA900A1D848 /* Home.cpp in Sources */,
				FF6F99BD1DCEDCA900A1D848 /* OptionalValues.cpp in Sources */,
				FF6F99751DCEDCA900A1D848 /* AppDelegate.cpp in Sources */,
				FF6F99DB1DCEDCA900A1D848 /* TextScriptReader.cpp in Sources */,
				FF6F99A91DCEDCA900A1D848 /* SceneManager.cpp in Sources */,
				FF6F99D91DCEDCA900A1D848 /* TextScriptAnalysis.cpp in Sources */,
				FF6F99C71DCEDCA900A1D848 /* ScriptInstruction.cpp in Sources */,
				FF6F99D31DCEDCA900A1D848 /* TextChank.cpp in Sources */,
				FF6F99C91DCEDCA900A1D848 /* ScriptName.cpp in Sources */,
				FF6F99DD1DCEDCA900A1D848 /* TextString.cpp in Sources */,
				FF6F99C11DCEDCA900A1D848 /* ScriptBackground.cpp in Sources */,
				503AE10017EB989F00D1A890 /* AppController.mm in Sources */,
				FF6F998D1DCEDCA900A1D848 /* FrameLayer.cpp in Sources */,
				FF6F99A11DCEDCA900A1D848 /* LayerFia.cpp in Sources */,
				FF6F99CF1DCEDCA900A1D848 /* SelectLayer.cpp in Sources */,
				FF6F99CD1DCEDCA900A1D848 /* ScriptSystem.cpp in Sources */,
				FF6F99931DCEDCA900A1D848 /* Test.cpp in Sources */,
				FF6F99A71DCEDCA900A1D848 /* SceneBase.cpp in Sources */,
				503AE10217EB989F00D1A890 /* RootViewController.mm in Sources */,
				FF6F99CB1DCEDCA900A1D848 /* ScriptStaticData.cpp in Sources */,
				FF6F99B71DCEDCA900A1D848 /* ModalLayer.cpp in Sources */,
				FF6F99791DCEDCA900A1D848 /* EnvironmentDefaultData.cpp in Sources */,
				FF6F99AB1DCEDCA900A1D848 /* SceneTitle.cpp in Sources */,
				FF6F99D11DCEDCA900A1D848 /* SystemLayer.cpp in Sources */,
				FF6F99891DCEDCA900A1D848 /* BGManager.cpp in Sources */,
				FF6F99B91DCEDCA900A1D848 /* NameLayer.cpp in Sources */,
				FF6F99991DCEDCA900A1D848 /* LayerIsland.cpp in Sources */,
				FF6F999D1DCEDCA900A1D848 /* LayerBase.cpp in Sources */,
				503AE10117EB989F00D1A890 /* main.m in Sources */,
			);
			runOnlyForDeploymentPostprocessing = 0;
		};
		5087E75617EB910900C73F5D /* Sources */ = {
			isa = PBXSourcesBuildPhase;
			buildActionMask = 2147483647;
			files = (
				FF6F99BA1DCEDCA900A1D848 /* NameLayer.cpp in Sources */,
				FF6F999E1DCEDCA900A1D848 /* LayerBase.cpp in Sources */,
				FF6F99B61DCEDCA900A1D848 /* HumanLayer.cpp in Sources */,
				FF6F998A1DCEDCA900A1D848 /* BGManager.cpp in Sources */,
				FF6F99D41DCEDCA900A1D848 /* TextChank.cpp in Sources */,
				FF6F99761DCEDCA900A1D848 /* AppDelegate.cpp in Sources */,
				FF6F99D01DCEDCA900A1D848 /* SelectLayer.cpp in Sources */,
				FF6F99D81DCEDCA900A1D848 /* TextLabels.cpp in Sources */,
				FF6F997A1DCEDCA900A1D848 /* EnvironmentDefaultData.cpp in Sources */,
				FF6F99961DCEDCA900A1D848 /* UIManager.cpp in Sources */,
				FF6F99921DCEDCA900A1D848 /* SceneBreeding.cpp in Sources */,
				FF6F999C1DCEDCA900A1D848 /* SceneIslandMap.cpp in Sources */,
				FF6F999A1DCEDCA900A1D848 /* LayerIsland.cpp in Sources */,
				FF6F99D21DCEDCA900A1D848 /* SystemLayer.cpp in Sources */,
				FF6F99B21DCEDCA900A1D848 /* BackgroundLayer.cpp in Sources */,
				FF6F99A41DCEDCA900A1D848 /* LayerWater.cpp in Sources */,
				FF6F99C01DCEDCA900A1D848 /* SceneYumayo.cpp in Sources */,
				FF6F99901DCEDCA900A1D848 /* Home.cpp in Sources */,
				FF6F99AE1DCEDCA900A1D848 /* TitleManager.cpp in Sources */,
				FF6F99C61DCEDCA900A1D848 /* ScriptHuman.cpp in Sources */,
				FF6F99B01DCEDCA900A1D848 /* EventListenerGesture.cpp in Sources */,
				FF6F99DA1DCEDCA900A1D848 /* TextScriptAnalysis.cpp in Sources */,
				FF6F99AA1DCEDCA900A1D848 /* SceneManager.cpp in Sources */,
				FF6F99DE1DCEDCA900A1D848 /* TextString.cpp in Sources */,
				FF6F99AC1DCEDCA900A1D848 /* SceneTitle.cpp in Sources */,
				FF6F99CC1DCEDCA900A1D848 /* ScriptStaticData.cpp in Sources */,
				FF6F99A61DCEDCA900A1D848 /* SceneSample.cpp in Sources */,
				FF6F99C41DCEDCA900A1D848 /* ScriptBase.cpp in Sources */,
				FF6F99A81DCEDCA900A1D848 /* SceneBase.cpp in Sources */,
				FF6F99CE1DCEDCA900A1D848 /* ScriptSystem.cpp in Sources */,
				FF6F99C21DCEDCA900A1D848 /* ScriptBackground.cpp in Sources */,
				FF6F99941DCEDCA900A1D848 /* Test.cpp in Sources */,
				FF6F99DC1DCEDCA900A1D848 /* TextScriptReader.cpp in Sources */,
				FF6F99BE1DCEDCA900A1D848 /* OptionalValues.cpp in Sources */,
				FF6F99C81DCEDCA900A1D848 /* ScriptInstruction.cpp in Sources */,
				FF6F99D61DCEDCA900A1D848 /* TextData.cpp in Sources */,
				FF6F99CA1DCEDCA900A1D848 /* ScriptName.cpp in Sources */,
				FF6F99BC1DCEDCA900A1D848 /* NovelLayer.cpp in Sources */,
				FF6F99B81DCEDCA900A1D848 /* ModalLayer.cpp in Sources */,
				FF6F998E1DCEDCA900A1D848 /* FrameLayer.cpp in Sources */,
				503AE10517EB98FF00D1A890 /* main.cpp in Sources */,
				FF6F99A21DCEDCA900A1D848 /* LayerFia.cpp in Sources */,
				FF6F99E01DCEDCA900A1D848 /* TextTypes.cpp in Sources */,
			);
			runOnlyForDeploymentPostprocessing = 0;
		};
/* End PBXSourcesBuildPhase section */

/* Begin PBXTargetDependency section */
		1AC6FB16180E9959004C840B /* PBXTargetDependency */ = {
			isa = PBXTargetDependency;
			name = "cocos2dx Mac";
			targetProxy = 1AC6FB15180E9959004C840B /* PBXContainerItemProxy */;
		};
		1AC6FB25180E99E1004C840B /* PBXTargetDependency */ = {
			isa = PBXTargetDependency;
			name = "cocos2dx iOS";
			targetProxy = 1AC6FB24180E99E1004C840B /* PBXContainerItemProxy */;
		};
/* End PBXTargetDependency section */

/* Begin XCBuildConfiguration section */
		1D6058940D05DD3E006BFB54 /* Debug */ = {
			isa = XCBuildConfiguration;
			buildSettings = {
				ALWAYS_SEARCH_USER_PATHS = YES;
				CODE_SIGN_IDENTITY = "iPhone Developer";
				COMPRESS_PNG_FILES = NO;
				DEVELOPMENT_TEAM = 5RUCUKUUE3;
				ENABLE_BITCODE = NO;
				GCC_DYNAMIC_NO_PIC = NO;
				GCC_INLINES_ARE_PRIVATE_EXTERN = NO;
				GCC_PRECOMPILE_PREFIX_HEADER = YES;
				GCC_PREFIX_HEADER = ios/Prefix.pch;
				GCC_PREPROCESSOR_DEFINITIONS = (
					USE_FILE32API,
					"COCOS2D_DEBUG=1",
					"CC_ENABLE_CHIPMUNK_INTEGRATION=1",
				);
				GCC_SYMBOLS_PRIVATE_EXTERN = NO;
				HEADER_SEARCH_PATHS = "$(inherited)";
				INFOPLIST_FILE = ios/Info.plist;
				IPHONEOS_DEPLOYMENT_TARGET = 10.1;
				LIBRARY_SEARCH_PATHS = "";
				OTHER_LDFLAGS = (
					"$(_COCOS_LIB_IOS_BEGIN)",
					"$(_COCOS_LIB_IOS_END)",
				);
				SDKROOT = iphoneos;
				STRIP_PNG_TEXT = NO;
				TARGETED_DEVICE_FAMILY = "1,2";
				USER_HEADER_SEARCH_PATHS = "$(_COCOS_HEADER_IOS_BEGIN) $(_COCOS_HEADER_IOS_END)";
				VALID_ARCHS = "arm64 armv7";
			};
			name = Debug;
		};
		1D6058950D05DD3E006BFB54 /* Release */ = {
			isa = XCBuildConfiguration;
			buildSettings = {
				ALWAYS_SEARCH_USER_PATHS = YES;
				CODE_SIGN_IDENTITY = "iPhone Developer";
				COMPRESS_PNG_FILES = NO;
				DEVELOPMENT_TEAM = 5RUCUKUUE3;
				ENABLE_BITCODE = NO;
				GCC_INLINES_ARE_PRIVATE_EXTERN = NO;
				GCC_PRECOMPILE_PREFIX_HEADER = YES;
				GCC_PREFIX_HEADER = ios/Prefix.pch;
				GCC_PREPROCESSOR_DEFINITIONS = (
					USE_FILE32API,
					"CC_ENABLE_CHIPMUNK_INTEGRATION=1",
				);
				GCC_SYMBOLS_PRIVATE_EXTERN = NO;
				HEADER_SEARCH_PATHS = "$(inherited)";
				INFOPLIST_FILE = ios/Info.plist;
				IPHONEOS_DEPLOYMENT_TARGET = 10.1;
				LIBRARY_SEARCH_PATHS = "";
				OTHER_LDFLAGS = (
					"$(_COCOS_LIB_IOS_BEGIN)",
					"$(_COCOS_LIB_IOS_END)",
				);
				SDKROOT = iphoneos;
				STRIP_PNG_TEXT = NO;
				TARGETED_DEVICE_FAMILY = "1,2";
				USER_HEADER_SEARCH_PATHS = "$(_COCOS_HEADER_IOS_BEGIN) $(_COCOS_HEADER_IOS_END)";
				VALID_ARCHS = "arm64 armv7";
			};
			name = Release;
		};
		5087E76D17EB910900C73F5D /* Debug */ = {
			isa = XCBuildConfiguration;
			buildSettings = {
				ALWAYS_SEARCH_USER_PATHS = YES;
				ARCHS = "$(ARCHS_STANDARD_64_BIT)";
				CLANG_CXX_LANGUAGE_STANDARD = "c++0x";
				CLANG_CXX_LIBRARY = "libc++";
				GCC_DYNAMIC_NO_PIC = NO;
				GCC_INLINES_ARE_PRIVATE_EXTERN = NO;
				GCC_PRECOMPILE_PREFIX_HEADER = YES;
				GCC_PREFIX_HEADER = mac/Prefix.pch;
				GCC_PREPROCESSOR_DEFINITIONS = (
					USE_FILE32API,
					"COCOS2D_DEBUG=1",
					"CC_ENABLE_CHIPMUNK_INTEGRATION=1",
				);
				GCC_SYMBOLS_PRIVATE_EXTERN = NO;
				HEADER_SEARCH_PATHS = (
					"$(inherited)",
					"$(SRCROOT)/../cocos2d/external/glfw3/include/mac",
				);
				INFOPLIST_FILE = mac/Info.plist;
				LIBRARY_SEARCH_PATHS = "";
				OTHER_LDFLAGS = (
					"$(_COCOS_LIB_MAC_BEGIN)",
					"$(_COCOS_LIB_MAC_END)",
				);
				USER_HEADER_SEARCH_PATHS = "$(_COCOS_HEADER_MAC_BEGIN) $(_COCOS_HEADER_MAC_END)";
			};
			name = Debug;
		};
		5087E76E17EB910900C73F5D /* Release */ = {
			isa = XCBuildConfiguration;
			buildSettings = {
				ALWAYS_SEARCH_USER_PATHS = YES;
				ARCHS = "$(ARCHS_STANDARD_64_BIT)";
				CLANG_CXX_LANGUAGE_STANDARD = "c++0x";
				CLANG_CXX_LIBRARY = "libc++";
				GCC_INLINES_ARE_PRIVATE_EXTERN = NO;
				GCC_PRECOMPILE_PREFIX_HEADER = YES;
				GCC_PREFIX_HEADER = mac/Prefix.pch;
				GCC_PREPROCESSOR_DEFINITIONS = (
					USE_FILE32API,
					"CC_ENABLE_CHIPMUNK_INTEGRATION=1",
				);
				GCC_SYMBOLS_PRIVATE_EXTERN = NO;
				HEADER_SEARCH_PATHS = (
					"$(inherited)",
					"$(SRCROOT)/../cocos2d/external/glfw3/include/mac",
				);
				INFOPLIST_FILE = mac/Info.plist;
				LIBRARY_SEARCH_PATHS = "";
				OTHER_LDFLAGS = (
					"$(_COCOS_LIB_MAC_BEGIN)",
					"$(_COCOS_LIB_MAC_END)",
				);
				USER_HEADER_SEARCH_PATHS = "$(_COCOS_HEADER_MAC_BEGIN) $(_COCOS_HEADER_MAC_END)";
			};
			name = Release;
		};
		C01FCF4F08A954540054247B /* Debug */ = {
			isa = XCBuildConfiguration;
			buildSettings = {
				CLANG_CXX_LANGUAGE_STANDARD = "c++0x";
				CLANG_CXX_LIBRARY = "libc++";
				COPY_PHASE_STRIP = NO;
				GCC_OPTIMIZATION_LEVEL = 0;
				GCC_WARN_ABOUT_RETURN_TYPE = YES;
				GCC_WARN_UNUSED_VARIABLE = YES;
				HEADER_SEARCH_PATHS = (
					"$(SRCROOT)/../cocos2d",
					"$(SRCROOT)/../cocos2d/cocos/audio/include",
					"$(SRCROOT)/../cocos2d/cocos",
					"$(SRCROOT)/../cocos2d/extensions",
					"$(SRCROOT)/../cocos2d/external",
					"$(SRCROOT)/../cocos2d/external/chipmunk/include/chipmunk",
				);
				IPHONEOS_DEPLOYMENT_TARGET = 10.1;
				MACOSX_DEPLOYMENT_TARGET = 10.7;
				ONLY_ACTIVE_ARCH = YES;
				PRODUCT_NAME = "$(TARGET_NAME)";
				SDKROOT = macosx;
			};
			name = Debug;
		};
		C01FCF5008A954540054247B /* Release */ = {
			isa = XCBuildConfiguration;
			buildSettings = {
				CLANG_CXX_LANGUAGE_STANDARD = "c++0x";
				CLANG_CXX_LIBRARY = "libc++";
				GCC_WARN_ABOUT_RETURN_TYPE = YES;
				GCC_WARN_UNUSED_VARIABLE = YES;
				HEADER_SEARCH_PATHS = (
					"$(SRCROOT)/../cocos2d",
					"$(SRCROOT)/../cocos2d/cocos/audio/include",
					"$(SRCROOT)/../cocos2d/cocos",
					"$(SRCROOT)/../cocos2d/extensions",
					"$(SRCROOT)/../cocos2d/external",
					"$(SRCROOT)/../cocos2d/external/chipmunk/include/chipmunk",
				);
				IPHONEOS_DEPLOYMENT_TARGET = 10.1;
				MACOSX_DEPLOYMENT_TARGET = 10.7;
				OTHER_CFLAGS = "-DNS_BLOCK_ASSERTIONS=1";
				PRODUCT_NAME = "$(TARGET_NAME)";
				SDKROOT = macosx;
				VALIDATE_PRODUCT = YES;
			};
			name = Release;
		};
/* End XCBuildConfiguration section */

/* Begin XCConfigurationList section */
		1D6058960D05DD3E006BFB54 /* Build configuration list for PBXNativeTarget "cocos2dx-mobile" */ = {
			isa = XCConfigurationList;
			buildConfigurations = (
				1D6058940D05DD3E006BFB54 /* Debug */,
				1D6058950D05DD3E006BFB54 /* Release */,
			);
			defaultConfigurationIsVisible = 0;
			defaultConfigurationName = Debug;
		};
		5087E76C17EB910900C73F5D /* Build configuration list for PBXNativeTarget "cocos2dx-desktop" */ = {
			isa = XCConfigurationList;
			buildConfigurations = (
				5087E76D17EB910900C73F5D /* Debug */,
				5087E76E17EB910900C73F5D /* Release */,
			);
			defaultConfigurationIsVisible = 0;
			defaultConfigurationName = Debug;
		};
		C01FCF4E08A954540054247B /* Build configuration list for PBXProject "cocos2dx" */ = {
			isa = XCConfigurationList;
			buildConfigurations = (
				C01FCF4F08A954540054247B /* Debug */,
				C01FCF5008A954540054247B /* Release */,
			);
			defaultConfigurationIsVisible = 0;
			defaultConfigurationName = Debug;
		};
/* End XCConfigurationList section */
	};
	rootObject = 29B97313FDCFA39411CA2CEA /* Project object */;
}
