// !$*UTF8*$!
{
	archiveVersion = 1;
	classes = {
	};
	objectVersion = 46;
	objects = {

/* Begin PBXBuildFile section */
		1AC6FB21180E996B004C840B /* libcocos2d Mac.a in Frameworks */ = {isa = PBXBuildFile; fileRef = 1AC6FAF9180E9839004C840B /* libcocos2d Mac.a */; };
		1AC6FB30180E99EB004C840B /* libcocos2d iOS.a in Frameworks */ = {isa = PBXBuildFile; fileRef = 1AC6FB07180E9839004C840B /* libcocos2d iOS.a */; };
		1D60589F0D05DD5A006BFB54 /* Foundation.framework in Frameworks */ = {isa = PBXBuildFile; fileRef = 1D30AB110D05D00D00671497 /* Foundation.framework */; };
		1DF5F4E00D08C38300B7A737 /* UIKit.framework in Frameworks */ = {isa = PBXBuildFile; fileRef = 1DF5F4DF0D08C38300B7A737 /* UIKit.framework */; };
		288765A50DF7441C002DB57D /* CoreGraphics.framework in Frameworks */ = {isa = PBXBuildFile; fileRef = 288765A40DF7441C002DB57D /* CoreGraphics.framework */; };
		294D0D641D0D56D500F7F5D4 /* CoreText.framework in Frameworks */ = {isa = PBXBuildFile; fileRef = 294D0D631D0D56D500F7F5D4 /* CoreText.framework */; };
		503AE0F817EB97AB00D1A890 /* Icon.icns in Resources */ = {isa = PBXBuildFile; fileRef = 503AE0F617EB97AB00D1A890 /* Icon.icns */; };
		503AE10017EB989F00D1A890 /* AppController.mm in Sources */ = {isa = PBXBuildFile; fileRef = 503AE0FB17EB989F00D1A890 /* AppController.mm */; };
		503AE10117EB989F00D1A890 /* main.m in Sources */ = {isa = PBXBuildFile; fileRef = 503AE0FC17EB989F00D1A890 /* main.m */; };
		503AE10217EB989F00D1A890 /* RootViewController.mm in Sources */ = {isa = PBXBuildFile; fileRef = 503AE0FF17EB989F00D1A890 /* RootViewController.mm */; };
		503AE10517EB98FF00D1A890 /* main.cpp in Sources */ = {isa = PBXBuildFile; fileRef = 503AE10317EB98FF00D1A890 /* main.cpp */; };
		503AE11B17EB9C5A00D1A890 /* IOKit.framework in Frameworks */ = {isa = PBXBuildFile; fileRef = 503AE11A17EB9C5A00D1A890 /* IOKit.framework */; };
		5087E76317EB910900C73F5D /* Foundation.framework in Frameworks */ = {isa = PBXBuildFile; fileRef = 1D30AB110D05D00D00671497 /* Foundation.framework */; };
		5087E76717EB910900C73F5D /* libz.dylib in Frameworks */ = {isa = PBXBuildFile; fileRef = BF170DB412928DE900B8313A /* libz.dylib */; };
		5087E76817EB910900C73F5D /* QuartzCore.framework in Frameworks */ = {isa = PBXBuildFile; fileRef = BF1C47EA1293683800B63C5D /* QuartzCore.framework */; };
		5087E76917EB910900C73F5D /* OpenAL.framework in Frameworks */ = {isa = PBXBuildFile; fileRef = D44C620B132DFF330009C878 /* OpenAL.framework */; };
		5087E76A17EB910900C73F5D /* AVFoundation.framework in Frameworks */ = {isa = PBXBuildFile; fileRef = D44C620D132DFF430009C878 /* AVFoundation.framework */; };
		5087E76B17EB910900C73F5D /* AudioToolbox.framework in Frameworks */ = {isa = PBXBuildFile; fileRef = D44C620F132DFF4E0009C878 /* AudioToolbox.framework */; };
		5087E77D17EB970100C73F5D /* Default-568h@2x.png in Resources */ = {isa = PBXBuildFile; fileRef = 5087E77217EB970100C73F5D /* Default-568h@2x.png */; };
		5087E77E17EB970100C73F5D /* Default.png in Resources */ = {isa = PBXBuildFile; fileRef = 5087E77317EB970100C73F5D /* Default.png */; };
		5087E77F17EB970100C73F5D /* Default@2x.png in Resources */ = {isa = PBXBuildFile; fileRef = 5087E77417EB970100C73F5D /* Default@2x.png */; };
		5087E78017EB970100C73F5D /* Icon-114.png in Resources */ = {isa = PBXBuildFile; fileRef = 5087E77517EB970100C73F5D /* Icon-114.png */; };
		5087E78117EB970100C73F5D /* Icon-120.png in Resources */ = {isa = PBXBuildFile; fileRef = 5087E77617EB970100C73F5D /* Icon-120.png */; };
		5087E78217EB970100C73F5D /* Icon-144.png in Resources */ = {isa = PBXBuildFile; fileRef = 5087E77717EB970100C73F5D /* Icon-144.png */; };
		5087E78317EB970100C73F5D /* Icon-152.png in Resources */ = {isa = PBXBuildFile; fileRef = 5087E77817EB970100C73F5D /* Icon-152.png */; };
		5087E78417EB970100C73F5D /* Icon-57.png in Resources */ = {isa = PBXBuildFile; fileRef = 5087E77917EB970100C73F5D /* Icon-57.png */; };
		5087E78517EB970100C73F5D /* Icon-72.png in Resources */ = {isa = PBXBuildFile; fileRef = 5087E77A17EB970100C73F5D /* Icon-72.png */; };
		5087E78617EB970100C73F5D /* Icon-76.png in Resources */ = {isa = PBXBuildFile; fileRef = 5087E77B17EB970100C73F5D /* Icon-76.png */; };
		5087E78917EB974C00C73F5D /* AppKit.framework in Frameworks */ = {isa = PBXBuildFile; fileRef = 5087E78817EB974C00C73F5D /* AppKit.framework */; };
		5087E78B17EB975400C73F5D /* OpenGL.framework in Frameworks */ = {isa = PBXBuildFile; fileRef = 5087E78A17EB975400C73F5D /* OpenGL.framework */; };
		50EF629617ECD46A001EB2F8 /* Icon-40.png in Resources */ = {isa = PBXBuildFile; fileRef = 50EF629217ECD46A001EB2F8 /* Icon-40.png */; };
		50EF629717ECD46A001EB2F8 /* Icon-58.png in Resources */ = {isa = PBXBuildFile; fileRef = 50EF629317ECD46A001EB2F8 /* Icon-58.png */; };
		50EF629817ECD46A001EB2F8 /* Icon-80.png in Resources */ = {isa = PBXBuildFile; fileRef = 50EF629417ECD46A001EB2F8 /* Icon-80.png */; };
		50EF629917ECD46A001EB2F8 /* Icon-100.png in Resources */ = {isa = PBXBuildFile; fileRef = 50EF629517ECD46A001EB2F8 /* Icon-100.png */; };
		50EF62A217ECD613001EB2F8 /* Icon-29.png in Resources */ = {isa = PBXBuildFile; fileRef = 50EF62A017ECD613001EB2F8 /* Icon-29.png */; };
		50EF62A317ECD613001EB2F8 /* Icon-50.png in Resources */ = {isa = PBXBuildFile; fileRef = 50EF62A117ECD613001EB2F8 /* Icon-50.png */; };
		521A8E6419F0C34300D177D7 /* Default-667h@2x.png in Resources */ = {isa = PBXBuildFile; fileRef = 521A8E6219F0C34300D177D7 /* Default-667h@2x.png */; };
		521A8E6519F0C34300D177D7 /* Default-736h@3x.png in Resources */ = {isa = PBXBuildFile; fileRef = 521A8E6319F0C34300D177D7 /* Default-736h@3x.png */; };
		52B47A471A53D09C004E4C60 /* Security.framework in Frameworks */ = {isa = PBXBuildFile; fileRef = 52B47A461A53D09B004E4C60 /* Security.framework */; };
		8262943E1AAF051F00CB7CF7 /* Security.framework in Frameworks */ = {isa = PBXBuildFile; fileRef = 8262943D1AAF051F00CB7CF7 /* Security.framework */; };
		BF171245129291EC00B8313A /* OpenGLES.framework in Frameworks */ = {isa = PBXBuildFile; fileRef = BF170DB012928DE900B8313A /* OpenGLES.framework */; };
		BF1712471292920000B8313A /* libz.dylib in Frameworks */ = {isa = PBXBuildFile; fileRef = BF170DB412928DE900B8313A /* libz.dylib */; };
		BF1C47F01293687400B63C5D /* QuartzCore.framework in Frameworks */ = {isa = PBXBuildFile; fileRef = BF1C47EA1293683800B63C5D /* QuartzCore.framework */; };
		D44C620C132DFF330009C878 /* OpenAL.framework in Frameworks */ = {isa = PBXBuildFile; fileRef = D44C620B132DFF330009C878 /* OpenAL.framework */; };
		D44C620E132DFF430009C878 /* AVFoundation.framework in Frameworks */ = {isa = PBXBuildFile; fileRef = D44C620D132DFF430009C878 /* AVFoundation.framework */; };
		D44C6210132DFF4E0009C878 /* AudioToolbox.framework in Frameworks */ = {isa = PBXBuildFile; fileRef = D44C620F132DFF4E0009C878 /* AudioToolbox.framework */; };
		D6B0611B1803AB670077942B /* CoreMotion.framework in Frameworks */ = {isa = PBXBuildFile; fileRef = D6B0611A1803AB670077942B /* CoreMotion.framework */; };
		ED545A7C1B68A1F400C3958E /* libiconv.dylib in Frameworks */ = {isa = PBXBuildFile; fileRef = ED545A7B1B68A1F400C3958E /* libiconv.dylib */; };
		ED545A7E1B68A1FA00C3958E /* libiconv.dylib in Frameworks */ = {isa = PBXBuildFile; fileRef = ED545A7D1B68A1FA00C3958E /* libiconv.dylib */; };
		FF6F99E21DCEDCBA00A1D848 /* res in Resources */ = {isa = PBXBuildFile; fileRef = FF6F99E11DCEDCBA00A1D848 /* res */; };
		FF6F99E31DCEDCBA00A1D848 /* res in Resources */ = {isa = PBXBuildFile; fileRef = FF6F99E11DCEDCBA00A1D848 /* res */; };
		FFF50E081DD0B8FA00C54488 /* AppDelegate.cpp in Sources */ = {isa = PBXBuildFile; fileRef = FFF50D981DD0B8FA00C54488 /* AppDelegate.cpp */; };
		FFF50E091DD0B8FA00C54488 /* AppDelegate.cpp in Sources */ = {isa = PBXBuildFile; fileRef = FFF50D981DD0B8FA00C54488 /* AppDelegate.cpp */; };
		FFF50E0A1DD0B8FA00C54488 /* ClassMaker.exe in Resources */ = {isa = PBXBuildFile; fileRef = FFF50D9B1DD0B8FA00C54488 /* ClassMaker.exe */; };
		FFF50E0B1DD0B8FA00C54488 /* ClassMaker.exe in Resources */ = {isa = PBXBuildFile; fileRef = FFF50D9B1DD0B8FA00C54488 /* ClassMaker.exe */; };
		FFF50E0C1DD0B8FA00C54488 /* EnvironmentDefaultData.cpp in Sources */ = {isa = PBXBuildFile; fileRef = FFF50D9D1DD0B8FA00C54488 /* EnvironmentDefaultData.cpp */; };
		FFF50E0D1DD0B8FA00C54488 /* EnvironmentDefaultData.cpp in Sources */ = {isa = PBXBuildFile; fileRef = FFF50D9D1DD0B8FA00C54488 /* EnvironmentDefaultData.cpp */; };
		FFF50E0E1DD0B8FA00C54488 /* BGManager.cpp in Sources */ = {isa = PBXBuildFile; fileRef = FFF50DA11DD0B8FA00C54488 /* BGManager.cpp */; };
		FFF50E0F1DD0B8FA00C54488 /* BGManager.cpp in Sources */ = {isa = PBXBuildFile; fileRef = FFF50DA11DD0B8FA00C54488 /* BGManager.cpp */; };
		FFF50E101DD0B8FA00C54488 /* ClassMaker.exe in Resources */ = {isa = PBXBuildFile; fileRef = FFF50DA31DD0B8FA00C54488 /* ClassMaker.exe */; };
		FFF50E111DD0B8FA00C54488 /* ClassMaker.exe in Resources */ = {isa = PBXBuildFile; fileRef = FFF50DA31DD0B8FA00C54488 /* ClassMaker.exe */; };
		FFF50E121DD0B8FA00C54488 /* FrameLayer.cpp in Sources */ = {isa = PBXBuildFile; fileRef = FFF50DA41DD0B8FA00C54488 /* FrameLayer.cpp */; };
		FFF50E131DD0B8FA00C54488 /* FrameLayer.cpp in Sources */ = {isa = PBXBuildFile; fileRef = FFF50DA41DD0B8FA00C54488 /* FrameLayer.cpp */; };
		FFF50E141DD0B8FA00C54488 /* Home.cpp in Sources */ = {isa = PBXBuildFile; fileRef = FFF50DA61DD0B8FA00C54488 /* Home.cpp */; };
		FFF50E151DD0B8FA00C54488 /* Home.cpp in Sources */ = {isa = PBXBuildFile; fileRef = FFF50DA61DD0B8FA00C54488 /* Home.cpp */; };
		FFF50E161DD0B8FA00C54488 /* SceneBreeding.cpp in Sources */ = {isa = PBXBuildFile; fileRef = FFF50DA81DD0B8FA00C54488 /* SceneBreeding.cpp */; };
		FFF50E171DD0B8FA00C54488 /* SceneBreeding.cpp in Sources */ = {isa = PBXBuildFile; fileRef = FFF50DA81DD0B8FA00C54488 /* SceneBreeding.cpp */; };
		FFF50E181DD0B8FA00C54488 /* Test.cpp in Sources */ = {isa = PBXBuildFile; fileRef = FFF50DAA1DD0B8FA00C54488 /* Test.cpp */; };
		FFF50E191DD0B8FA00C54488 /* Test.cpp in Sources */ = {isa = PBXBuildFile; fileRef = FFF50DAA1DD0B8FA00C54488 /* Test.cpp */; };
		FFF50E1A1DD0B8FA00C54488 /* UIManager.cpp in Sources */ = {isa = PBXBuildFile; fileRef = FFF50DAC1DD0B8FA00C54488 /* UIManager.cpp */; };
		FFF50E1B1DD0B8FA00C54488 /* UIManager.cpp in Sources */ = {isa = PBXBuildFile; fileRef = FFF50DAC1DD0B8FA00C54488 /* UIManager.cpp */; };
		FFF50E1C1DD0B8FA00C54488 /* LayerCity.cpp in Sources */ = {isa = PBXBuildFile; fileRef = FFF50DB01DD0B8FA00C54488 /* LayerCity.cpp */; };
		FFF50E1D1DD0B8FA00C54488 /* LayerCity.cpp in Sources */ = {isa = PBXBuildFile; fileRef = FFF50DB01DD0B8FA00C54488 /* LayerCity.cpp */; };
		FFF50E1E1DD0B8FA00C54488 /* SceneCityMap.cpp in Sources */ = {isa = PBXBuildFile; fileRef = FFF50DB21DD0B8FA00C54488 /* SceneCityMap.cpp */; };
		FFF50E1F1DD0B8FA00C54488 /* SceneCityMap.cpp in Sources */ = {isa = PBXBuildFile; fileRef = FFF50DB21DD0B8FA00C54488 /* SceneCityMap.cpp */; };
		FFF50E201DD0B8FA00C54488 /* ClassMaker.exe in Resources */ = {isa = PBXBuildFile; fileRef = FFF50DB41DD0B8FA00C54488 /* ClassMaker.exe */; };
		FFF50E211DD0B8FA00C54488 /* ClassMaker.exe in Resources */ = {isa = PBXBuildFile; fileRef = FFF50DB41DD0B8FA00C54488 /* ClassMaker.exe */; };
		FFF50E221DD0B8FA00C54488 /* LayerIsland.cpp in Sources */ = {isa = PBXBuildFile; fileRef = FFF50DB61DD0B8FA00C54488 /* LayerIsland.cpp */; };
		FFF50E231DD0B8FA00C54488 /* LayerIsland.cpp in Sources */ = {isa = PBXBuildFile; fileRef = FFF50DB61DD0B8FA00C54488 /* LayerIsland.cpp */; };
		FFF50E241DD0B8FA00C54488 /* SceneIslandMap.cpp in Sources */ = {isa = PBXBuildFile; fileRef = FFF50DB81DD0B8FA00C54488 /* SceneIslandMap.cpp */; };
		FFF50E251DD0B8FA00C54488 /* SceneIslandMap.cpp in Sources */ = {isa = PBXBuildFile; fileRef = FFF50DB81DD0B8FA00C54488 /* SceneIslandMap.cpp */; };
		FFF50E261DD0B8FA00C54488 /* LayerBase.cpp in Sources */ = {isa = PBXBuildFile; fileRef = FFF50DBA1DD0B8FA00C54488 /* LayerBase.cpp */; };
		FFF50E271DD0B8FA00C54488 /* LayerBase.cpp in Sources */ = {isa = PBXBuildFile; fileRef = FFF50DBA1DD0B8FA00C54488 /* LayerBase.cpp */; };
		FFF50E281DD0B8FA00C54488 /* ClassMaker.exe in Resources */ = {isa = PBXBuildFile; fileRef = FFF50DBD1DD0B8FA00C54488 /* ClassMaker.exe */; };
		FFF50E291DD0B8FA00C54488 /* ClassMaker.exe in Resources */ = {isa = PBXBuildFile; fileRef = FFF50DBD1DD0B8FA00C54488 /* ClassMaker.exe */; };
		FFF50E2A1DD0B8FA00C54488 /* LayerFia.cpp in Sources */ = {isa = PBXBuildFile; fileRef = FFF50DBE1DD0B8FA00C54488 /* LayerFia.cpp */; };
		FFF50E2B1DD0B8FA00C54488 /* LayerFia.cpp in Sources */ = {isa = PBXBuildFile; fileRef = FFF50DBE1DD0B8FA00C54488 /* LayerFia.cpp */; };
		FFF50E2C1DD0B8FA00C54488 /* LayerWater.cpp in Sources */ = {isa = PBXBuildFile; fileRef = FFF50DC01DD0B8FA00C54488 /* LayerWater.cpp */; };
		FFF50E2D1DD0B8FA00C54488 /* LayerWater.cpp in Sources */ = {isa = PBXBuildFile; fileRef = FFF50DC01DD0B8FA00C54488 /* LayerWater.cpp */; };
		FFF50E2E1DD0B8FA00C54488 /* SceneSample.cpp in Sources */ = {isa = PBXBuildFile; fileRef = FFF50DC21DD0B8FA00C54488 /* SceneSample.cpp */; };
		FFF50E2F1DD0B8FA00C54488 /* SceneSample.cpp in Sources */ = {isa = PBXBuildFile; fileRef = FFF50DC21DD0B8FA00C54488 /* SceneSample.cpp */; };
		FFF50E301DD0B8FA00C54488 /* SceneBase.cpp in Sources */ = {isa = PBXBuildFile; fileRef = FFF50DC41DD0B8FA00C54488 /* SceneBase.cpp */; };
		FFF50E311DD0B8FA00C54488 /* SceneBase.cpp in Sources */ = {isa = PBXBuildFile; fileRef = FFF50DC41DD0B8FA00C54488 /* SceneBase.cpp */; };
		FFF50E321DD0B8FA00C54488 /* SceneManager.cpp in Sources */ = {isa = PBXBuildFile; fileRef = FFF50DC61DD0B8FA00C54488 /* SceneManager.cpp */; };
		FFF50E331DD0B8FA00C54488 /* SceneManager.cpp in Sources */ = {isa = PBXBuildFile; fileRef = FFF50DC61DD0B8FA00C54488 /* SceneManager.cpp */; };
		FFF50E341DD0B8FA00C54488 /* SceneTitle.cpp in Sources */ = {isa = PBXBuildFile; fileRef = FFF50DC91DD0B8FA00C54488 /* SceneTitle.cpp */; };
		FFF50E351DD0B8FA00C54488 /* SceneTitle.cpp in Sources */ = {isa = PBXBuildFile; fileRef = FFF50DC91DD0B8FA00C54488 /* SceneTitle.cpp */; };
		FFF50E361DD0B8FA00C54488 /* TitleManager.cpp in Sources */ = {isa = PBXBuildFile; fileRef = FFF50DCB1DD0B8FA00C54488 /* TitleManager.cpp */; };
		FFF50E371DD0B8FA00C54488 /* TitleManager.cpp in Sources */ = {isa = PBXBuildFile; fileRef = FFF50DCB1DD0B8FA00C54488 /* TitleManager.cpp */; };
		FFF50E381DD0B8FA00C54488 /* EventListenerGesture.cpp in Sources */ = {isa = PBXBuildFile; fileRef = FFF50DCE1DD0B8FA00C54488 /* EventListenerGesture.cpp */; };
		FFF50E391DD0B8FA00C54488 /* EventListenerGesture.cpp in Sources */ = {isa = PBXBuildFile; fileRef = FFF50DCE1DD0B8FA00C54488 /* EventListenerGesture.cpp */; };
		FFF50E3A1DD0B8FA00C54488 /* BackgroundLayer.cpp in Sources */ = {isa = PBXBuildFile; fileRef = FFF50DD11DD0B8FA00C54488 /* BackgroundLayer.cpp */; };
		FFF50E3B1DD0B8FA00C54488 /* BackgroundLayer.cpp in Sources */ = {isa = PBXBuildFile; fileRef = FFF50DD11DD0B8FA00C54488 /* BackgroundLayer.cpp */; };
		FFF50E3C1DD0B8FA00C54488 /* BackLogLayer.cpp in Sources */ = {isa = PBXBuildFile; fileRef = FFF50DD31DD0B8FA00C54488 /* BackLogLayer.cpp */; };
		FFF50E3D1DD0B8FA00C54488 /* BackLogLayer.cpp in Sources */ = {isa = PBXBuildFile; fileRef = FFF50DD31DD0B8FA00C54488 /* BackLogLayer.cpp */; };
		FFF50E3E1DD0B8FA00C54488 /* ClassMaker.exe in Resources */ = {isa = PBXBuildFile; fileRef = FFF50DD51DD0B8FA00C54488 /* ClassMaker.exe */; };
		FFF50E3F1DD0B8FA00C54488 /* ClassMaker.exe in Resources */ = {isa = PBXBuildFile; fileRef = FFF50DD51DD0B8FA00C54488 /* ClassMaker.exe */; };
		FFF50E401DD0B8FA00C54488 /* HumanLayer.cpp in Sources */ = {isa = PBXBuildFile; fileRef = FFF50DD61DD0B8FA00C54488 /* HumanLayer.cpp */; };
		FFF50E411DD0B8FA00C54488 /* HumanLayer.cpp in Sources */ = {isa = PBXBuildFile; fileRef = FFF50DD61DD0B8FA00C54488 /* HumanLayer.cpp */; };
		FFF50E421DD0B8FA00C54488 /* ModalLayer.cpp in Sources */ = {isa = PBXBuildFile; fileRef = FFF50DD81DD0B8FA00C54488 /* ModalLayer.cpp */; };
		FFF50E431DD0B8FA00C54488 /* ModalLayer.cpp in Sources */ = {isa = PBXBuildFile; fileRef = FFF50DD81DD0B8FA00C54488 /* ModalLayer.cpp */; };
		FFF50E441DD0B8FA00C54488 /* NameLayer.cpp in Sources */ = {isa = PBXBuildFile; fileRef = FFF50DDA1DD0B8FA00C54488 /* NameLayer.cpp */; };
		FFF50E451DD0B8FA00C54488 /* NameLayer.cpp in Sources */ = {isa = PBXBuildFile; fileRef = FFF50DDA1DD0B8FA00C54488 /* NameLayer.cpp */; };
		FFF50E461DD0B8FA00C54488 /* NovelLayer.cpp in Sources */ = {isa = PBXBuildFile; fileRef = FFF50DDC1DD0B8FA00C54488 /* NovelLayer.cpp */; };
		FFF50E471DD0B8FA00C54488 /* NovelLayer.cpp in Sources */ = {isa = PBXBuildFile; fileRef = FFF50DDC1DD0B8FA00C54488 /* NovelLayer.cpp */; };
		FFF50E481DD0B8FA00C54488 /* OptionalValues.cpp in Sources */ = {isa = PBXBuildFile; fileRef = FFF50DDE1DD0B8FA00C54488 /* OptionalValues.cpp */; };
		FFF50E491DD0B8FA00C54488 /* OptionalValues.cpp in Sources */ = {isa = PBXBuildFile; fileRef = FFF50DDE1DD0B8FA00C54488 /* OptionalValues.cpp */; };
		FFF50E4A1DD0B8FA00C54488 /* SceneNovel.cpp in Sources */ = {isa = PBXBuildFile; fileRef = FFF50DE01DD0B8FA00C54488 /* SceneNovel.cpp */; };
		FFF50E4B1DD0B8FA00C54488 /* SceneNovel.cpp in Sources */ = {isa = PBXBuildFile; fileRef = FFF50DE01DD0B8FA00C54488 /* SceneNovel.cpp */; };
		FFF50E4C1DD0B8FA00C54488 /* ScriptBackground.cpp in Sources */ = {isa = PBXBuildFile; fileRef = FFF50DE21DD0B8FA00C54488 /* ScriptBackground.cpp */; };
		FFF50E4D1DD0B8FA00C54488 /* ScriptBackground.cpp in Sources */ = {isa = PBXBuildFile; fileRef = FFF50DE21DD0B8FA00C54488 /* ScriptBackground.cpp */; };
		FFF50E4E1DD0B8FA00C54488 /* ScriptBase.cpp in Sources */ = {isa = PBXBuildFile; fileRef = FFF50DE41DD0B8FA00C54488 /* ScriptBase.cpp */; };
		FFF50E4F1DD0B8FA00C54488 /* ScriptBase.cpp in Sources */ = {isa = PBXBuildFile; fileRef = FFF50DE41DD0B8FA00C54488 /* ScriptBase.cpp */; };
		FFF50E501DD0B8FA00C54488 /* ScriptHuman.cpp in Sources */ = {isa = PBXBuildFile; fileRef = FFF50DE61DD0B8FA00C54488 /* ScriptHuman.cpp */; };
		FFF50E511DD0B8FA00C54488 /* ScriptHuman.cpp in Sources */ = {isa = PBXBuildFile; fileRef = FFF50DE61DD0B8FA00C54488 /* ScriptHuman.cpp */; };
		FFF50E521DD0B8FA00C54488 /* ScriptInstruction.cpp in Sources */ = {isa = PBXBuildFile; fileRef = FFF50DE81DD0B8FA00C54488 /* ScriptInstruction.cpp */; };
		FFF50E531DD0B8FA00C54488 /* ScriptInstruction.cpp in Sources */ = {isa = PBXBuildFile; fileRef = FFF50DE81DD0B8FA00C54488 /* ScriptInstruction.cpp */; };
		FFF50E541DD0B8FA00C54488 /* ScriptName.cpp in Sources */ = {isa = PBXBuildFile; fileRef = FFF50DEA1DD0B8FA00C54488 /* ScriptName.cpp */; };
		FFF50E551DD0B8FA00C54488 /* ScriptName.cpp in Sources */ = {isa = PBXBuildFile; fileRef = FFF50DEA1DD0B8FA00C54488 /* ScriptName.cpp */; };
		FFF50E561DD0B8FA00C54488 /* ScriptStaticData.cpp in Sources */ = {isa = PBXBuildFile; fileRef = FFF50DEC1DD0B8FA00C54488 /* ScriptStaticData.cpp */; };
		FFF50E571DD0B8FA00C54488 /* ScriptStaticData.cpp in Sources */ = {isa = PBXBuildFile; fileRef = FFF50DEC1DD0B8FA00C54488 /* ScriptStaticData.cpp */; };
		FFF50E581DD0B8FA00C54488 /* ScriptStill.cpp in Sources */ = {isa = PBXBuildFile; fileRef = FFF50DEE1DD0B8FA00C54488 /* ScriptStill.cpp */; };
		FFF50E591DD0B8FA00C54488 /* ScriptStill.cpp in Sources */ = {isa = PBXBuildFile; fileRef = FFF50DEE1DD0B8FA00C54488 /* ScriptStill.cpp */; };
		FFF50E5A1DD0B8FA00C54488 /* ScriptSystem.cpp in Sources */ = {isa = PBXBuildFile; fileRef = FFF50DF01DD0B8FA00C54488 /* ScriptSystem.cpp */; };
		FFF50E5B1DD0B8FA00C54488 /* ScriptSystem.cpp in Sources */ = {isa = PBXBuildFile; fileRef = FFF50DF01DD0B8FA00C54488 /* ScriptSystem.cpp */; };
		FFF50E5C1DD0B8FA00C54488 /* SelectLayer.cpp in Sources */ = {isa = PBXBuildFile; fileRef = FFF50DF21DD0B8FA00C54488 /* SelectLayer.cpp */; };
		FFF50E5D1DD0B8FA00C54488 /* SelectLayer.cpp in Sources */ = {isa = PBXBuildFile; fileRef = FFF50DF21DD0B8FA00C54488 /* SelectLayer.cpp */; };
		FFF50E5E1DD0B8FA00C54488 /* StillLayer.cpp in Sources */ = {isa = PBXBuildFile; fileRef = FFF50DF41DD0B8FA00C54488 /* StillLayer.cpp */; };
		FFF50E5F1DD0B8FA00C54488 /* StillLayer.cpp in Sources */ = {isa = PBXBuildFile; fileRef = FFF50DF41DD0B8FA00C54488 /* StillLayer.cpp */; };
		FFF50E601DD0B8FA00C54488 /* SystemLayer.cpp in Sources */ = {isa = PBXBuildFile; fileRef = FFF50DF61DD0B8FA00C54488 /* SystemLayer.cpp */; };
		FFF50E611DD0B8FA00C54488 /* SystemLayer.cpp in Sources */ = {isa = PBXBuildFile; fileRef = FFF50DF61DD0B8FA00C54488 /* SystemLayer.cpp */; };
		FFF50E621DD0B8FA00C54488 /* TextChunk.cpp in Sources */ = {isa = PBXBuildFile; fileRef = FFF50DF81DD0B8FA00C54488 /* TextChunk.cpp */; };
		FFF50E631DD0B8FA00C54488 /* TextChunk.cpp in Sources */ = {isa = PBXBuildFile; fileRef = FFF50DF81DD0B8FA00C54488 /* TextChunk.cpp */; };
		FFF50E641DD0B8FA00C54488 /* TextChunkManager.cpp in Sources */ = {isa = PBXBuildFile; fileRef = FFF50DFA1DD0B8FA00C54488 /* TextChunkManager.cpp */; };
		FFF50E651DD0B8FA00C54488 /* TextChunkManager.cpp in Sources */ = {isa = PBXBuildFile; fileRef = FFF50DFA1DD0B8FA00C54488 /* TextChunkManager.cpp */; };
		FFF50E661DD0B8FA00C54488 /* TextData.cpp in Sources */ = {isa = PBXBuildFile; fileRef = FFF50DFC1DD0B8FA00C54488 /* TextData.cpp */; };
		FFF50E671DD0B8FA00C54488 /* TextData.cpp in Sources */ = {isa = PBXBuildFile; fileRef = FFF50DFC1DD0B8FA00C54488 /* TextData.cpp */; };
		FFF50E681DD0B8FA00C54488 /* TextLabels.cpp in Sources */ = {isa = PBXBuildFile; fileRef = FFF50DFE1DD0B8FA00C54488 /* TextLabels.cpp */; };
		FFF50E691DD0B8FA00C54488 /* TextLabels.cpp in Sources */ = {isa = PBXBuildFile; fileRef = FFF50DFE1DD0B8FA00C54488 /* TextLabels.cpp */; };
		FFF50E6A1DD0B8FA00C54488 /* TextScriptAnalysis.cpp in Sources */ = {isa = PBXBuildFile; fileRef = FFF50E001DD0B8FA00C54488 /* TextScriptAnalysis.cpp */; };
		FFF50E6B1DD0B8FA00C54488 /* TextScriptAnalysis.cpp in Sources */ = {isa = PBXBuildFile; fileRef = FFF50E001DD0B8FA00C54488 /* TextScriptAnalysis.cpp */; };
		FFF50E6C1DD0B8FA00C54488 /* TextScriptReader.cpp in Sources */ = {isa = PBXBuildFile; fileRef = FFF50E021DD0B8FA00C54488 /* TextScriptReader.cpp */; };
		FFF50E6D1DD0B8FA00C54488 /* TextScriptReader.cpp in Sources */ = {isa = PBXBuildFile; fileRef = FFF50E021DD0B8FA00C54488 /* TextScriptReader.cpp */; };
		FFF50E6E1DD0B8FA00C54488 /* TextString.cpp in Sources */ = {isa = PBXBuildFile; fileRef = FFF50E041DD0B8FA00C54488 /* TextString.cpp */; };
		FFF50E6F1DD0B8FA00C54488 /* TextString.cpp in Sources */ = {isa = PBXBuildFile; fileRef = FFF50E041DD0B8FA00C54488 /* TextString.cpp */; };
		FFF50E701DD0B8FA00C54488 /* TextTypes.cpp in Sources */ = {isa = PBXBuildFile; fileRef = FFF50E061DD0B8FA00C54488 /* TextTypes.cpp */; };
		FFF50E711DD0B8FA00C54488 /* TextTypes.cpp in Sources */ = {isa = PBXBuildFile; fileRef = FFF50E061DD0B8FA00C54488 /* TextTypes.cpp */; };
/* End PBXBuildFile section */

/* Begin PBXContainerItemProxy section */
		1AC6FAF8180E9839004C840B /* PBXContainerItemProxy */ = {
			isa = PBXContainerItemProxy;
			containerPortal = 1AC6FAE5180E9839004C840B /* cocos2d_libs.xcodeproj */;
			proxyType = 2;
			remoteGlobalIDString = 1551A33F158F2AB200E66CFE;
			remoteInfo = "cocos2dx Mac";
		};
		1AC6FB06180E9839004C840B /* PBXContainerItemProxy */ = {
			isa = PBXContainerItemProxy;
			containerPortal = 1AC6FAE5180E9839004C840B /* cocos2d_libs.xcodeproj */;
			proxyType = 2;
			remoteGlobalIDString = A07A4D641783777C0073F6A7;
			remoteInfo = "cocos2dx iOS";
		};
		1AC6FB15180E9959004C840B /* PBXContainerItemProxy */ = {
			isa = PBXContainerItemProxy;
			containerPortal = 1AC6FAE5180E9839004C840B /* cocos2d_libs.xcodeproj */;
			proxyType = 1;
			remoteGlobalIDString = 1551A33E158F2AB200E66CFE;
			remoteInfo = "cocos2dx Mac";
		};
		1AC6FB24180E99E1004C840B /* PBXContainerItemProxy */ = {
			isa = PBXContainerItemProxy;
			containerPortal = 1AC6FAE5180E9839004C840B /* cocos2d_libs.xcodeproj */;
			proxyType = 1;
			remoteGlobalIDString = A07A4C241783777C0073F6A7;
			remoteInfo = "cocos2dx iOS";
		};
		FF90E05A1DCBECC40059AB43 /* PBXContainerItemProxy */ = {
			isa = PBXContainerItemProxy;
			containerPortal = 1AC6FAE5180E9839004C840B /* cocos2d_libs.xcodeproj */;
			proxyType = 2;
			remoteGlobalIDString = 507B40FD1C31BDD30067B53E;
			remoteInfo = "libcocos2d tvOS";
		};
/* End PBXContainerItemProxy section */

/* Begin PBXFileReference section */
		1AC6FAE5180E9839004C840B /* cocos2d_libs.xcodeproj */ = {isa = PBXFileReference; lastKnownFileType = "wrapper.pb-project"; name = cocos2d_libs.xcodeproj; path = ../cocos2d/build/cocos2d_libs.xcodeproj; sourceTree = "<group>"; };
		1ACB3243164770DE00914215 /* libcurl.a */ = {isa = PBXFileReference; lastKnownFileType = archive.ar; name = libcurl.a; path = ../../cocos2dx/platform/third_party/ios/libraries/libcurl.a; sourceTree = "<group>"; };
		1D30AB110D05D00D00671497 /* Foundation.framework */ = {isa = PBXFileReference; lastKnownFileType = wrapper.framework; name = Foundation.framework; path = System/Library/Frameworks/Foundation.framework; sourceTree = SDKROOT; };
		1D6058910D05DD3D006BFB54 /* cocos2dx-mobile.app */ = {isa = PBXFileReference; explicitFileType = wrapper.application; includeInIndex = 0; path = "cocos2dx-mobile.app"; sourceTree = BUILT_PRODUCTS_DIR; };
		1DF5F4DF0D08C38300B7A737 /* UIKit.framework */ = {isa = PBXFileReference; lastKnownFileType = wrapper.framework; name = UIKit.framework; path = System/Library/Frameworks/UIKit.framework; sourceTree = SDKROOT; };
		288765A40DF7441C002DB57D /* CoreGraphics.framework */ = {isa = PBXFileReference; lastKnownFileType = wrapper.framework; name = CoreGraphics.framework; path = System/Library/Frameworks/CoreGraphics.framework; sourceTree = SDKROOT; };
		294D0D631D0D56D500F7F5D4 /* CoreText.framework */ = {isa = PBXFileReference; lastKnownFileType = wrapper.framework; name = CoreText.framework; path = Platforms/iPhoneOS.platform/Developer/SDKs/iPhoneOS9.3.sdk/System/Library/Frameworks/CoreText.framework; sourceTree = DEVELOPER_DIR; };
		503AE0F617EB97AB00D1A890 /* Icon.icns */ = {isa = PBXFileReference; lastKnownFileType = image.icns; path = Icon.icns; sourceTree = "<group>"; };
		503AE0F717EB97AB00D1A890 /* Info.plist */ = {isa = PBXFileReference; fileEncoding = 4; lastKnownFileType = text.plist.xml; path = Info.plist; sourceTree = "<group>"; };
		503AE0FA17EB989F00D1A890 /* AppController.h */ = {isa = PBXFileReference; fileEncoding = 4; lastKnownFileType = sourcecode.c.h; name = AppController.h; path = ios/AppController.h; sourceTree = SOURCE_ROOT; };
		503AE0FB17EB989F00D1A890 /* AppController.mm */ = {isa = PBXFileReference; fileEncoding = 4; lastKnownFileType = sourcecode.cpp.objcpp; name = AppController.mm; path = ios/AppController.mm; sourceTree = SOURCE_ROOT; };
		503AE0FC17EB989F00D1A890 /* main.m */ = {isa = PBXFileReference; fileEncoding = 4; lastKnownFileType = sourcecode.c.objc; name = main.m; path = ios/main.m; sourceTree = SOURCE_ROOT; };
		503AE0FD17EB989F00D1A890 /* Prefix.pch */ = {isa = PBXFileReference; fileEncoding = 4; lastKnownFileType = sourcecode.c.h; name = Prefix.pch; path = ios/Prefix.pch; sourceTree = SOURCE_ROOT; };
		503AE0FE17EB989F00D1A890 /* RootViewController.h */ = {isa = PBXFileReference; fileEncoding = 4; lastKnownFileType = sourcecode.c.h; name = RootViewController.h; path = ios/RootViewController.h; sourceTree = SOURCE_ROOT; };
		503AE0FF17EB989F00D1A890 /* RootViewController.mm */ = {isa = PBXFileReference; fileEncoding = 4; lastKnownFileType = sourcecode.cpp.objcpp; name = RootViewController.mm; path = ios/RootViewController.mm; sourceTree = SOURCE_ROOT; };
		503AE10317EB98FF00D1A890 /* main.cpp */ = {isa = PBXFileReference; fileEncoding = 4; lastKnownFileType = sourcecode.cpp.cpp; name = main.cpp; path = mac/main.cpp; sourceTree = "<group>"; };
		503AE10417EB98FF00D1A890 /* Prefix.pch */ = {isa = PBXFileReference; fileEncoding = 4; lastKnownFileType = sourcecode.c.h; name = Prefix.pch; path = mac/Prefix.pch; sourceTree = "<group>"; };
		503AE11117EB99EE00D1A890 /* libcurl.dylib */ = {isa = PBXFileReference; lastKnownFileType = "compiled.mach-o.dylib"; name = libcurl.dylib; path = usr/lib/libcurl.dylib; sourceTree = SDKROOT; };
		503AE11A17EB9C5A00D1A890 /* IOKit.framework */ = {isa = PBXFileReference; lastKnownFileType = wrapper.framework; name = IOKit.framework; path = System/Library/Frameworks/IOKit.framework; sourceTree = SDKROOT; };
		5087E76F17EB910900C73F5D /* cocos2dx-desktop.app */ = {isa = PBXFileReference; explicitFileType = wrapper.application; includeInIndex = 0; path = "cocos2dx-desktop.app"; sourceTree = BUILT_PRODUCTS_DIR; };
		5087E77217EB970100C73F5D /* Default-568h@2x.png */ = {isa = PBXFileReference; lastKnownFileType = image.png; path = "Default-568h@2x.png"; sourceTree = "<group>"; };
		5087E77317EB970100C73F5D /* Default.png */ = {isa = PBXFileReference; lastKnownFileType = image.png; path = Default.png; sourceTree = "<group>"; };
		5087E77417EB970100C73F5D /* Default@2x.png */ = {isa = PBXFileReference; lastKnownFileType = image.png; path = "Default@2x.png"; sourceTree = "<group>"; };
		5087E77517EB970100C73F5D /* Icon-114.png */ = {isa = PBXFileReference; lastKnownFileType = image.png; path = "Icon-114.png"; sourceTree = "<group>"; };
		5087E77617EB970100C73F5D /* Icon-120.png */ = {isa = PBXFileReference; lastKnownFileType = image.png; path = "Icon-120.png"; sourceTree = "<group>"; };
		5087E77717EB970100C73F5D /* Icon-144.png */ = {isa = PBXFileReference; lastKnownFileType = image.png; path = "Icon-144.png"; sourceTree = "<group>"; };
		5087E77817EB970100C73F5D /* Icon-152.png */ = {isa = PBXFileReference; lastKnownFileType = image.png; path = "Icon-152.png"; sourceTree = "<group>"; };
		5087E77917EB970100C73F5D /* Icon-57.png */ = {isa = PBXFileReference; lastKnownFileType = image.png; path = "Icon-57.png"; sourceTree = "<group>"; };
		5087E77A17EB970100C73F5D /* Icon-72.png */ = {isa = PBXFileReference; lastKnownFileType = image.png; path = "Icon-72.png"; sourceTree = "<group>"; };
		5087E77B17EB970100C73F5D /* Icon-76.png */ = {isa = PBXFileReference; lastKnownFileType = image.png; path = "Icon-76.png"; sourceTree = "<group>"; };
		5087E77C17EB970100C73F5D /* Info.plist */ = {isa = PBXFileReference; fileEncoding = 4; lastKnownFileType = text.plist.xml; path = Info.plist; sourceTree = "<group>"; };
		5087E78817EB974C00C73F5D /* AppKit.framework */ = {isa = PBXFileReference; lastKnownFileType = wrapper.framework; name = AppKit.framework; path = System/Library/Frameworks/AppKit.framework; sourceTree = SDKROOT; };
		5087E78A17EB975400C73F5D /* OpenGL.framework */ = {isa = PBXFileReference; lastKnownFileType = wrapper.framework; name = OpenGL.framework; path = System/Library/Frameworks/OpenGL.framework; sourceTree = SDKROOT; };
		50EF629217ECD46A001EB2F8 /* Icon-40.png */ = {isa = PBXFileReference; lastKnownFileType = image.png; path = "Icon-40.png"; sourceTree = "<group>"; };
		50EF629317ECD46A001EB2F8 /* Icon-58.png */ = {isa = PBXFileReference; lastKnownFileType = image.png; path = "Icon-58.png"; sourceTree = "<group>"; };
		50EF629417ECD46A001EB2F8 /* Icon-80.png */ = {isa = PBXFileReference; lastKnownFileType = image.png; path = "Icon-80.png"; sourceTree = "<group>"; };
		50EF629517ECD46A001EB2F8 /* Icon-100.png */ = {isa = PBXFileReference; lastKnownFileType = image.png; path = "Icon-100.png"; sourceTree = "<group>"; };
		50EF62A017ECD613001EB2F8 /* Icon-29.png */ = {isa = PBXFileReference; lastKnownFileType = image.png; path = "Icon-29.png"; sourceTree = "<group>"; };
		50EF62A117ECD613001EB2F8 /* Icon-50.png */ = {isa = PBXFileReference; lastKnownFileType = image.png; path = "Icon-50.png"; sourceTree = "<group>"; };
		521A8E6219F0C34300D177D7 /* Default-667h@2x.png */ = {isa = PBXFileReference; lastKnownFileType = image.png; path = "Default-667h@2x.png"; sourceTree = "<group>"; };
		521A8E6319F0C34300D177D7 /* Default-736h@3x.png */ = {isa = PBXFileReference; lastKnownFileType = image.png; path = "Default-736h@3x.png"; sourceTree = "<group>"; };
		52B47A461A53D09B004E4C60 /* Security.framework */ = {isa = PBXFileReference; lastKnownFileType = wrapper.framework; name = Security.framework; path = Platforms/iPhoneOS.platform/Developer/SDKs/iPhoneOS8.1.sdk/System/Library/Frameworks/Security.framework; sourceTree = DEVELOPER_DIR; };
		8262943D1AAF051F00CB7CF7 /* Security.framework */ = {isa = PBXFileReference; lastKnownFileType = wrapper.framework; name = Security.framework; path = System/Library/Frameworks/Security.framework; sourceTree = SDKROOT; };
		BF170DB012928DE900B8313A /* OpenGLES.framework */ = {isa = PBXFileReference; lastKnownFileType = wrapper.framework; name = OpenGLES.framework; path = System/Library/Frameworks/OpenGLES.framework; sourceTree = SDKROOT; };
		BF170DB412928DE900B8313A /* libz.dylib */ = {isa = PBXFileReference; lastKnownFileType = "compiled.mach-o.dylib"; name = libz.dylib; path = usr/lib/libz.dylib; sourceTree = SDKROOT; };
		BF1C47EA1293683800B63C5D /* QuartzCore.framework */ = {isa = PBXFileReference; lastKnownFileType = wrapper.framework; name = QuartzCore.framework; path = System/Library/Frameworks/QuartzCore.framework; sourceTree = SDKROOT; };
		D44C620B132DFF330009C878 /* OpenAL.framework */ = {isa = PBXFileReference; lastKnownFileType = wrapper.framework; name = OpenAL.framework; path = System/Library/Frameworks/OpenAL.framework; sourceTree = SDKROOT; };
		D44C620D132DFF430009C878 /* AVFoundation.framework */ = {isa = PBXFileReference; lastKnownFileType = wrapper.framework; name = AVFoundation.framework; path = System/Library/Frameworks/AVFoundation.framework; sourceTree = SDKROOT; };
		D44C620F132DFF4E0009C878 /* AudioToolbox.framework */ = {isa = PBXFileReference; lastKnownFileType = wrapper.framework; name = AudioToolbox.framework; path = System/Library/Frameworks/AudioToolbox.framework; sourceTree = SDKROOT; };
		D6B0611A1803AB670077942B /* CoreMotion.framework */ = {isa = PBXFileReference; lastKnownFileType = wrapper.framework; name = CoreMotion.framework; path = Platforms/iPhoneOS.platform/Developer/SDKs/iPhoneOS7.0.sdk/System/Library/Frameworks/CoreMotion.framework; sourceTree = DEVELOPER_DIR; };
		ED545A7B1B68A1F400C3958E /* libiconv.dylib */ = {isa = PBXFileReference; lastKnownFileType = "compiled.mach-o.dylib"; name = libiconv.dylib; path = Platforms/iPhoneOS.platform/Developer/SDKs/iPhoneOS8.4.sdk/usr/lib/libiconv.dylib; sourceTree = DEVELOPER_DIR; };
		ED545A7D1B68A1FA00C3958E /* libiconv.dylib */ = {isa = PBXFileReference; lastKnownFileType = "compiled.mach-o.dylib"; name = libiconv.dylib; path = usr/lib/libiconv.dylib; sourceTree = SDKROOT; };
		FF6F99E11DCEDCBA00A1D848 /* res */ = {isa = PBXFileReference; lastKnownFileType = folder; path = res; sourceTree = "<group>"; };
		FFF50D981DD0B8FA00C54488 /* AppDelegate.cpp */ = {isa = PBXFileReference; fileEncoding = 4; lastKnownFileType = sourcecode.cpp.cpp; path = AppDelegate.cpp; sourceTree = "<group>"; };
		FFF50D991DD0B8FA00C54488 /* AppDelegate.h */ = {isa = PBXFileReference; fileEncoding = 4; lastKnownFileType = sourcecode.c.h; path = AppDelegate.h; sourceTree = "<group>"; };
		FFF50D9B1DD0B8FA00C54488 /* ClassMaker.exe */ = {isa = PBXFileReference; lastKnownFileType = file; path = ClassMaker.exe; sourceTree = "<group>"; };
		FFF50D9D1DD0B8FA00C54488 /* EnvironmentDefaultData.cpp */ = {isa = PBXFileReference; fileEncoding = 4; lastKnownFileType = sourcecode.cpp.cpp; path = EnvironmentDefaultData.cpp; sourceTree = "<group>"; };
		FFF50D9E1DD0B8FA00C54488 /* EnvironmentDefaultData.h */ = {isa = PBXFileReference; fileEncoding = 4; lastKnownFileType = sourcecode.c.h; path = EnvironmentDefaultData.h; sourceTree = "<group>"; };
		FFF50DA11DD0B8FA00C54488 /* BGManager.cpp */ = {isa = PBXFileReference; fileEncoding = 4; lastKnownFileType = sourcecode.cpp.cpp; path = BGManager.cpp; sourceTree = "<group>"; };
		FFF50DA21DD0B8FA00C54488 /* BGManager.h */ = {isa = PBXFileReference; fileEncoding = 4; lastKnownFileType = sourcecode.c.h; path = BGManager.h; sourceTree = "<group>"; };
		FFF50DA31DD0B8FA00C54488 /* ClassMaker.exe */ = {isa = PBXFileReference; lastKnownFileType = file; path = ClassMaker.exe; sourceTree = "<group>"; };
		FFF50DA41DD0B8FA00C54488 /* FrameLayer.cpp */ = {isa = PBXFileReference; fileEncoding = 4; lastKnownFileType = sourcecode.cpp.cpp; path = FrameLayer.cpp; sourceTree = "<group>"; };
		FFF50DA51DD0B8FA00C54488 /* FrameLayer.h */ = {isa = PBXFileReference; fileEncoding = 4; lastKnownFileType = sourcecode.c.h; path = FrameLayer.h; sourceTree = "<group>"; };
		FFF50DA61DD0B8FA00C54488 /* Home.cpp */ = {isa = PBXFileReference; fileEncoding = 4; lastKnownFileType = sourcecode.cpp.cpp; path = Home.cpp; sourceTree = "<group>"; };
		FFF50DA71DD0B8FA00C54488 /* Home.h */ = {isa = PBXFileReference; fileEncoding = 4; lastKnownFileType = sourcecode.c.h; path = Home.h; sourceTree = "<group>"; };
		FFF50DA81DD0B8FA00C54488 /* SceneBreeding.cpp */ = {isa = PBXFileReference; fileEncoding = 4; lastKnownFileType = sourcecode.cpp.cpp; path = SceneBreeding.cpp; sourceTree = "<group>"; };
		FFF50DA91DD0B8FA00C54488 /* SceneBreeding.h */ = {isa = PBXFileReference; fileEncoding = 4; lastKnownFileType = sourcecode.c.h; path = SceneBreeding.h; sourceTree = "<group>"; };
		FFF50DAA1DD0B8FA00C54488 /* Test.cpp */ = {isa = PBXFileReference; fileEncoding = 4; lastKnownFileType = sourcecode.cpp.cpp; path = Test.cpp; sourceTree = "<group>"; };
		FFF50DAB1DD0B8FA00C54488 /* Test.h */ = {isa = PBXFileReference; fileEncoding = 4; lastKnownFileType = sourcecode.c.h; path = Test.h; sourceTree = "<group>"; };
		FFF50DAC1DD0B8FA00C54488 /* UIManager.cpp */ = {isa = PBXFileReference; fileEncoding = 4; lastKnownFileType = sourcecode.cpp.cpp; path = UIManager.cpp; sourceTree = "<group>"; };
		FFF50DAD1DD0B8FA00C54488 /* UIManager.h */ = {isa = PBXFileReference; fileEncoding = 4; lastKnownFileType = sourcecode.c.h; path = UIManager.h; sourceTree = "<group>"; };
		FFF50DAE1DD0B8FA00C54488 /* VariousStatus.h */ = {isa = PBXFileReference; fileEncoding = 4; lastKnownFileType = sourcecode.c.h; path = VariousStatus.h; sourceTree = "<group>"; };
		FFF50DB01DD0B8FA00C54488 /* LayerCity.cpp */ = {isa = PBXFileReference; fileEncoding = 4; lastKnownFileType = sourcecode.cpp.cpp; path = LayerCity.cpp; sourceTree = "<group>"; };
		FFF50DB11DD0B8FA00C54488 /* LayerCity.h */ = {isa = PBXFileReference; fileEncoding = 4; lastKnownFileType = sourcecode.c.h; path = LayerCity.h; sourceTree = "<group>"; };
		FFF50DB21DD0B8FA00C54488 /* SceneCityMap.cpp */ = {isa = PBXFileReference; fileEncoding = 4; lastKnownFileType = sourcecode.cpp.cpp; path = SceneCityMap.cpp; sourceTree = "<group>"; };
		FFF50DB31DD0B8FA00C54488 /* SceneCityMap.h */ = {isa = PBXFileReference; fileEncoding = 4; lastKnownFileType = sourcecode.c.h; path = SceneCityMap.h; sourceTree = "<group>"; };
		FFF50DB41DD0B8FA00C54488 /* ClassMaker.exe */ = {isa = PBXFileReference; lastKnownFileType = file; path = ClassMaker.exe; sourceTree = "<group>"; };
		FFF50DB61DD0B8FA00C54488 /* LayerIsland.cpp */ = {isa = PBXFileReference; fileEncoding = 4; lastKnownFileType = sourcecode.cpp.cpp; path = LayerIsland.cpp; sourceTree = "<group>"; };
		FFF50DB71DD0B8FA00C54488 /* LayerIsland.h */ = {isa = PBXFileReference; fileEncoding = 4; lastKnownFileType = sourcecode.c.h; path = LayerIsland.h; sourceTree = "<group>"; };
		FFF50DB81DD0B8FA00C54488 /* SceneIslandMap.cpp */ = {isa = PBXFileReference; fileEncoding = 4; lastKnownFileType = sourcecode.cpp.cpp; path = SceneIslandMap.cpp; sourceTree = "<group>"; };
		FFF50DB91DD0B8FA00C54488 /* SceneIslandMap.h */ = {isa = PBXFileReference; fileEncoding = 4; lastKnownFileType = sourcecode.c.h; path = SceneIslandMap.h; sourceTree = "<group>"; };
		FFF50DBA1DD0B8FA00C54488 /* LayerBase.cpp */ = {isa = PBXFileReference; fileEncoding = 4; lastKnownFileType = sourcecode.cpp.cpp; path = LayerBase.cpp; sourceTree = "<group>"; };
		FFF50DBB1DD0B8FA00C54488 /* LayerBase.h */ = {isa = PBXFileReference; fileEncoding = 4; lastKnownFileType = sourcecode.c.h; path = LayerBase.h; sourceTree = "<group>"; };
		FFF50DBD1DD0B8FA00C54488 /* ClassMaker.exe */ = {isa = PBXFileReference; lastKnownFileType = file; path = ClassMaker.exe; sourceTree = "<group>"; };
		FFF50DBE1DD0B8FA00C54488 /* LayerFia.cpp */ = {isa = PBXFileReference; fileEncoding = 4; lastKnownFileType = sourcecode.cpp.cpp; path = LayerFia.cpp; sourceTree = "<group>"; };
		FFF50DBF1DD0B8FA00C54488 /* LayerFia.h */ = {isa = PBXFileReference; fileEncoding = 4; lastKnownFileType = sourcecode.c.h; path = LayerFia.h; sourceTree = "<group>"; };
		FFF50DC01DD0B8FA00C54488 /* LayerWater.cpp */ = {isa = PBXFileReference; fileEncoding = 4; lastKnownFileType = sourcecode.cpp.cpp; path = LayerWater.cpp; sourceTree = "<group>"; };
		FFF50DC11DD0B8FA00C54488 /* LayerWater.h */ = {isa = PBXFileReference; fileEncoding = 4; lastKnownFileType = sourcecode.c.h; path = LayerWater.h; sourceTree = "<group>"; };
		FFF50DC21DD0B8FA00C54488 /* SceneSample.cpp */ = {isa = PBXFileReference; fileEncoding = 4; lastKnownFileType = sourcecode.cpp.cpp; path = SceneSample.cpp; sourceTree = "<group>"; };
		FFF50DC31DD0B8FA00C54488 /* SceneSample.h */ = {isa = PBXFileReference; fileEncoding = 4; lastKnownFileType = sourcecode.c.h; path = SceneSample.h; sourceTree = "<group>"; };
		FFF50DC41DD0B8FA00C54488 /* SceneBase.cpp */ = {isa = PBXFileReference; fileEncoding = 4; lastKnownFileType = sourcecode.cpp.cpp; path = SceneBase.cpp; sourceTree = "<group>"; };
		FFF50DC51DD0B8FA00C54488 /* SceneBase.h */ = {isa = PBXFileReference; fileEncoding = 4; lastKnownFileType = sourcecode.c.h; path = SceneBase.h; sourceTree = "<group>"; };
		FFF50DC61DD0B8FA00C54488 /* SceneManager.cpp */ = {isa = PBXFileReference; fileEncoding = 4; lastKnownFileType = sourcecode.cpp.cpp; path = SceneManager.cpp; sourceTree = "<group>"; };
		FFF50DC71DD0B8FA00C54488 /* SceneManager.h */ = {isa = PBXFileReference; fileEncoding = 4; lastKnownFileType = sourcecode.c.h; path = SceneManager.h; sourceTree = "<group>"; };
		FFF50DC91DD0B8FA00C54488 /* SceneTitle.cpp */ = {isa = PBXFileReference; fileEncoding = 4; lastKnownFileType = sourcecode.cpp.cpp; path = SceneTitle.cpp; sourceTree = "<group>"; };
		FFF50DCA1DD0B8FA00C54488 /* SceneTitle.h */ = {isa = PBXFileReference; fileEncoding = 4; lastKnownFileType = sourcecode.c.h; path = SceneTitle.h; sourceTree = "<group>"; };
		FFF50DCB1DD0B8FA00C54488 /* TitleManager.cpp */ = {isa = PBXFileReference; fileEncoding = 4; lastKnownFileType = sourcecode.cpp.cpp; path = TitleManager.cpp; sourceTree = "<group>"; };
		FFF50DCC1DD0B8FA00C54488 /* TitleManager.h */ = {isa = PBXFileReference; fileEncoding = 4; lastKnownFileType = sourcecode.c.h; path = TitleManager.h; sourceTree = "<group>"; };
		FFF50DCE1DD0B8FA00C54488 /* EventListenerGesture.cpp */ = {isa = PBXFileReference; fileEncoding = 4; lastKnownFileType = sourcecode.cpp.cpp; path = EventListenerGesture.cpp; sourceTree = "<group>"; };
		FFF50DCF1DD0B8FA00C54488 /* EventListenerGesture.h */ = {isa = PBXFileReference; fileEncoding = 4; lastKnownFileType = sourcecode.c.h; path = EventListenerGesture.h; sourceTree = "<group>"; };
		FFF50DD11DD0B8FA00C54488 /* BackgroundLayer.cpp */ = {isa = PBXFileReference; fileEncoding = 4; lastKnownFileType = sourcecode.cpp.cpp; path = BackgroundLayer.cpp; sourceTree = "<group>"; };
		FFF50DD21DD0B8FA00C54488 /* BackgroundLayer.h */ = {isa = PBXFileReference; fileEncoding = 4; lastKnownFileType = sourcecode.c.h; path = BackgroundLayer.h; sourceTree = "<group>"; };
		FFF50DD31DD0B8FA00C54488 /* BackLogLayer.cpp */ = {isa = PBXFileReference; fileEncoding = 4; lastKnownFileType = sourcecode.cpp.cpp; path = BackLogLayer.cpp; sourceTree = "<group>"; };
		FFF50DD41DD0B8FA00C54488 /* BackLogLayer.h */ = {isa = PBXFileReference; fileEncoding = 4; lastKnownFileType = sourcecode.c.h; path = BackLogLayer.h; sourceTree = "<group>"; };
		FFF50DD51DD0B8FA00C54488 /* ClassMaker.exe */ = {isa = PBXFileReference; lastKnownFileType = file; path = ClassMaker.exe; sourceTree = "<group>"; };
		FFF50DD61DD0B8FA00C54488 /* HumanLayer.cpp */ = {isa = PBXFileReference; fileEncoding = 4; lastKnownFileType = sourcecode.cpp.cpp; path = HumanLayer.cpp; sourceTree = "<group>"; };
		FFF50DD71DD0B8FA00C54488 /* HumanLayer.h */ = {isa = PBXFileReference; fileEncoding = 4; lastKnownFileType = sourcecode.c.h; path = HumanLayer.h; sourceTree = "<group>"; };
		FFF50DD81DD0B8FA00C54488 /* ModalLayer.cpp */ = {isa = PBXFileReference; fileEncoding = 4; lastKnownFileType = sourcecode.cpp.cpp; path = ModalLayer.cpp; sourceTree = "<group>"; };
		FFF50DD91DD0B8FA00C54488 /* ModalLayer.h */ = {isa = PBXFileReference; fileEncoding = 4; lastKnownFileType = sourcecode.c.h; path = ModalLayer.h; sourceTree = "<group>"; };
		FFF50DDA1DD0B8FA00C54488 /* NameLayer.cpp */ = {isa = PBXFileReference; fileEncoding = 4; lastKnownFileType = sourcecode.cpp.cpp; path = NameLayer.cpp; sourceTree = "<group>"; };
		FFF50DDB1DD0B8FA00C54488 /* NameLayer.h */ = {isa = PBXFileReference; fileEncoding = 4; lastKnownFileType = sourcecode.c.h; path = NameLayer.h; sourceTree = "<group>"; };
		FFF50DDC1DD0B8FA00C54488 /* NovelLayer.cpp */ = {isa = PBXFileReference; fileEncoding = 4; lastKnownFileType = sourcecode.cpp.cpp; path = NovelLayer.cpp; sourceTree = "<group>"; };
		FFF50DDD1DD0B8FA00C54488 /* NovelLayer.h */ = {isa = PBXFileReference; fileEncoding = 4; lastKnownFileType = sourcecode.c.h; path = NovelLayer.h; sourceTree = "<group>"; };
		FFF50DDE1DD0B8FA00C54488 /* OptionalValues.cpp */ = {isa = PBXFileReference; fileEncoding = 4; lastKnownFileType = sourcecode.cpp.cpp; path = OptionalValues.cpp; sourceTree = "<group>"; };
		FFF50DDF1DD0B8FA00C54488 /* OptionalValues.h */ = {isa = PBXFileReference; fileEncoding = 4; lastKnownFileType = sourcecode.c.h; path = OptionalValues.h; sourceTree = "<group>"; };
		FFF50DE01DD0B8FA00C54488 /* SceneNovel.cpp */ = {isa = PBXFileReference; fileEncoding = 4; lastKnownFileType = sourcecode.cpp.cpp; path = SceneNovel.cpp; sourceTree = "<group>"; };
		FFF50DE11DD0B8FA00C54488 /* SceneNovel.h */ = {isa = PBXFileReference; fileEncoding = 4; lastKnownFileType = sourcecode.c.h; path = SceneNovel.h; sourceTree = "<group>"; };
		FFF50DE21DD0B8FA00C54488 /* ScriptBackground.cpp */ = {isa = PBXFileReference; fileEncoding = 4; lastKnownFileType = sourcecode.cpp.cpp; path = ScriptBackground.cpp; sourceTree = "<group>"; };
		FFF50DE31DD0B8FA00C54488 /* ScriptBackground.h */ = {isa = PBXFileReference; fileEncoding = 4; lastKnownFileType = sourcecode.c.h; path = ScriptBackground.h; sourceTree = "<group>"; };
		FFF50DE41DD0B8FA00C54488 /* ScriptBase.cpp */ = {isa = PBXFileReference; fileEncoding = 4; lastKnownFileType = sourcecode.cpp.cpp; path = ScriptBase.cpp; sourceTree = "<group>"; };
		FFF50DE51DD0B8FA00C54488 /* ScriptBase.h */ = {isa = PBXFileReference; fileEncoding = 4; lastKnownFileType = sourcecode.c.h; path = ScriptBase.h; sourceTree = "<group>"; };
		FFF50DE61DD0B8FA00C54488 /* ScriptHuman.cpp */ = {isa = PBXFileReference; fileEncoding = 4; lastKnownFileType = sourcecode.cpp.cpp; path = ScriptHuman.cpp; sourceTree = "<group>"; };
		FFF50DE71DD0B8FA00C54488 /* ScriptHuman.h */ = {isa = PBXFileReference; fileEncoding = 4; lastKnownFileType = sourcecode.c.h; path = ScriptHuman.h; sourceTree = "<group>"; };
		FFF50DE81DD0B8FA00C54488 /* ScriptInstruction.cpp */ = {isa = PBXFileReference; fileEncoding = 4; lastKnownFileType = sourcecode.cpp.cpp; path = ScriptInstruction.cpp; sourceTree = "<group>"; };
		FFF50DE91DD0B8FA00C54488 /* ScriptInstruction.h */ = {isa = PBXFileReference; fileEncoding = 4; lastKnownFileType = sourcecode.c.h; path = ScriptInstruction.h; sourceTree = "<group>"; };
		FFF50DEA1DD0B8FA00C54488 /* ScriptName.cpp */ = {isa = PBXFileReference; fileEncoding = 4; lastKnownFileType = sourcecode.cpp.cpp; path = ScriptName.cpp; sourceTree = "<group>"; };
		FFF50DEB1DD0B8FA00C54488 /* ScriptName.h */ = {isa = PBXFileReference; fileEncoding = 4; lastKnownFileType = sourcecode.c.h; path = ScriptName.h; sourceTree = "<group>"; };
		FFF50DEC1DD0B8FA00C54488 /* ScriptStaticData.cpp */ = {isa = PBXFileReference; fileEncoding = 4; lastKnownFileType = sourcecode.cpp.cpp; path = ScriptStaticData.cpp; sourceTree = "<group>"; };
		FFF50DED1DD0B8FA00C54488 /* ScriptStaticData.h */ = {isa = PBXFileReference; fileEncoding = 4; lastKnownFileType = sourcecode.c.h; path = ScriptStaticData.h; sourceTree = "<group>"; };
		FFF50DEE1DD0B8FA00C54488 /* ScriptStill.cpp */ = {isa = PBXFileReference; fileEncoding = 4; lastKnownFileType = sourcecode.cpp.cpp; path = ScriptStill.cpp; sourceTree = "<group>"; };
		FFF50DEF1DD0B8FA00C54488 /* ScriptStill.h */ = {isa = PBXFileReference; fileEncoding = 4; lastKnownFileType = sourcecode.c.h; path = ScriptStill.h; sourceTree = "<group>"; };
		FFF50DF01DD0B8FA00C54488 /* ScriptSystem.cpp */ = {isa = PBXFileReference; fileEncoding = 4; lastKnownFileType = sourcecode.cpp.cpp; path = ScriptSystem.cpp; sourceTree = "<group>"; };
		FFF50DF11DD0B8FA00C54488 /* ScriptSystem.h */ = {isa = PBXFileReference; fileEncoding = 4; lastKnownFileType = sourcecode.c.h; path = ScriptSystem.h; sourceTree = "<group>"; };
		FFF50DF21DD0B8FA00C54488 /* SelectLayer.cpp */ = {isa = PBXFileReference; fileEncoding = 4; lastKnownFileType = sourcecode.cpp.cpp; path = SelectLayer.cpp; sourceTree = "<group>"; };
		FFF50DF31DD0B8FA00C54488 /* SelectLayer.h */ = {isa = PBXFileReference; fileEncoding = 4; lastKnownFileType = sourcecode.c.h; path = SelectLayer.h; sourceTree = "<group>"; };
		FFF50DF41DD0B8FA00C54488 /* StillLayer.cpp */ = {isa = PBXFileReference; fileEncoding = 4; lastKnownFileType = sourcecode.cpp.cpp; path = StillLayer.cpp; sourceTree = "<group>"; };
		FFF50DF51DD0B8FA00C54488 /* StillLayer.h */ = {isa = PBXFileReference; fileEncoding = 4; lastKnownFileType = sourcecode.c.h; path = StillLayer.h; sourceTree = "<group>"; };
		FFF50DF61DD0B8FA00C54488 /* SystemLayer.cpp */ = {isa = PBXFileReference; fileEncoding = 4; lastKnownFileType = sourcecode.cpp.cpp; path = SystemLayer.cpp; sourceTree = "<group>"; };
		FFF50DF71DD0B8FA00C54488 /* SystemLayer.h */ = {isa = PBXFileReference; fileEncoding = 4; lastKnownFileType = sourcecode.c.h; path = SystemLayer.h; sourceTree = "<group>"; };
		FFF50DF81DD0B8FA00C54488 /* TextChunk.cpp */ = {isa = PBXFileReference; fileEncoding = 4; lastKnownFileType = sourcecode.cpp.cpp; path = TextChunk.cpp; sourceTree = "<group>"; };
		FFF50DF91DD0B8FA00C54488 /* TextChunk.h */ = {isa = PBXFileReference; fileEncoding = 4; lastKnownFileType = sourcecode.c.h; path = TextChunk.h; sourceTree = "<group>"; };
		FFF50DFA1DD0B8FA00C54488 /* TextChunkManager.cpp */ = {isa = PBXFileReference; fileEncoding = 4; lastKnownFileType = sourcecode.cpp.cpp; path = TextChunkManager.cpp; sourceTree = "<group>"; };
		FFF50DFB1DD0B8FA00C54488 /* TextChunkManager.h */ = {isa = PBXFileReference; fileEncoding = 4; lastKnownFileType = sourcecode.c.h; path = TextChunkManager.h; sourceTree = "<group>"; };
		FFF50DFC1DD0B8FA00C54488 /* TextData.cpp */ = {isa = PBXFileReference; fileEncoding = 4; lastKnownFileType = sourcecode.cpp.cpp; path = TextData.cpp; sourceTree = "<group>"; };
		FFF50DFD1DD0B8FA00C54488 /* TextData.h */ = {isa = PBXFileReference; fileEncoding = 4; lastKnownFileType = sourcecode.c.h; path = TextData.h; sourceTree = "<group>"; };
		FFF50DFE1DD0B8FA00C54488 /* TextLabels.cpp */ = {isa = PBXFileReference; fileEncoding = 4; lastKnownFileType = sourcecode.cpp.cpp; path = TextLabels.cpp; sourceTree = "<group>"; };
		FFF50DFF1DD0B8FA00C54488 /* TextLabels.h */ = {isa = PBXFileReference; fileEncoding = 4; lastKnownFileType = sourcecode.c.h; path = TextLabels.h; sourceTree = "<group>"; };
		FFF50E001DD0B8FA00C54488 /* TextScriptAnalysis.cpp */ = {isa = PBXFileReference; fileEncoding = 4; lastKnownFileType = sourcecode.cpp.cpp; path = TextScriptAnalysis.cpp; sourceTree = "<group>"; };
		FFF50E011DD0B8FA00C54488 /* TextScriptAnalysis.h */ = {isa = PBXFileReference; fileEncoding = 4; lastKnownFileType = sourcecode.c.h; path = TextScriptAnalysis.h; sourceTree = "<group>"; };
		FFF50E021DD0B8FA00C54488 /* TextScriptReader.cpp */ = {isa = PBXFileReference; fileEncoding = 4; lastKnownFileType = sourcecode.cpp.cpp; path = TextScriptReader.cpp; sourceTree = "<group>"; };
		FFF50E031DD0B8FA00C54488 /* TextScriptReader.h */ = {isa = PBXFileReference; fileEncoding = 4; lastKnownFileType = sourcecode.c.h; path = TextScriptReader.h; sourceTree = "<group>"; };
		FFF50E041DD0B8FA00C54488 /* TextString.cpp */ = {isa = PBXFileReference; fileEncoding = 4; lastKnownFileType = sourcecode.cpp.cpp; path = TextString.cpp; sourceTree = "<group>"; };
		FFF50E051DD0B8FA00C54488 /* TextString.h */ = {isa = PBXFileReference; fileEncoding = 4; lastKnownFileType = sourcecode.c.h; path = TextString.h; sourceTree = "<group>"; };
		FFF50E061DD0B8FA00C54488 /* TextTypes.cpp */ = {isa = PBXFileReference; fileEncoding = 4; lastKnownFileType = sourcecode.cpp.cpp; path = TextTypes.cpp; sourceTree = "<group>"; };
		FFF50E071DD0B8FA00C54488 /* TextTypes.hpp */ = {isa = PBXFileReference; fileEncoding = 4; lastKnownFileType = sourcecode.cpp.h; path = TextTypes.hpp; sourceTree = "<group>"; };
/* End PBXFileReference section */

/* Begin PBXFrameworksBuildPhase section */
		1D60588F0D05DD3D006BFB54 /* Frameworks */ = {
			isa = PBXFrameworksBuildPhase;
			buildActionMask = 2147483647;
			files = (
				294D0D641D0D56D500F7F5D4 /* CoreText.framework in Frameworks */,
				ED545A7C1B68A1F400C3958E /* libiconv.dylib in Frameworks */,
				52B47A471A53D09C004E4C60 /* Security.framework in Frameworks */,
				1AC6FB30180E99EB004C840B /* libcocos2d iOS.a in Frameworks */,
				D6B0611B1803AB670077942B /* CoreMotion.framework in Frameworks */,
				1D60589F0D05DD5A006BFB54 /* Foundation.framework in Frameworks */,
				1DF5F4E00D08C38300B7A737 /* UIKit.framework in Frameworks */,
				288765A50DF7441C002DB57D /* CoreGraphics.framework in Frameworks */,
				BF171245129291EC00B8313A /* OpenGLES.framework in Frameworks */,
				BF1712471292920000B8313A /* libz.dylib in Frameworks */,
				BF1C47F01293687400B63C5D /* QuartzCore.framework in Frameworks */,
				D44C620C132DFF330009C878 /* OpenAL.framework in Frameworks */,
				D44C620E132DFF430009C878 /* AVFoundation.framework in Frameworks */,
				D44C6210132DFF4E0009C878 /* AudioToolbox.framework in Frameworks */,
			);
			runOnlyForDeploymentPostprocessing = 0;
		};
		5087E75C17EB910900C73F5D /* Frameworks */ = {
			isa = PBXFrameworksBuildPhase;
			buildActionMask = 2147483647;
			files = (
				ED545A7E1B68A1FA00C3958E /* libiconv.dylib in Frameworks */,
				1AC6FB21180E996B004C840B /* libcocos2d Mac.a in Frameworks */,
				5087E76717EB910900C73F5D /* libz.dylib in Frameworks */,
				8262943E1AAF051F00CB7CF7 /* Security.framework in Frameworks */,
				503AE11B17EB9C5A00D1A890 /* IOKit.framework in Frameworks */,
				5087E78B17EB975400C73F5D /* OpenGL.framework in Frameworks */,
				5087E78917EB974C00C73F5D /* AppKit.framework in Frameworks */,
				5087E76317EB910900C73F5D /* Foundation.framework in Frameworks */,
				5087E76817EB910900C73F5D /* QuartzCore.framework in Frameworks */,
				5087E76917EB910900C73F5D /* OpenAL.framework in Frameworks */,
				5087E76A17EB910900C73F5D /* AVFoundation.framework in Frameworks */,
				5087E76B17EB910900C73F5D /* AudioToolbox.framework in Frameworks */,
			);
			runOnlyForDeploymentPostprocessing = 0;
		};
/* End PBXFrameworksBuildPhase section */

/* Begin PBXGroup section */
		080E96DDFE201D6D7F000001 /* ios */ = {
			isa = PBXGroup;
			children = (
				5087E77117EB970100C73F5D /* Icons */,
				503AE0FA17EB989F00D1A890 /* AppController.h */,
				503AE0FB17EB989F00D1A890 /* AppController.mm */,
				503AE0FC17EB989F00D1A890 /* main.m */,
				503AE0FD17EB989F00D1A890 /* Prefix.pch */,
				503AE0FE17EB989F00D1A890 /* RootViewController.h */,
				503AE0FF17EB989F00D1A890 /* RootViewController.mm */,
			);
			name = ios;
			path = Classes;
			sourceTree = "<group>";
		};
		19C28FACFE9D520D11CA2CBB /* Products */ = {
			isa = PBXGroup;
			children = (
				1D6058910D05DD3D006BFB54 /* cocos2dx-mobile.app */,
				5087E76F17EB910900C73F5D /* cocos2dx-desktop.app */,
			);
			name = Products;
			sourceTree = "<group>";
		};
		1AC6FAE6180E9839004C840B /* Products */ = {
			isa = PBXGroup;
			children = (
				1AC6FAF9180E9839004C840B /* libcocos2d Mac.a */,
				1AC6FB07180E9839004C840B /* libcocos2d iOS.a */,
				FF90E05B1DCBECC40059AB43 /* libcocos2d tvOS.a */,
			);
			name = Products;
			sourceTree = "<group>";
		};
		29B97314FDCFA39411CA2CEA /* CustomTemplate */ = {
			isa = PBXGroup;
			children = (
				46880B8319C43A87006E1F66 /* Classes */,
				46880B7519C43A67006E1F66 /* Resources */,
				1AC6FAE5180E9839004C840B /* cocos2d_libs.xcodeproj */,
				29B97323FDCFA39411CA2CEA /* Frameworks */,
				080E96DDFE201D6D7F000001 /* ios */,
				503AE10617EB990700D1A890 /* mac */,
				19C28FACFE9D520D11CA2CBB /* Products */,
			);
			name = CustomTemplate;
			sourceTree = "<group>";
		};
		29B97323FDCFA39411CA2CEA /* Frameworks */ = {
			isa = PBXGroup;
			children = (
				294D0D631D0D56D500F7F5D4 /* CoreText.framework */,
				ED545A7D1B68A1FA00C3958E /* libiconv.dylib */,
				ED545A7B1B68A1F400C3958E /* libiconv.dylib */,
				8262943D1AAF051F00CB7CF7 /* Security.framework */,
				52B47A461A53D09B004E4C60 /* Security.framework */,
				D6B0611A1803AB670077942B /* CoreMotion.framework */,
				503AE11A17EB9C5A00D1A890 /* IOKit.framework */,
				503AE11117EB99EE00D1A890 /* libcurl.dylib */,
				5087E78A17EB975400C73F5D /* OpenGL.framework */,
				5087E78817EB974C00C73F5D /* AppKit.framework */,
				1ACB3243164770DE00914215 /* libcurl.a */,
				BF170DB412928DE900B8313A /* libz.dylib */,
				D44C620F132DFF4E0009C878 /* AudioToolbox.framework */,
				D44C620D132DFF430009C878 /* AVFoundation.framework */,
				288765A40DF7441C002DB57D /* CoreGraphics.framework */,
				1D30AB110D05D00D00671497 /* Foundation.framework */,
				D44C620B132DFF330009C878 /* OpenAL.framework */,
				BF170DB012928DE900B8313A /* OpenGLES.framework */,
				BF1C47EA1293683800B63C5D /* QuartzCore.framework */,
				1DF5F4DF0D08C38300B7A737 /* UIKit.framework */,
			);
			name = Frameworks;
			sourceTree = "<group>";
		};
		46880B7519C43A67006E1F66 /* Resources */ = {
			isa = PBXGroup;
			children = (
				FF6F99E11DCEDCBA00A1D848 /* res */,
			);
			name = Resources;
			path = ../Resources;
			sourceTree = "<group>";
		};
		46880B8319C43A87006E1F66 /* Classes */ = {
			isa = PBXGroup;
			children = (
				FFF50D981DD0B8FA00C54488 /* AppDelegate.cpp */,
				FFF50D991DD0B8FA00C54488 /* AppDelegate.h */,
				FFF50D9A1DD0B8FA00C54488 /* Lib */,
				FFF50D9F1DD0B8FA00C54488 /* User */,
			);
			name = Classes;
			path = ../Classes;
			sourceTree = "<group>";
		};
		503AE0F517EB97AB00D1A890 /* Icons */ = {
			isa = PBXGroup;
			children = (
				503AE0F617EB97AB00D1A890 /* Icon.icns */,
				503AE0F717EB97AB00D1A890 /* Info.plist */,
			);
			name = Icons;
			path = mac;
			sourceTree = SOURCE_ROOT;
		};
		503AE10617EB990700D1A890 /* mac */ = {
			isa = PBXGroup;
			children = (
				503AE0F517EB97AB00D1A890 /* Icons */,
				503AE10317EB98FF00D1A890 /* main.cpp */,
				503AE10417EB98FF00D1A890 /* Prefix.pch */,
			);
			name = mac;
			sourceTree = "<group>";
		};
		5087E77117EB970100C73F5D /* Icons */ = {
			isa = PBXGroup;
			children = (
				521A8E6219F0C34300D177D7 /* Default-667h@2x.png */,
				521A8E6319F0C34300D177D7 /* Default-736h@3x.png */,
				5087E77217EB970100C73F5D /* Default-568h@2x.png */,
				5087E77317EB970100C73F5D /* Default.png */,
				5087E77417EB970100C73F5D /* Default@2x.png */,
				50EF62A017ECD613001EB2F8 /* Icon-29.png */,
				50EF62A117ECD613001EB2F8 /* Icon-50.png */,
				50EF629217ECD46A001EB2F8 /* Icon-40.png */,
				50EF629317ECD46A001EB2F8 /* Icon-58.png */,
				50EF629417ECD46A001EB2F8 /* Icon-80.png */,
				50EF629517ECD46A001EB2F8 /* Icon-100.png */,
				5087E77517EB970100C73F5D /* Icon-114.png */,
				5087E77617EB970100C73F5D /* Icon-120.png */,
				5087E77717EB970100C73F5D /* Icon-144.png */,
				5087E77817EB970100C73F5D /* Icon-152.png */,
				5087E77917EB970100C73F5D /* Icon-57.png */,
				5087E77A17EB970100C73F5D /* Icon-72.png */,
				5087E77B17EB970100C73F5D /* Icon-76.png */,
				5087E77C17EB970100C73F5D /* Info.plist */,
			);
			name = Icons;
			path = ios;
			sourceTree = SOURCE_ROOT;
		};
		FFF50D9A1DD0B8FA00C54488 /* Lib */ = {
			isa = PBXGroup;
			children = (
				FFF50D9B1DD0B8FA00C54488 /* ClassMaker.exe */,
				FFF50D9C1DD0B8FA00C54488 /* EnvironmentDefaultData */,
			);
			path = Lib;
			sourceTree = "<group>";
		};
		FFF50D9C1DD0B8FA00C54488 /* EnvironmentDefaultData */ = {
			isa = PBXGroup;
			children = (
				FFF50D9D1DD0B8FA00C54488 /* EnvironmentDefaultData.cpp */,
				FFF50D9E1DD0B8FA00C54488 /* EnvironmentDefaultData.h */,
			);
			path = EnvironmentDefaultData;
			sourceTree = "<group>";
		};
		FFF50D9F1DD0B8FA00C54488 /* User */ = {
			isa = PBXGroup;
			children = (
				FFF50DA01DD0B8FA00C54488 /* Breeding */,
				FFF50DAF1DD0B8FA00C54488 /* CiryMap */,
				FFF50DB41DD0B8FA00C54488 /* ClassMaker.exe */,
				FFF50DB51DD0B8FA00C54488 /* IslandMap */,
				FFF50DBA1DD0B8FA00C54488 /* LayerBase.cpp */,
				FFF50DBB1DD0B8FA00C54488 /* LayerBase.h */,
				FFF50DBC1DD0B8FA00C54488 /* Sample */,
				FFF50DC41DD0B8FA00C54488 /* SceneBase.cpp */,
				FFF50DC51DD0B8FA00C54488 /* SceneBase.h */,
				FFF50DC61DD0B8FA00C54488 /* SceneManager.cpp */,
				FFF50DC71DD0B8FA00C54488 /* SceneManager.h */,
				FFF50DC81DD0B8FA00C54488 /* Title */,
				FFF50DCD1DD0B8FA00C54488 /* TouchiEvent */,
				FFF50DD01DD0B8FA00C54488 /* Yumayo */,
			);
			path = User;
			sourceTree = "<group>";
		};
		FFF50DA01DD0B8FA00C54488 /* Breeding */ = {
			isa = PBXGroup;
			children = (
				FFF50DA11DD0B8FA00C54488 /* BGManager.cpp */,
				FFF50DA21DD0B8FA00C54488 /* BGManager.h */,
				FFF50DA31DD0B8FA00C54488 /* ClassMaker.exe */,
				FFF50DA41DD0B8FA00C54488 /* FrameLayer.cpp */,
				FFF50DA51DD0B8FA00C54488 /* FrameLayer.h */,
				FFF50DA61DD0B8FA00C54488 /* Home.cpp */,
				FFF50DA71DD0B8FA00C54488 /* Home.h */,
				FFF50DA81DD0B8FA00C54488 /* SceneBreeding.cpp */,
				FFF50DA91DD0B8FA00C54488 /* SceneBreeding.h */,
				FFF50DAA1DD0B8FA00C54488 /* Test.cpp */,
				FFF50DAB1DD0B8FA00C54488 /* Test.h */,
				FFF50DAC1DD0B8FA00C54488 /* UIManager.cpp */,
				FFF50DAD1DD0B8FA00C54488 /* UIManager.h */,
				FFF50DAE1DD0B8FA00C54488 /* VariousStatus.h */,
			);
			path = Breeding;
			sourceTree = "<group>";
		};
		FFF50DAF1DD0B8FA00C54488 /* CiryMap */ = {
			isa = PBXGroup;
			children = (
				FFF50DB01DD0B8FA00C54488 /* LayerCity.cpp */,
				FFF50DB11DD0B8FA00C54488 /* LayerCity.h */,
				FFF50DB21DD0B8FA00C54488 /* SceneCityMap.cpp */,
				FFF50DB31DD0B8FA00C54488 /* SceneCityMap.h */,
			);
			path = CiryMap;
			sourceTree = "<group>";
		};
		FFF50DB51DD0B8FA00C54488 /* IslandMap */ = {
			isa = PBXGroup;
			children = (
				FFF50DB61DD0B8FA00C54488 /* LayerIsland.cpp */,
				FFF50DB71DD0B8FA00C54488 /* LayerIsland.h */,
				FFF50DB81DD0B8FA00C54488 /* SceneIslandMap.cpp */,
				FFF50DB91DD0B8FA00C54488 /* SceneIslandMap.h */,
			);
			path = IslandMap;
			sourceTree = "<group>";
		};
		FFF50DBC1DD0B8FA00C54488 /* Sample */ = {
			isa = PBXGroup;
			children = (
				FFF50DBD1DD0B8FA00C54488 /* ClassMaker.exe */,
				FFF50DBE1DD0B8FA00C54488 /* LayerFia.cpp */,
				FFF50DBF1DD0B8FA00C54488 /* LayerFia.h */,
				FFF50DC01DD0B8FA00C54488 /* LayerWater.cpp */,
				FFF50DC11DD0B8FA00C54488 /* LayerWater.h */,
				FFF50DC21DD0B8FA00C54488 /* SceneSample.cpp */,
				FFF50DC31DD0B8FA00C54488 /* SceneSample.h */,
			);
			path = Sample;
			sourceTree = "<group>";
		};
		FFF50DC81DD0B8FA00C54488 /* Title */ = {
			isa = PBXGroup;
			children = (
				FFF50DC91DD0B8FA00C54488 /* SceneTitle.cpp */,
				FFF50DCA1DD0B8FA00C54488 /* SceneTitle.h */,
				FFF50DCB1DD0B8FA00C54488 /* TitleManager.cpp */,
				FFF50DCC1DD0B8FA00C54488 /* TitleManager.h */,
			);
			path = Title;
			sourceTree = "<group>";
		};
		FFF50DCD1DD0B8FA00C54488 /* TouchiEvent */ = {
			isa = PBXGroup;
			children = (
				FFF50DCE1DD0B8FA00C54488 /* EventListenerGesture.cpp */,
				FFF50DCF1DD0B8FA00C54488 /* EventListenerGesture.h */,
			);
			path = TouchiEvent;
			sourceTree = "<group>";
		};
		FFF50DD01DD0B8FA00C54488 /* Yumayo */ = {
			isa = PBXGroup;
			children = (
				FFF50DD11DD0B8FA00C54488 /* BackgroundLayer.cpp */,
				FFF50DD21DD0B8FA00C54488 /* BackgroundLayer.h */,
				FFF50DD31DD0B8FA00C54488 /* BackLogLayer.cpp */,
				FFF50DD41DD0B8FA00C54488 /* BackLogLayer.h */,
				FFF50DD51DD0B8FA00C54488 /* ClassMaker.exe */,
				FFF50DD61DD0B8FA00C54488 /* HumanLayer.cpp */,
				FFF50DD71DD0B8FA00C54488 /* HumanLayer.h */,
				FFF50DD81DD0B8FA00C54488 /* ModalLayer.cpp */,
				FFF50DD91DD0B8FA00C54488 /* ModalLayer.h */,
				FFF50DDA1DD0B8FA00C54488 /* NameLayer.cpp */,
				FFF50DDB1DD0B8FA00C54488 /* NameLayer.h */,
				FFF50DDC1DD0B8FA00C54488 /* NovelLayer.cpp */,
				FFF50DDD1DD0B8FA00C54488 /* NovelLayer.h */,
				FFF50DDE1DD0B8FA00C54488 /* OptionalValues.cpp */,
				FFF50DDF1DD0B8FA00C54488 /* OptionalValues.h */,
				FFF50DE01DD0B8FA00C54488 /* SceneNovel.cpp */,
				FFF50DE11DD0B8FA00C54488 /* SceneNovel.h */,
				FFF50DE21DD0B8FA00C54488 /* ScriptBackground.cpp */,
				FFF50DE31DD0B8FA00C54488 /* ScriptBackground.h */,
				FFF50DE41DD0B8FA00C54488 /* ScriptBase.cpp */,
				FFF50DE51DD0B8FA00C54488 /* ScriptBase.h */,
				FFF50DE61DD0B8FA00C54488 /* ScriptHuman.cpp */,
				FFF50DE71DD0B8FA00C54488 /* ScriptHuman.h */,
				FFF50DE81DD0B8FA00C54488 /* ScriptInstruction.cpp */,
				FFF50DE91DD0B8FA00C54488 /* ScriptInstruction.h */,
				FFF50DEA1DD0B8FA00C54488 /* ScriptName.cpp */,
				FFF50DEB1DD0B8FA00C54488 /* ScriptName.h */,
				FFF50DEC1DD0B8FA00C54488 /* ScriptStaticData.cpp */,
				FFF50DED1DD0B8FA00C54488 /* ScriptStaticData.h */,
				FFF50DEE1DD0B8FA00C54488 /* ScriptStill.cpp */,
				FFF50DEF1DD0B8FA00C54488 /* ScriptStill.h */,
				FFF50DF01DD0B8FA00C54488 /* ScriptSystem.cpp */,
				FFF50DF11DD0B8FA00C54488 /* ScriptSystem.h */,
				FFF50DF21DD0B8FA00C54488 /* SelectLayer.cpp */,
				FFF50DF31DD0B8FA00C54488 /* SelectLayer.h */,
				FFF50DF41DD0B8FA00C54488 /* StillLayer.cpp */,
				FFF50DF51DD0B8FA00C54488 /* StillLayer.h */,
				FFF50DF61DD0B8FA00C54488 /* SystemLayer.cpp */,
				FFF50DF71DD0B8FA00C54488 /* SystemLayer.h */,
				FFF50DF81DD0B8FA00C54488 /* TextChunk.cpp */,
				FFF50DF91DD0B8FA00C54488 /* TextChunk.h */,
				FFF50DFA1DD0B8FA00C54488 /* TextChunkManager.cpp */,
				FFF50DFB1DD0B8FA00C54488 /* TextChunkManager.h */,
				FFF50DFC1DD0B8FA00C54488 /* TextData.cpp */,
				FFF50DFD1DD0B8FA00C54488 /* TextData.h */,
				FFF50DFE1DD0B8FA00C54488 /* TextLabels.cpp */,
				FFF50DFF1DD0B8FA00C54488 /* TextLabels.h */,
				FFF50E001DD0B8FA00C54488 /* TextScriptAnalysis.cpp */,
				FFF50E011DD0B8FA00C54488 /* TextScriptAnalysis.h */,
				FFF50E021DD0B8FA00C54488 /* TextScriptReader.cpp */,
				FFF50E031DD0B8FA00C54488 /* TextScriptReader.h */,
				FFF50E041DD0B8FA00C54488 /* TextString.cpp */,
				FFF50E051DD0B8FA00C54488 /* TextString.h */,
				FFF50E061DD0B8FA00C54488 /* TextTypes.cpp */,
				FFF50E071DD0B8FA00C54488 /* TextTypes.hpp */,
			);
			path = Yumayo;
			sourceTree = "<group>";
		};
/* End PBXGroup section */

/* Begin PBXNativeTarget section */
		1D6058900D05DD3D006BFB54 /* cocos2dx-mobile */ = {
			isa = PBXNativeTarget;
			buildConfigurationList = 1D6058960D05DD3E006BFB54 /* Build configuration list for PBXNativeTarget "cocos2dx-mobile" */;
			buildPhases = (
				1D60588D0D05DD3D006BFB54 /* Resources */,
				1D60588E0D05DD3D006BFB54 /* Sources */,
				1D60588F0D05DD3D006BFB54 /* Frameworks */,
			);
			buildRules = (
			);
			dependencies = (
				1AC6FB25180E99E1004C840B /* PBXTargetDependency */,
			);
			name = "cocos2dx-mobile";
			productName = iphone;
			productReference = 1D6058910D05DD3D006BFB54 /* cocos2dx-mobile.app */;
			productType = "com.apple.product-type.application";
		};
		5087E73D17EB910900C73F5D /* cocos2dx-desktop */ = {
			isa = PBXNativeTarget;
			buildConfigurationList = 5087E76C17EB910900C73F5D /* Build configuration list for PBXNativeTarget "cocos2dx-desktop" */;
			buildPhases = (
				5087E74817EB910900C73F5D /* Resources */,
				5087E75617EB910900C73F5D /* Sources */,
				5087E75C17EB910900C73F5D /* Frameworks */,
			);
			buildRules = (
			);
			dependencies = (
				1AC6FB16180E9959004C840B /* PBXTargetDependency */,
			);
			name = "cocos2dx-desktop";
			productName = iphone;
			productReference = 5087E76F17EB910900C73F5D /* cocos2dx-desktop.app */;
			productType = "com.apple.product-type.application";
		};
/* End PBXNativeTarget section */

/* Begin PBXProject section */
		29B97313FDCFA39411CA2CEA /* Project object */ = {
			isa = PBXProject;
			attributes = {
				LastUpgradeCheck = 0500;
				TargetAttributes = {
					1D6058900D05DD3D006BFB54 = {
						DevelopmentTeam = 5RUCUKUUE3;
					};
				};
			};
			buildConfigurationList = C01FCF4E08A954540054247B /* Build configuration list for PBXProject "cocos2dx" */;
			compatibilityVersion = "Xcode 3.2";
			developmentRegion = English;
			hasScannedForEncodings = 1;
			knownRegions = (
				English,
				Japanese,
				French,
				German,
			);
			mainGroup = 29B97314FDCFA39411CA2CEA /* CustomTemplate */;
			projectDirPath = "";
			projectReferences = (
				{
					ProductGroup = 1AC6FAE6180E9839004C840B /* Products */;
					ProjectRef = 1AC6FAE5180E9839004C840B /* cocos2d_libs.xcodeproj */;
				},
			);
			projectRoot = "";
			targets = (
				1D6058900D05DD3D006BFB54 /* cocos2dx-mobile */,
				5087E73D17EB910900C73F5D /* cocos2dx-desktop */,
			);
		};
/* End PBXProject section */

/* Begin PBXReferenceProxy section */
		1AC6FAF9180E9839004C840B /* libcocos2d Mac.a */ = {
			isa = PBXReferenceProxy;
			fileType = archive.ar;
			path = "libcocos2d Mac.a";
			remoteRef = 1AC6FAF8180E9839004C840B /* PBXContainerItemProxy */;
			sourceTree = BUILT_PRODUCTS_DIR;
		};
		1AC6FB07180E9839004C840B /* libcocos2d iOS.a */ = {
			isa = PBXReferenceProxy;
			fileType = archive.ar;
			path = "libcocos2d iOS.a";
			remoteRef = 1AC6FB06180E9839004C840B /* PBXContainerItemProxy */;
			sourceTree = BUILT_PRODUCTS_DIR;
		};
		FF90E05B1DCBECC40059AB43 /* libcocos2d tvOS.a */ = {
			isa = PBXReferenceProxy;
			fileType = archive.ar;
			path = "libcocos2d tvOS.a";
			remoteRef = FF90E05A1DCBECC40059AB43 /* PBXContainerItemProxy */;
			sourceTree = BUILT_PRODUCTS_DIR;
		};
/* End PBXReferenceProxy section */

/* Begin PBXResourcesBuildPhase section */
		1D60588D0D05DD3D006BFB54 /* Resources */ = {
			isa = PBXResourcesBuildPhase;
			buildActionMask = 2147483647;
			files = (
				FFF50E0A1DD0B8FA00C54488 /* ClassMaker.exe in Resources */,
				5087E78117EB970100C73F5D /* Icon-120.png in Resources */,
				5087E78617EB970100C73F5D /* Icon-76.png in Resources */,
				5087E77F17EB970100C73F5D /* Default@2x.png in Resources */,
				FFF50E3E1DD0B8FA00C54488 /* ClassMaker.exe in Resources */,
				50EF629917ECD46A001EB2F8 /* Icon-100.png in Resources */,
				5087E78317EB970100C73F5D /* Icon-152.png in Resources */,
				FFF50E201DD0B8FA00C54488 /* ClassMaker.exe in Resources */,
				5087E77D17EB970100C73F5D /* Default-568h@2x.png in Resources */,
				FF6F99E21DCEDCBA00A1D848 /* res in Resources */,
				5087E78517EB970100C73F5D /* Icon-72.png in Resources */,
				FFF50E281DD0B8FA00C54488 /* ClassMaker.exe in Resources */,
				521A8E6519F0C34300D177D7 /* Default-736h@3x.png in Resources */,
				50EF62A317ECD613001EB2F8 /* Icon-50.png in Resources */,
				5087E78017EB970100C73F5D /* Icon-114.png in Resources */,
				50EF62A217ECD613001EB2F8 /* Icon-29.png in Resources */,
				50EF629617ECD46A001EB2F8 /* Icon-40.png in Resources */,
				5087E78217EB970100C73F5D /* Icon-144.png in Resources */,
				50EF629817ECD46A001EB2F8 /* Icon-80.png in Resources */,
				FFF50E101DD0B8FA00C54488 /* ClassMaker.exe in Resources */,
				5087E78417EB970100C73F5D /* Icon-57.png in Resources */,
				5087E77E17EB970100C73F5D /* Default.png in Resources */,
				521A8E6419F0C34300D177D7 /* Default-667h@2x.png in Resources */,
				50EF629717ECD46A001EB2F8 /* Icon-58.png in Resources */,
			);
			runOnlyForDeploymentPostprocessing = 0;
		};
		5087E74817EB910900C73F5D /* Resources */ = {
			isa = PBXResourcesBuildPhase;
			buildActionMask = 2147483647;
			files = (
				FFF50E211DD0B8FA00C54488 /* ClassMaker.exe in Resources */,
				FFF50E111DD0B8FA00C54488 /* ClassMaker.exe in Resources */,
				FFF50E3F1DD0B8FA00C54488 /* ClassMaker.exe in Resources */,
				FF6F99E31DCEDCBA00A1D848 /* res in Resources */,
				FFF50E0B1DD0B8FA00C54488 /* ClassMaker.exe in Resources */,
				FFF50E291DD0B8FA00C54488 /* ClassMaker.exe in Resources */,
				503AE0F817EB97AB00D1A890 /* Icon.icns in Resources */,
			);
			runOnlyForDeploymentPostprocessing = 0;
		};
/* End PBXResourcesBuildPhase section */

/* Begin PBXSourcesBuildPhase section */
		1D60588E0D05DD3D006BFB54 /* Sources */ = {
			isa = PBXSourcesBuildPhase;
			buildActionMask = 2147483647;
			files = (
				FFF50E1C1DD0B8FA00C54488 /* LayerCity.cpp in Sources */,
				FFF50E241DD0B8FA00C54488 /* SceneIslandMap.cpp in Sources */,
				FFF50E1E1DD0B8FA00C54488 /* SceneCityMap.cpp in Sources */,
				FFF50E541DD0B8FA00C54488 /* ScriptName.cpp in Sources */,
				FFF50E4C1DD0B8FA00C54488 /* ScriptBackground.cpp in Sources */,
				FFF50E5C1DD0B8FA00C54488 /* SelectLayer.cpp in Sources */,
				FFF50E701DD0B8FA00C54488 /* TextTypes.cpp in Sources */,
				FFF50E221DD0B8FA00C54488 /* LayerIsland.cpp in Sources */,
				FFF50E081DD0B8FA00C54488 /* AppDelegate.cpp in Sources */,
				FFF50E621DD0B8FA00C54488 /* TextChunk.cpp in Sources */,
				503AE10017EB989F00D1A890 /* AppController.mm in Sources */,
				FFF50E681DD0B8FA00C54488 /* TextLabels.cpp in Sources */,
				FFF50E261DD0B8FA00C54488 /* LayerBase.cpp in Sources */,
				FFF50E301DD0B8FA00C54488 /* SceneBase.cpp in Sources */,
				FFF50E661DD0B8FA00C54488 /* TextData.cpp in Sources */,
				FFF50E381DD0B8FA00C54488 /* EventListenerGesture.cpp in Sources */,
				FFF50E421DD0B8FA00C54488 /* ModalLayer.cpp in Sources */,
				FFF50E3C1DD0B8FA00C54488 /* BackLogLayer.cpp in Sources */,
				FFF50E481DD0B8FA00C54488 /* OptionalValues.cpp in Sources */,
				FFF50E521DD0B8FA00C54488 /* ScriptInstruction.cpp in Sources */,
				FFF50E641DD0B8FA00C54488 /* TextChunkManager.cpp in Sources */,
				FFF50E6C1DD0B8FA00C54488 /* TextScriptReader.cpp in Sources */,
				FFF50E141DD0B8FA00C54488 /* Home.cpp in Sources */,
				FFF50E6A1DD0B8FA00C54488 /* TextScriptAnalysis.cpp in Sources */,
				FFF50E461DD0B8FA00C54488 /* NovelLayer.cpp in Sources */,
				FFF50E161DD0B8FA00C54488 /* SceneBreeding.cpp in Sources */,
				503AE10217EB989F00D1A890 /* RootViewController.mm in Sources */,
				FFF50E3A1DD0B8FA00C54488 /* BackgroundLayer.cpp in Sources */,
				FFF50E6E1DD0B8FA00C54488 /* TextString.cpp in Sources */,
				FFF50E4A1DD0B8FA00C54488 /* SceneNovel.cpp in Sources */,
				FFF50E601DD0B8FA00C54488 /* SystemLayer.cpp in Sources */,
				FFF50E441DD0B8FA00C54488 /* NameLayer.cpp in Sources */,
				FFF50E0C1DD0B8FA00C54488 /* EnvironmentDefaultData.cpp in Sources */,
				FFF50E2C1DD0B8FA00C54488 /* LayerWater.cpp in Sources */,
				FFF50E401DD0B8FA00C54488 /* HumanLayer.cpp in Sources */,
				FFF50E5E1DD0B8FA00C54488 /* StillLayer.cpp in Sources */,
				FFF50E0E1DD0B8FA00C54488 /* BGManager.cpp in Sources */,
				FFF50E321DD0B8FA00C54488 /* SceneManager.cpp in Sources */,
				FFF50E5A1DD0B8FA00C54488 /* ScriptSystem.cpp in Sources */,
				FFF50E2A1DD0B8FA00C54488 /* LayerFia.cpp in Sources */,
				FFF50E2E1DD0B8FA00C54488 /* SceneSample.cpp in Sources */,
				FFF50E4E1DD0B8FA00C54488 /* ScriptBase.cpp in Sources */,
				FFF50E561DD0B8FA00C54488 /* ScriptStaticData.cpp in Sources */,
				FFF50E581DD0B8FA00C54488 /* ScriptStill.cpp in Sources */,
				FFF50E121DD0B8FA00C54488 /* FrameLayer.cpp in Sources */,
				FFF50E361DD0B8FA00C54488 /* TitleManager.cpp in Sources */,
				503AE10117EB989F00D1A890 /* main.m in Sources */,
				FFF50E341DD0B8FA00C54488 /* SceneTitle.cpp in Sources */,
				FFF50E181DD0B8FA00C54488 /* Test.cpp in Sources */,
				FFF50E501DD0B8FA00C54488 /* ScriptHuman.cpp in Sources */,
				FFF50E1A1DD0B8FA00C54488 /* UIManager.cpp in Sources */,
			);
			runOnlyForDeploymentPostprocessing = 0;
		};
		5087E75617EB910900C73F5D /* Sources */ = {
			isa = PBXSourcesBuildPhase;
			buildActionMask = 2147483647;
			files = (
				FFF50E151DD0B8FA00C54488 /* Home.cpp in Sources */,
				FFF50E5B1DD0B8FA00C54488 /* ScriptSystem.cpp in Sources */,
				FFF50E551DD0B8FA00C54488 /* ScriptName.cpp in Sources */,
				FFF50E191DD0B8FA00C54488 /* Test.cpp in Sources */,
				FFF50E5F1DD0B8FA00C54488 /* StillLayer.cpp in Sources */,
				FFF50E3B1DD0B8FA00C54488 /* BackgroundLayer.cpp in Sources */,
				FFF50E091DD0B8FA00C54488 /* AppDelegate.cpp in Sources */,
				FFF50E691DD0B8FA00C54488 /* TextLabels.cpp in Sources */,
				FFF50E471DD0B8FA00C54488 /* NovelLayer.cpp in Sources */,
				FFF50E311DD0B8FA00C54488 /* SceneBase.cpp in Sources */,
				FFF50E0D1DD0B8FA00C54488 /* EnvironmentDefaultData.cpp in Sources */,
				FFF50E451DD0B8FA00C54488 /* NameLayer.cpp in Sources */,
				FFF50E231DD0B8FA00C54488 /* LayerIsland.cpp in Sources */,
				FFF50E531DD0B8FA00C54488 /* ScriptInstruction.cpp in Sources */,
				FFF50E0F1DD0B8FA00C54488 /* BGManager.cpp in Sources */,
				FFF50E2F1DD0B8FA00C54488 /* SceneSample.cpp in Sources */,
				FFF50E271DD0B8FA00C54488 /* LayerBase.cpp in Sources */,
				FFF50E511DD0B8FA00C54488 /* ScriptHuman.cpp in Sources */,
				503AE10517EB98FF00D1A890 /* main.cpp in Sources */,
				FFF50E631DD0B8FA00C54488 /* TextChunk.cpp in Sources */,
				FFF50E1F1DD0B8FA00C54488 /* SceneCityMap.cpp in Sources */,
				FFF50E1B1DD0B8FA00C54488 /* UIManager.cpp in Sources */,
				FFF50E591DD0B8FA00C54488 /* ScriptStill.cpp in Sources */,
				FFF50E4F1DD0B8FA00C54488 /* ScriptBase.cpp in Sources */,
				FFF50E131DD0B8FA00C54488 /* FrameLayer.cpp in Sources */,
				FFF50E6B1DD0B8FA00C54488 /* TextScriptAnalysis.cpp in Sources */,
				FFF50E371DD0B8FA00C54488 /* TitleManager.cpp in Sources */,
				FFF50E6F1DD0B8FA00C54488 /* TextString.cpp in Sources */,
				FFF50E251DD0B8FA00C54488 /* SceneIslandMap.cpp in Sources */,
				FFF50E1D1DD0B8FA00C54488 /* LayerCity.cpp in Sources */,
				FFF50E611DD0B8FA00C54488 /* SystemLayer.cpp in Sources */,
				FFF50E651DD0B8FA00C54488 /* TextChunkManager.cpp in Sources */,
				FFF50E4D1DD0B8FA00C54488 /* ScriptBackground.cpp in Sources */,
				FFF50E5D1DD0B8FA00C54488 /* SelectLayer.cpp in Sources */,
				FFF50E3D1DD0B8FA00C54488 /* BackLogLayer.cpp in Sources */,
				FFF50E391DD0B8FA00C54488 /* EventListenerGesture.cpp in Sources */,
				FFF50E171DD0B8FA00C54488 /* SceneBreeding.cpp in Sources */,
				FFF50E6D1DD0B8FA00C54488 /* TextScriptReader.cpp in Sources */,
				FFF50E2B1DD0B8FA00C54488 /* LayerFia.cpp in Sources */,
				FFF50E4B1DD0B8FA00C54488 /* SceneNovel.cpp in Sources */,
				FFF50E671DD0B8FA00C54488 /* TextData.cpp in Sources */,
				FFF50E2D1DD0B8FA00C54488 /* LayerWater.cpp in Sources */,
				FFF50E491DD0B8FA00C54488 /* OptionalValues.cpp in Sources */,
				FFF50E411DD0B8FA00C54488 /* HumanLayer.cpp in Sources */,
				FFF50E571DD0B8FA00C54488 /* ScriptStaticData.cpp in Sources */,
				FFF50E331DD0B8FA00C54488 /* SceneManager.cpp in Sources */,
				FFF50E351DD0B8FA00C54488 /* SceneTitle.cpp in Sources */,
				FFF50E431DD0B8FA00C54488 /* ModalLayer.cpp in Sources */,
				FFF50E711DD0B8FA00C54488 /* TextTypes.cpp in Sources */,
			);
			runOnlyForDeploymentPostprocessing = 0;
		};
/* End PBXSourcesBuildPhase section */

/* Begin PBXTargetDependency section */
		1AC6FB16180E9959004C840B /* PBXTargetDependency */ = {
			isa = PBXTargetDependency;
			name = "cocos2dx Mac";
			targetProxy = 1AC6FB15180E9959004C840B /* PBXContainerItemProxy */;
		};
		1AC6FB25180E99E1004C840B /* PBXTargetDependency */ = {
			isa = PBXTargetDependency;
			name = "cocos2dx iOS";
			targetProxy = 1AC6FB24180E99E1004C840B /* PBXContainerItemProxy */;
		};
/* End PBXTargetDependency section */

/* Begin XCBuildConfiguration section */
		1D6058940D05DD3E006BFB54 /* Debug */ = {
			isa = XCBuildConfiguration;
			buildSettings = {
				ALWAYS_SEARCH_USER_PATHS = YES;
				CODE_SIGN_IDENTITY = "iPhone Developer";
				COMPRESS_PNG_FILES = NO;
				DEVELOPMENT_TEAM = 5RUCUKUUE3;
				ENABLE_BITCODE = NO;
				GCC_DYNAMIC_NO_PIC = NO;
				GCC_INLINES_ARE_PRIVATE_EXTERN = NO;
				GCC_PRECOMPILE_PREFIX_HEADER = YES;
				GCC_PREFIX_HEADER = ios/Prefix.pch;
				GCC_PREPROCESSOR_DEFINITIONS = (
					USE_FILE32API,
					"COCOS2D_DEBUG=1",
					"CC_ENABLE_CHIPMUNK_INTEGRATION=1",
				);
				GCC_SYMBOLS_PRIVATE_EXTERN = NO;
				HEADER_SEARCH_PATHS = "$(inherited)";
				INFOPLIST_FILE = ios/Info.plist;
				IPHONEOS_DEPLOYMENT_TARGET = 10.1;
				LIBRARY_SEARCH_PATHS = "";
				OTHER_LDFLAGS = (
					"$(_COCOS_LIB_IOS_BEGIN)",
					"$(_COCOS_LIB_IOS_END)",
				);
				SDKROOT = iphoneos;
				STRIP_PNG_TEXT = NO;
				TARGETED_DEVICE_FAMILY = "1,2";
				USER_HEADER_SEARCH_PATHS = "$(_COCOS_HEADER_IOS_BEGIN) $(_COCOS_HEADER_IOS_END)";
				VALID_ARCHS = "arm64 armv7";
			};
			name = Debug;
		};
		1D6058950D05DD3E006BFB54 /* Release */ = {
			isa = XCBuildConfiguration;
			buildSettings = {
				ALWAYS_SEARCH_USER_PATHS = YES;
				CODE_SIGN_IDENTITY = "iPhone Developer";
				COMPRESS_PNG_FILES = NO;
				DEVELOPMENT_TEAM = 5RUCUKUUE3;
				ENABLE_BITCODE = NO;
				GCC_INLINES_ARE_PRIVATE_EXTERN = NO;
				GCC_PRECOMPILE_PREFIX_HEADER = YES;
				GCC_PREFIX_HEADER = ios/Prefix.pch;
				GCC_PREPROCESSOR_DEFINITIONS = (
					USE_FILE32API,
					"CC_ENABLE_CHIPMUNK_INTEGRATION=1",
				);
				GCC_SYMBOLS_PRIVATE_EXTERN = NO;
				HEADER_SEARCH_PATHS = "$(inherited)";
				INFOPLIST_FILE = ios/Info.plist;
				IPHONEOS_DEPLOYMENT_TARGET = 10.1;
				LIBRARY_SEARCH_PATHS = "";
				OTHER_LDFLAGS = (
					"$(_COCOS_LIB_IOS_BEGIN)",
					"$(_COCOS_LIB_IOS_END)",
				);
				SDKROOT = iphoneos;
				STRIP_PNG_TEXT = NO;
				TARGETED_DEVICE_FAMILY = "1,2";
				USER_HEADER_SEARCH_PATHS = "$(_COCOS_HEADER_IOS_BEGIN) $(_COCOS_HEADER_IOS_END)";
				VALID_ARCHS = "arm64 armv7";
			};
			name = Release;
		};
		5087E76D17EB910900C73F5D /* Debug */ = {
			isa = XCBuildConfiguration;
			buildSettings = {
				ALWAYS_SEARCH_USER_PATHS = YES;
				ARCHS = "$(ARCHS_STANDARD_64_BIT)";
				CLANG_CXX_LANGUAGE_STANDARD = "c++0x";
				CLANG_CXX_LIBRARY = "libc++";
				GCC_DYNAMIC_NO_PIC = NO;
				GCC_INLINES_ARE_PRIVATE_EXTERN = NO;
				GCC_PRECOMPILE_PREFIX_HEADER = YES;
				GCC_PREFIX_HEADER = mac/Prefix.pch;
				GCC_PREPROCESSOR_DEFINITIONS = (
					USE_FILE32API,
					"COCOS2D_DEBUG=1",
					"CC_ENABLE_CHIPMUNK_INTEGRATION=1",
				);
				GCC_SYMBOLS_PRIVATE_EXTERN = NO;
				HEADER_SEARCH_PATHS = (
					"$(inherited)",
					"$(SRCROOT)/../cocos2d/external/glfw3/include/mac",
				);
				INFOPLIST_FILE = mac/Info.plist;
				LIBRARY_SEARCH_PATHS = "";
				OTHER_LDFLAGS = (
					"$(_COCOS_LIB_MAC_BEGIN)",
					"$(_COCOS_LIB_MAC_END)",
				);
				USER_HEADER_SEARCH_PATHS = "$(_COCOS_HEADER_MAC_BEGIN) $(_COCOS_HEADER_MAC_END)";
			};
			name = Debug;
		};
		5087E76E17EB910900C73F5D /* Release */ = {
			isa = XCBuildConfiguration;
			buildSettings = {
				ALWAYS_SEARCH_USER_PATHS = YES;
				ARCHS = "$(ARCHS_STANDARD_64_BIT)";
				CLANG_CXX_LANGUAGE_STANDARD = "c++0x";
				CLANG_CXX_LIBRARY = "libc++";
				GCC_INLINES_ARE_PRIVATE_EXTERN = NO;
				GCC_PRECOMPILE_PREFIX_HEADER = YES;
				GCC_PREFIX_HEADER = mac/Prefix.pch;
				GCC_PREPROCESSOR_DEFINITIONS = (
					USE_FILE32API,
					"CC_ENABLE_CHIPMUNK_INTEGRATION=1",
				);
				GCC_SYMBOLS_PRIVATE_EXTERN = NO;
				HEADER_SEARCH_PATHS = (
					"$(inherited)",
					"$(SRCROOT)/../cocos2d/external/glfw3/include/mac",
				);
				INFOPLIST_FILE = mac/Info.plist;
				LIBRARY_SEARCH_PATHS = "";
				OTHER_LDFLAGS = (
					"$(_COCOS_LIB_MAC_BEGIN)",
					"$(_COCOS_LIB_MAC_END)",
				);
				USER_HEADER_SEARCH_PATHS = "$(_COCOS_HEADER_MAC_BEGIN) $(_COCOS_HEADER_MAC_END)";
			};
			name = Release;
		};
		C01FCF4F08A954540054247B /* Debug */ = {
			isa = XCBuildConfiguration;
			buildSettings = {
				CLANG_CXX_LANGUAGE_STANDARD = "c++0x";
				CLANG_CXX_LIBRARY = "libc++";
				COPY_PHASE_STRIP = NO;
				GCC_OPTIMIZATION_LEVEL = 0;
				GCC_WARN_ABOUT_RETURN_TYPE = YES;
				GCC_WARN_UNUSED_VARIABLE = YES;
				HEADER_SEARCH_PATHS = (
					"$(SRCROOT)/../cocos2d",
					"$(SRCROOT)/../cocos2d/cocos/audio/include",
					"$(SRCROOT)/../cocos2d/cocos",
					"$(SRCROOT)/../cocos2d/extensions",
					"$(SRCROOT)/../cocos2d/external",
					"$(SRCROOT)/../cocos2d/external/chipmunk/include/chipmunk",
				);
				IPHONEOS_DEPLOYMENT_TARGET = 10.1;
				MACOSX_DEPLOYMENT_TARGET = 10.7;
				ONLY_ACTIVE_ARCH = YES;
				PRODUCT_NAME = "$(TARGET_NAME)";
				SDKROOT = macosx;
			};
			name = Debug;
		};
		C01FCF5008A954540054247B /* Release */ = {
			isa = XCBuildConfiguration;
			buildSettings = {
				CLANG_CXX_LANGUAGE_STANDARD = "c++0x";
				CLANG_CXX_LIBRARY = "libc++";
				GCC_WARN_ABOUT_RETURN_TYPE = YES;
				GCC_WARN_UNUSED_VARIABLE = YES;
				HEADER_SEARCH_PATHS = (
					"$(SRCROOT)/../cocos2d",
					"$(SRCROOT)/../cocos2d/cocos/audio/include",
					"$(SRCROOT)/../cocos2d/cocos",
					"$(SRCROOT)/../cocos2d/extensions",
					"$(SRCROOT)/../cocos2d/external",
					"$(SRCROOT)/../cocos2d/external/chipmunk/include/chipmunk",
				);
				IPHONEOS_DEPLOYMENT_TARGET = 10.1;
				MACOSX_DEPLOYMENT_TARGET = 10.7;
				OTHER_CFLAGS = "-DNS_BLOCK_ASSERTIONS=1";
				PRODUCT_NAME = "$(TARGET_NAME)";
				SDKROOT = macosx;
				VALIDATE_PRODUCT = YES;
			};
			name = Release;
		};
/* End XCBuildConfiguration section */

/* Begin XCConfigurationList section */
		1D6058960D05DD3E006BFB54 /* Build configuration list for PBXNativeTarget "cocos2dx-mobile" */ = {
			isa = XCConfigurationList;
			buildConfigurations = (
				1D6058940D05DD3E006BFB54 /* Debug */,
				1D6058950D05DD3E006BFB54 /* Release */,
			);
			defaultConfigurationIsVisible = 0;
			defaultConfigurationName = Debug;
		};
		5087E76C17EB910900C73F5D /* Build configuration list for PBXNativeTarget "cocos2dx-desktop" */ = {
			isa = XCConfigurationList;
			buildConfigurations = (
				5087E76D17EB910900C73F5D /* Debug */,
				5087E76E17EB910900C73F5D /* Release */,
			);
			defaultConfigurationIsVisible = 0;
			defaultConfigurationName = Debug;
		};
		C01FCF4E08A954540054247B /* Build configuration list for PBXProject "cocos2dx" */ = {
			isa = XCConfigurationList;
			buildConfigurations = (
				C01FCF4F08A954540054247B /* Debug */,
				C01FCF5008A954540054247B /* Release */,
			);
			defaultConfigurationIsVisible = 0;
			defaultConfigurationName = Debug;
		};
/* End XCConfigurationList section */
	};
	rootObject = 29B97313FDCFA39411CA2CEA /* Project object */;
}
